{
  "version": 4,
  "terraform_version": "0.14.8",
  "serial": 10,
  "lineage": "49d2cd55-3528-0386-e871-14ce7653b55d",
  "outputs": {},
  "resources": [
    {
      "mode": "managed",
      "type": "aws_cloudwatch_log_group",
      "name": "test",
      "provider": "provider[\"registry.terraform.io/hashicorp/aws\"]",
      "instances": [
        {
          "schema_version": 0,
          "attributes": {
            "arn": "arn:aws:logs:us-east-1:317887603465:log-group:/aws/lambda/test",
            "id": "/aws/lambda/test",
            "kms_key_id": "",
            "name": "/aws/lambda/test",
            "name_prefix": null,
            "retention_in_days": 30,
            "tags": {}
          },
          "sensitive_attributes": [],
          "private": "bnVsbA=="
        }
      ]
    },
    {
      "mode": "managed",
      "type": "aws_iam_policy",
      "name": "lambda_default",
      "provider": "provider[\"registry.terraform.io/hashicorp/aws\"]",
      "instances": [
        {
          "schema_version": 0,
          "attributes": {
            "arn": "arn:aws:iam::317887603465:policy/lambda_default",
            "description": "IAM policy for the lambdas",
            "id": "arn:aws:iam::317887603465:policy/lambda_default",
            "name": "lambda_default",
            "name_prefix": null,
            "path": "/",
            "policy": "{\n  \"Version\": \"2012-10-17\",\n  \"Statement\": [\n    {\n      \"Action\": [\n        \"logs:CreateLogGroup\",\n        \"logs:CreateLogStream\",\n        \"logs:PutLogEvents\"\n      ],\n      \"Resource\": \"arn:aws:logs:*:*:*\",\n      \"Effect\": \"Allow\"\n    },\n    {\n      \"Action\": [\n        \"ssm:Get*\"\n      ],\n      \"Resource\": \"arn:aws:ssm:*:*\",\n      \"Effect\": \"Allow\"\n    },\n    {\n      \"Action\": [\n        \"dynamodb:*\"\n      ],\n      \"Resource\": \"arn:aws:dynamodb:*:*\",\n      \"Effect\": \"Allow\"\n    },\n    {\n      \"Action\": [\n        \"translate:TranslateText\"\n      ],\n      \"Resource\": \"*\",\n      \"Effect\": \"Allow\"\n    }\n  ]\n}\n"
          },
          "sensitive_attributes": [],
          "private": "bnVsbA=="
        }
      ]
    },
    {
      "mode": "managed",
      "type": "aws_iam_role",
      "name": "lambda_default",
      "provider": "provider[\"registry.terraform.io/hashicorp/aws\"]",
      "instances": [
        {
          "schema_version": 0,
          "attributes": {
            "arn": "arn:aws:iam::317887603465:role/lambda_default",
            "assume_role_policy": "{\"Version\":\"2012-10-17\",\"Statement\":[{\"Sid\":\"\",\"Effect\":\"Allow\",\"Principal\":{\"Service\":\"lambda.amazonaws.com\"},\"Action\":\"sts:AssumeRole\"}]}",
            "create_date": "2021-03-19T08:16:09Z",
            "description": "",
            "force_detach_policies": false,
            "id": "lambda_default",
            "inline_policy": [
              {
                "name": "",
                "policy": ""
              }
            ],
            "managed_policy_arns": [
              "arn:aws:iam::317887603465:policy/lambda_default"
            ],
            "max_session_duration": 3600,
            "name": "lambda_default",
            "name_prefix": null,
            "path": "/",
            "permissions_boundary": null,
            "tags": {},
            "unique_id": "AROAUUA4T4MEQ4NFRGBTU"
          },
          "sensitive_attributes": [],
          "private": "bnVsbA=="
        }
      ]
    },
    {
      "mode": "managed",
      "type": "aws_iam_role_policy_attachment",
      "name": "lambda_default",
      "provider": "provider[\"registry.terraform.io/hashicorp/aws\"]",
      "instances": [
        {
          "schema_version": 0,
          "attributes": {
            "id": "lambda_default-20210319081611999300000001",
            "policy_arn": "arn:aws:iam::317887603465:policy/lambda_default",
            "role": "lambda_default"
          },
          "sensitive_attributes": [],
          "private": "bnVsbA==",
          "dependencies": [
            "aws_iam_policy.lambda_default",
            "aws_iam_role.lambda_default"
          ]
        }
      ]
    },
    {
      "mode": "managed",
      "type": "aws_lambda_function",
      "name": "test",
      "provider": "provider[\"registry.terraform.io/hashicorp/aws\"]",
      "instances": [
        {
          "schema_version": 0,
          "attributes": {
            "arn": "arn:aws:lambda:us-east-1:317887603465:function:test",
            "code_signing_config_arn": "",
            "dead_letter_config": [],
            "description": "test Lambda",
            "environment": [
              {
                "variables": {
                  "SOME_TABLE_NAME": "foo"
                }
              }
            ],
            "file_system_config": [],
            "filename": "/Users/diogovasconcelos/repos/social_watcher_v2/backend/scripts/../.out/lambda_artifact.zip",
            "function_name": "test",
            "handler": ".build/src/handlers/test.lambdaHandler",
            "id": "test",
            "image_config": [],
            "image_uri": "",
            "invoke_arn": "arn:aws:apigateway:us-east-1:lambda:path/2015-03-31/functions/arn:aws:lambda:us-east-1:317887603465:function:test/invocations",
            "kms_key_arn": "",
            "last_modified": "2021-03-19T08:22:43.785+0000",
            "layers": [],
            "memory_size": 128,
            "package_type": "Zip",
            "publish": false,
            "qualified_arn": "arn:aws:lambda:us-east-1:317887603465:function:test:$LATEST",
            "reserved_concurrent_executions": -1,
            "role": "arn:aws:iam::317887603465:role/lambda_default",
            "runtime": "nodejs14.x",
            "s3_bucket": null,
            "s3_key": null,
            "s3_object_version": null,
            "signing_job_arn": "",
            "signing_profile_version_arn": "",
            "source_code_hash": "2HH7BQITPkxcXzhPiKj0/Z/yfvChWp9zYn27qiuEOK0=",
            "source_code_size": 10015832,
            "tags": {},
            "timeout": 3,
            "timeouts": null,
            "tracing_config": [
              {
                "mode": "PassThrough"
              }
            ],
            "version": "$LATEST",
            "vpc_config": []
          },
          "sensitive_attributes": [],
          "private": "eyJlMmJmYjczMC1lY2FhLTExZTYtOGY4OC0zNDM2M2JjN2M0YzAiOnsiY3JlYXRlIjo2MDAwMDAwMDAwMDB9fQ==",
          "dependencies": [
            "aws_cloudwatch_log_group.test",
            "aws_iam_role.lambda_default"
          ]
        }
      ]
    }
  ]
}
