{
  "version": 4,
  "terraform_version": "1.0.9",
  "serial": 5051,
  "lineage": "49d2cd55-3528-0386-e871-14ce7653b55d",
  "outputs": {
    "cognito_main_pool_client_id": {
      "value": "3am3e9e4ho7r9timp1ejv91np9",
      "type": "string"
    },
    "cognito_main_pool_user_id": {
      "value": "us-east-1_BGoxkHJoy",
      "type": "string"
    },
    "main_apigateway_base_url": {
      "value": "https://r2iyq5t3oe.execute-api.us-east-1.amazonaws.com/",
      "type": "string"
    },
    "main_apigateway_id": {
      "value": "r2iyq5t3oe",
      "type": "string"
    },
    "main_es_kibana_url": {
      "value": "search-main-4n3p5dmsencx7oqrf5p23qqocu.us-east-1.es.amazonaws.com/_plugin/kibana/",
      "type": "string"
    },
    "main_es_url": {
      "value": "search-main-4n3p5dmsencx7oqrf5p23qqocu.us-east-1.es.amazonaws.com",
      "type": "string"
    }
  },
  "resources": [
    {
      "mode": "data",
      "type": "template_file",
      "name": "main_api_openapi_spec_swagger",
      "provider": "provider[\"registry.terraform.io/hashicorp/template\"]",
      "instances": [
        {
          "schema_version": 0,
          "attributes": {
            "filename": null,
            "id": "52f6f16c08604be7108db2256834965e90fee740de6df615248dc0f653e2370a",
            "rendered": "openapi: 3.0.1\n\nx-types:\n  # DOESN'T WORK with APIGW (parser for yaml doesn't support \"\u003c\u003c\" merge syntax)\n  - \u0026APIGatewayIntegration\n    type: \"aws_proxy\"\n    httpMethod: \"POST\"\n    timeoutInMillis: 29000\n    credentials: arn:aws:iam::317887603465:role/main_api\n\ninfo:\n  version: 0.1\n  title: Main REST API\n\npaths:\n  /user:\n    get:\n      description: Get User\n      responses:\n        200:\n          description: A User\n          content:\n            application/json:\n              schema:\n                $ref: \"#/components/schemas/User\"\n      security:\n        - cognitoPool: []\n      x-amazon-apigateway-integration:\n        type: \"aws_proxy\"\n        httpMethod: \"POST\"\n        timeoutInMillis: 29000\n        credentials: arn:aws:iam::317887603465:role/main_api\n        uri: arn:aws:apigateway:us-east-1:lambda:path/2015-03-31/functions/arn:aws:lambda:us-east-1:317887603465:function:get_user/invocations\n\n    options:\n      x-amazon-apigateway-integration:\n        type: mock\n        requestTemplates:\n          application/json: \"{ 'statusCode': 200 }\"\n        responses:\n          default:\n            statusCode: \"200\"\n            responseParameters:\n              method.response.header.Access-Control-Allow-Headers: \"'Content-Type,X-Amz-Date,Authorization'\"\n              method.response.header.Access-Control-Allow-Methods: \"'*'\"\n              method.response.header.Access-Control-Allow-Origin: \"'*'\"\n      responses:\n        200:\n          $ref: \"#/components/responses/cors\"\n\n  /user/searchObject:\n    get:\n      description: Get Search Objects\n      responses:\n        200:\n          description: Search Objects list\n          content:\n            application/json:\n              schema:\n                $ref: \"#/components/schemas/SearchObjectsList\"\n      security:\n        - cognitoPool: []\n      x-amazon-apigateway-integration:\n        type: \"aws_proxy\"\n        httpMethod: \"POST\"\n        timeoutInMillis: 29000\n        credentials: arn:aws:iam::317887603465:role/main_api\n        uri: arn:aws:apigateway:us-east-1:lambda:path/2015-03-31/functions/arn:aws:lambda:us-east-1:317887603465:function:get_search_objects/invocations\n\n    post:\n      description: Create a new SearchObject of a user\n      requestBody:\n        required: true\n        content:\n          application/json:\n            schema:\n              $ref: \"#/components/schemas/UpdateSearchObjectRequestBody\"\n      responses:\n        200:\n          description: A SearchObject\n          content:\n            application/json:\n              schema:\n                $ref: \"#/components/schemas/SearchObject\"\n      security:\n        - cognitoPool: []\n      x-amazon-apigateway-integration:\n        type: \"aws_proxy\"\n        httpMethod: \"POST\"\n        timeoutInMillis: 29000\n        credentials: arn:aws:iam::317887603465:role/main_api\n        uri: arn:aws:apigateway:us-east-1:lambda:path/2015-03-31/functions/arn:aws:lambda:us-east-1:317887603465:function:create_search_object/invocations\n\n    options:\n      x-amazon-apigateway-integration:\n        type: mock\n        requestTemplates:\n          application/json: \"{ 'statusCode': 200 }\"\n        responses:\n          default:\n            statusCode: \"200\"\n            responseParameters:\n              method.response.header.Access-Control-Allow-Headers: \"'Content-Type,X-Amz-Date,Authorization'\"\n              method.response.header.Access-Control-Allow-Methods: \"'*'\"\n              method.response.header.Access-Control-Allow-Origin: \"'*'\"\n      responses:\n        200:\n          $ref: \"#/components/responses/cors\"\n\n  user/searchObject/default:\n    get:\n      description: Get a default SearchObject\n      responses:\n        200:\n          description: A SearchObject\n          content:\n            application/json:\n              schema:\n                $ref: \"#/components/schemas/SearchObject\"\n      security:\n        - cognitoPool: []\n      x-amazon-apigateway-integration:\n        type: \"aws_proxy\"\n        httpMethod: \"POST\"\n        timeoutInMillis: 29000\n        credentials: arn:aws:iam::317887603465:role/main_api\n        uri: arn:aws:apigateway:us-east-1:lambda:path/2015-03-31/functions/arn:aws:lambda:us-east-1:317887603465:function:get_default_search_object/invocations\n\n    options:\n      x-amazon-apigateway-integration:\n        type: mock\n        requestTemplates:\n          application/json: \"{ 'statusCode': 200 }\"\n        responses:\n          default:\n            statusCode: \"200\"\n            responseParameters:\n              method.response.header.Access-Control-Allow-Headers: \"'Content-Type,X-Amz-Date,Authorization'\"\n              method.response.header.Access-Control-Allow-Methods: \"'*'\"\n              method.response.header.Access-Control-Allow-Origin: \"'*'\"\n      responses:\n        200:\n          $ref: \"#/components/responses/cors\"\n\n  /user/searchObject/{index}:\n    parameters:\n      - $ref: \"#/components/parameters/searchObjectIndex\"\n\n    get:\n      description: Get specific SearchObject of a user\n      responses:\n        200:\n          description: A SearchObject\n          content:\n            application/json:\n              schema:\n                $ref: \"#/components/schemas/SearchObject\"\n      security:\n        - cognitoPool: []\n      x-amazon-apigateway-integration:\n        type: \"aws_proxy\"\n        httpMethod: \"POST\"\n        timeoutInMillis: 29000\n        credentials: arn:aws:iam::317887603465:role/main_api\n        uri: arn:aws:apigateway:us-east-1:lambda:path/2015-03-31/functions/arn:aws:lambda:us-east-1:317887603465:function:get_search_object/invocations\n\n    put:\n      description: Update SearchObject of a user\n      requestBody:\n        required: true\n        content:\n          application/json:\n            schema:\n              $ref: \"#/components/schemas/UpdateSearchObjectRequestBody\"\n      responses:\n        200:\n          description: A SearchObject\n          content:\n            application/json:\n              schema:\n                $ref: \"#/components/schemas/SearchObject\"\n      security:\n        - cognitoPool: []\n      x-amazon-apigateway-integration:\n        type: \"aws_proxy\"\n        httpMethod: \"POST\"\n        timeoutInMillis: 29000\n        credentials: arn:aws:iam::317887603465:role/main_api\n        uri: arn:aws:apigateway:us-east-1:lambda:path/2015-03-31/functions/arn:aws:lambda:us-east-1:317887603465:function:update_search_object/invocations\n\n    delete:\n      description: Delete SearchObject of a user\n      responses:\n        200:\n          description: The deleted SearchObject\n          content:\n            application/json:\n              schema:\n                $ref: \"#/components/schemas/SearchObject\"\n      security:\n        - cognitoPool: []\n      x-amazon-apigateway-integration:\n        type: \"aws_proxy\"\n        httpMethod: \"POST\"\n        timeoutInMillis: 29000\n        credentials: arn:aws:iam::317887603465:role/main_api\n        uri: arn:aws:apigateway:us-east-1:lambda:path/2015-03-31/functions/arn:aws:lambda:us-east-1:317887603465:function:delete_search_object/invocations\n\n    options:\n      x-amazon-apigateway-integration:\n        type: mock\n        requestTemplates:\n          application/json: \"{ 'statusCode': 200 }\"\n        responses:\n          default:\n            statusCode: \"200\"\n            responseParameters:\n              method.response.header.Access-Control-Allow-Headers: \"'Content-Type,X-Amz-Date,Authorization'\"\n              method.response.header.Access-Control-Allow-Methods: \"'*'\"\n              method.response.header.Access-Control-Allow-Origin: \"'*'\"\n      responses:\n        200:\n          $ref: \"#/components/responses/cors\"\n\n  /user/resultTag:\n    get:\n      description: Get Result Tags\n      responses:\n        200:\n          description: Result Tag list\n          content:\n            application/json:\n              schema:\n                $ref: \"#/components/schemas/ResultTagsList\"\n      security:\n        - cognitoPool: []\n      x-amazon-apigateway-integration:\n        type: \"aws_proxy\"\n        httpMethod: \"POST\"\n        timeoutInMillis: 29000\n        credentials: arn:aws:iam::317887603465:role/main_api\n        uri: arn:aws:apigateway:us-east-1:lambda:path/2015-03-31/functions/arn:aws:lambda:us-east-1:317887603465:function:get_result_tags/invocations\n\n    options:\n      x-amazon-apigateway-integration:\n        type: mock\n        requestTemplates:\n          application/json: \"{ 'statusCode': 200 }\"\n        responses:\n          default:\n            statusCode: \"200\"\n            responseParameters:\n              method.response.header.Access-Control-Allow-Headers: \"'Content-Type,X-Amz-Date,Authorization'\"\n              method.response.header.Access-Control-Allow-Methods: \"'*'\"\n              method.response.header.Access-Control-Allow-Origin: \"'*'\"\n      responses:\n        200:\n          $ref: \"#/components/responses/cors\"\n\n  /searchResult/{id}/tag/add:\n    parameters:\n      - $ref: \"#/components/parameters/SearchResultId\"\n\n    post:\n      description: Adds a user result tag to a search result\n      requestBody:\n        required: true\n        content:\n          application/json:\n            schema:\n              $ref: \"#/components/schemas/UpdateTagOnResultRequestBody\"\n      responses:\n        200:\n          description: A SearchResult\n          content:\n            application/json:\n              schema:\n                $ref: \"#/components/schemas/SearchResult\"\n      security:\n        - cognitoPool: []\n      x-amazon-apigateway-integration:\n        type: \"aws_proxy\"\n        httpMethod: \"POST\"\n        timeoutInMillis: 29000\n        credentials: arn:aws:iam::317887603465:role/main_api\n        uri: arn:aws:apigateway:us-east-1:lambda:path/2015-03-31/functions/arn:aws:lambda:us-east-1:317887603465:function:add_tag_to_result/invocations\n\n    options:\n      x-amazon-apigateway-integration:\n        type: mock\n        requestTemplates:\n          application/json: \"{ 'statusCode': 200 }\"\n        responses:\n          default:\n            statusCode: \"200\"\n            responseParameters:\n              method.response.header.Access-Control-Allow-Headers: \"'Content-Type,X-Amz-Date,Authorization'\"\n              method.response.header.Access-Control-Allow-Methods: \"'*'\"\n              method.response.header.Access-Control-Allow-Origin: \"'*'\"\n      responses:\n        200:\n          $ref: \"#/components/responses/cors\"\n\n  /searchResult/{id}/tag/remove:\n    parameters:\n      - $ref: \"#/components/parameters/SearchResultId\"\n\n    post:\n      description: Removes a user result tag from a search result\n      requestBody:\n        required: true\n        content:\n          application/json:\n            schema:\n              $ref: \"#/components/schemas/UpdateTagOnResultRequestBody\"\n      responses:\n        200:\n          description: A SearchResult\n          content:\n            application/json:\n              schema:\n                $ref: \"#/components/schemas/SearchResult\"\n      security:\n        - cognitoPool: []\n      x-amazon-apigateway-integration:\n        type: \"aws_proxy\"\n        httpMethod: \"POST\"\n        timeoutInMillis: 29000\n        credentials: arn:aws:iam::317887603465:role/main_api\n        uri: arn:aws:apigateway:us-east-1:lambda:path/2015-03-31/functions/arn:aws:lambda:us-east-1:317887603465:function:remove_tag_from_result/invocations\n\n    options:\n      x-amazon-apigateway-integration:\n        type: mock\n        requestTemplates:\n          application/json: \"{ 'statusCode': 200 }\"\n        responses:\n          default:\n            statusCode: \"200\"\n            responseParameters:\n              method.response.header.Access-Control-Allow-Headers: \"'Content-Type,X-Amz-Date,Authorization'\"\n              method.response.header.Access-Control-Allow-Methods: \"'*'\"\n              method.response.header.Access-Control-Allow-Origin: \"'*'\"\n      responses:\n        200:\n          $ref: \"#/components/responses/cors\"\n\n  /search:\n    post:\n      description: Search\n      requestBody:\n        required: true\n        content:\n          application/json:\n            schema:\n              $ref: \"#/components/schemas/SearchRequestBody\"\n      responses:\n        200:\n          description: Many SearchObjects\n          content:\n            application/json:\n              schema:\n                $ref: \"#/components/schemas/SearchResponse\"\n        400:\n          $ref: \"#/components/schemas/ErrorResponse\"\n        500:\n          $ref: \"#/components/schemas/ErrorResponse\"\n      security:\n        - cognitoPool: []\n      x-amazon-apigateway-integration:\n        type: \"aws_proxy\"\n        httpMethod: \"POST\"\n        timeoutInMillis: 29000\n        credentials: arn:aws:iam::317887603465:role/main_api\n        uri: arn:aws:apigateway:us-east-1:lambda:path/2015-03-31/functions/arn:aws:lambda:us-east-1:317887603465:function:search_endpoint/invocations\n\n    options:\n      x-amazon-apigateway-integration:\n        type: mock\n        requestTemplates:\n          application/json: \"{ 'statusCode': 200 }\"\n        responses:\n          default:\n            statusCode: \"200\"\n            responseParameters:\n              method.response.header.Access-Control-Allow-Headers: \"'Content-Type,X-Amz-Date,Authorization'\"\n              method.response.header.Access-Control-Allow-Methods: \"'*'\"\n              method.response.header.Access-Control-Allow-Origin: \"'*'\"\n      responses:\n        200:\n          $ref: \"#/components/responses/cors\"\n\n  /user/payments/create-portal:\n    post:\n      description: Create payments portal session and return url\n      requestBody:\n        required: true\n        content:\n          application/json:\n            schema:\n              $ref: \"#/components/schemas/CreatePaymentsPortalRequestBody\"\n      responses:\n        200:\n          description: Payments portal session url\n          content:\n            application/json:\n              schema:\n                $ref: \"#/components/schemas/CreatePaymentsPortalResponse\"\n        400:\n          $ref: \"#/components/schemas/ErrorResponse\"\n        500:\n          $ref: \"#/components/schemas/ErrorResponse\"\n      security:\n        - cognitoPool: []\n      x-amazon-apigateway-integration:\n        type: \"aws_proxy\"\n        httpMethod: \"POST\"\n        timeoutInMillis: 29000\n        credentials: arn:aws:iam::317887603465:role/main_api\n        uri: arn:aws:apigateway:us-east-1:lambda:path/2015-03-31/functions/arn:aws:lambda:us-east-1:317887603465:function:create_payments_portal/invocations\n\n    options:\n      x-amazon-apigateway-integration:\n        type: mock\n        requestTemplates:\n          application/json: \"{ 'statusCode': 200 }\"\n        responses:\n          default:\n            statusCode: \"200\"\n            responseParameters:\n              method.response.header.Access-Control-Allow-Headers: \"'Content-Type,X-Amz-Date,Authorization'\"\n              method.response.header.Access-Control-Allow-Methods: \"'*'\"\n              method.response.header.Access-Control-Allow-Origin: \"'*'\"\n      responses:\n        200:\n          $ref: \"#/components/responses/cors\"\n  /stripe-escondido-webhook:\n    post:\n      description: StripeWebhook\n      requestBody:\n        required: true\n        content:\n          application/json:\n            schema:\n              $ref: \"#/components/schemas/StripeWebhookRequestBody\"\n      responses:\n        200:\n          description: Acknowledge\n        400:\n          $ref: \"#/components/schemas/ErrorResponse\"\n        500:\n          $ref: \"#/components/schemas/ErrorResponse\"\n      x-amazon-apigateway-integration:\n        type: \"aws_proxy\"\n        httpMethod: \"POST\"\n        timeoutInMillis: 29000\n        credentials: arn:aws:iam::317887603465:role/main_api\n        uri: arn:aws:apigateway:us-east-1:lambda:path/2015-03-31/functions/arn:aws:lambda:us-east-1:317887603465:function:stripe_webhook/invocations\n\n# ++++++++++++++++++\n# + Generic config +\n\n#x-amazon-apigateway-gateway-responses:\n#  $ref: \"./gateway-responses.yaml\"\n\nx-amazon-apigateway-request-validators:\n  all:\n    validateRequestBody: true\n    validateRequestParameters: true\n\nx-amazon-apigateway-request-validator: all\n\n# ++++++++++++++\n# + COMPONENTS +\n# ++++++++++++++\n\ncomponents:\n  # +++++++++++\n  # + SCHEMAS +\n  schemas:\n    ErrorResponse:\n      description: Error processing the Request\n      content:\n        application/json:\n          schema:\n            type: object\n            required:\n              - error_code\n              - error_message\n            properties:\n              error_code:\n                type: string\n              error_message:\n                type: string\n\n    UserId:\n      type: string\n\n    User:\n      type: object\n      properties:\n        id:\n          $ref: \"#/components/schemas/UserId\"\n\n    SearchObjectIndex:\n      type: number\n\n    SearchObject:\n      type: object\n      properties:\n        index:\n          $ref: \"#/components/schemas/SearchObjectIndex\"\n\n    SearchObjectsList:\n      type: object\n      properties:\n        items:\n          type: array\n          items:\n            $ref: \"#/components/schemas/SearchObject\"\n\n    # probably not updated, annyoing to keep synched (used by create and update)\n    UpdateSearchObjectRequestBody:\n      type: object\n      required:\n        - keyword\n      properties:\n        keyword:\n          type: string\n        searchData:\n          type: object\n          required:\n            - twitter\n          properties:\n            twitter:\n              requred:\n                - enabledStatus\n              properties:\n                enabledStatus:\n                  type: string\n                  enum:\n                    - DISABLED\n                    - ENABLED\n\n    TagId:\n      type: string\n\n    ResultTag:\n      type: object\n      properties:\n        tagId:\n          $ref: \"#/components/schemas/TagId\"\n\n    ResultTagsList:\n      type: object\n      properties:\n        items:\n          type: array\n          items:\n            $ref: \"#/components/schemas/ResultTag\"\n\n    SearchResultId:\n      type: string\n\n    SearchResult:\n      type: object\n      properties:\n        id:\n          $ref: \"#/components/schemas/SearchResultId\"\n        keyword:\n          type: string\n        happenedAt:\n          type: string\n        socialMedia:\n          type: string\n\n    UpdateTagOnResultRequestBody:\n      type: object\n      required:\n        - tagId\n      properties:\n        tagId:\n          $ref: \"#/components/schemas/TagId\"\n\n    SearchRequestBody:\n      type: object\n      required:\n        - keyword\n      properties:\n        keyword:\n          type: string\n        pagination:\n          $ref: \"#/components/schemas/PaginationRequest\"\n\n    SearchResponse:\n      type: object\n      properties:\n        items:\n          type: array\n          items:\n            $ref: \"#/components/schemas/SearchResult\"\n        pagination:\n          $ref: \"#/components/schemas/PaginationResponse\"\n\n    PaginationRequest:\n      description: pagination request object\n      type: object\n      properties:\n        limit:\n          type: integer\n        offset:\n          type: integer\n\n    PaginationResponse:\n      description: pagination response object\n      type: object\n      properties:\n        limit:\n          type: integer\n        offset:\n          type: integer\n        count:\n          type: integer\n        total:\n          type: integer\n\n    CreatePaymentsPortalRequestBody:\n      description: portal session request object\n      type: object\n      required:\n        - returnUrl\n      properties:\n        returnUrl:\n          type: string\n\n    CreatePaymentsPortalResponse:\n      description: portal session response\n      type: object\n      required:\n        - sessionUrl\n      properties:\n        sessionUrl:\n          type: string\n\n    StripeWebhookRequestBody:\n      description: Event sent by Stripe\n      type: object\n\n  # ++++++++++++++\n  # + PARAMETERS +\n  parameters:\n    searchObjectIndex:\n      - name: index\n        in: path\n        required: true\n        schema:\n          $ref: \"#/components/schemas/SearchObjectIndex\"\n\n    searchResultId:\n      - name: id\n        in: path\n        required: true\n        schema:\n          $ref: \"#/components/schemas/searchResultId\"\n\n  # ++++++++++++++++++++\n  # + SECURITY-SCHEMES +\n  securitySchemes:\n    cognitoPool:\n      type: apiKey\n      name: Authorization\n      in: header\n      x-amazon-apigateway-authtype: cognito_user_pools\n      x-amazon-apigateway-authorizer:\n        type: cognito_user_pools\n        providerARNs:\n          - arn:aws:cognito-idp:us-east-1:317887603465:userpool/us-east-1_BGoxkHJoy\n\n  # +++++++++++++\n  # + RESPONSES +\n  responses:\n    cors:\n      description: Default response for CORS method\n      headers:\n        Access-Control-Allow-Headers:\n          schema:\n            type: \"string\"\n        Access-Control-Allow-Methods:\n          schema:\n            type: \"string\"\n        Access-Control-Allow-Origin:\n          schema:\n            type: \"string\"\n",
            "template": "openapi: 3.0.1\n\nx-types:\n  # DOESN'T WORK with APIGW (parser for yaml doesn't support \"\u003c\u003c\" merge syntax)\n  - \u0026APIGatewayIntegration\n    type: \"aws_proxy\"\n    httpMethod: \"POST\"\n    timeoutInMillis: 29000\n    credentials: ${main_api_role_arn}\n\ninfo:\n  version: 0.1\n  title: Main REST API\n\npaths:\n  /user:\n    get:\n      description: Get User\n      responses:\n        200:\n          description: A User\n          content:\n            application/json:\n              schema:\n                $ref: \"#/components/schemas/User\"\n      security:\n        - cognitoPool: []\n      x-amazon-apigateway-integration:\n        type: \"aws_proxy\"\n        httpMethod: \"POST\"\n        timeoutInMillis: 29000\n        credentials: ${main_api_role_arn}\n        uri: ${get_user_invoke_arn}\n\n    options:\n      x-amazon-apigateway-integration:\n        type: mock\n        requestTemplates:\n          application/json: \"{ 'statusCode': 200 }\"\n        responses:\n          default:\n            statusCode: \"200\"\n            responseParameters:\n              method.response.header.Access-Control-Allow-Headers: \"'Content-Type,X-Amz-Date,Authorization'\"\n              method.response.header.Access-Control-Allow-Methods: \"'*'\"\n              method.response.header.Access-Control-Allow-Origin: \"'*'\"\n      responses:\n        200:\n          $ref: \"#/components/responses/cors\"\n\n  /user/searchObject:\n    get:\n      description: Get Search Objects\n      responses:\n        200:\n          description: Search Objects list\n          content:\n            application/json:\n              schema:\n                $ref: \"#/components/schemas/SearchObjectsList\"\n      security:\n        - cognitoPool: []\n      x-amazon-apigateway-integration:\n        type: \"aws_proxy\"\n        httpMethod: \"POST\"\n        timeoutInMillis: 29000\n        credentials: ${main_api_role_arn}\n        uri: ${get_search_objects_invoke_arn}\n\n    post:\n      description: Create a new SearchObject of a user\n      requestBody:\n        required: true\n        content:\n          application/json:\n            schema:\n              $ref: \"#/components/schemas/UpdateSearchObjectRequestBody\"\n      responses:\n        200:\n          description: A SearchObject\n          content:\n            application/json:\n              schema:\n                $ref: \"#/components/schemas/SearchObject\"\n      security:\n        - cognitoPool: []\n      x-amazon-apigateway-integration:\n        type: \"aws_proxy\"\n        httpMethod: \"POST\"\n        timeoutInMillis: 29000\n        credentials: ${main_api_role_arn}\n        uri: ${create_search_object_invoke_arn}\n\n    options:\n      x-amazon-apigateway-integration:\n        type: mock\n        requestTemplates:\n          application/json: \"{ 'statusCode': 200 }\"\n        responses:\n          default:\n            statusCode: \"200\"\n            responseParameters:\n              method.response.header.Access-Control-Allow-Headers: \"'Content-Type,X-Amz-Date,Authorization'\"\n              method.response.header.Access-Control-Allow-Methods: \"'*'\"\n              method.response.header.Access-Control-Allow-Origin: \"'*'\"\n      responses:\n        200:\n          $ref: \"#/components/responses/cors\"\n\n  user/searchObject/default:\n    get:\n      description: Get a default SearchObject\n      responses:\n        200:\n          description: A SearchObject\n          content:\n            application/json:\n              schema:\n                $ref: \"#/components/schemas/SearchObject\"\n      security:\n        - cognitoPool: []\n      x-amazon-apigateway-integration:\n        type: \"aws_proxy\"\n        httpMethod: \"POST\"\n        timeoutInMillis: 29000\n        credentials: ${main_api_role_arn}\n        uri: ${get_default_search_object_invoke_arn}\n\n    options:\n      x-amazon-apigateway-integration:\n        type: mock\n        requestTemplates:\n          application/json: \"{ 'statusCode': 200 }\"\n        responses:\n          default:\n            statusCode: \"200\"\n            responseParameters:\n              method.response.header.Access-Control-Allow-Headers: \"'Content-Type,X-Amz-Date,Authorization'\"\n              method.response.header.Access-Control-Allow-Methods: \"'*'\"\n              method.response.header.Access-Control-Allow-Origin: \"'*'\"\n      responses:\n        200:\n          $ref: \"#/components/responses/cors\"\n\n  /user/searchObject/{index}:\n    parameters:\n      - $ref: \"#/components/parameters/searchObjectIndex\"\n\n    get:\n      description: Get specific SearchObject of a user\n      responses:\n        200:\n          description: A SearchObject\n          content:\n            application/json:\n              schema:\n                $ref: \"#/components/schemas/SearchObject\"\n      security:\n        - cognitoPool: []\n      x-amazon-apigateway-integration:\n        type: \"aws_proxy\"\n        httpMethod: \"POST\"\n        timeoutInMillis: 29000\n        credentials: ${main_api_role_arn}\n        uri: ${get_search_object_invoke_arn}\n\n    put:\n      description: Update SearchObject of a user\n      requestBody:\n        required: true\n        content:\n          application/json:\n            schema:\n              $ref: \"#/components/schemas/UpdateSearchObjectRequestBody\"\n      responses:\n        200:\n          description: A SearchObject\n          content:\n            application/json:\n              schema:\n                $ref: \"#/components/schemas/SearchObject\"\n      security:\n        - cognitoPool: []\n      x-amazon-apigateway-integration:\n        type: \"aws_proxy\"\n        httpMethod: \"POST\"\n        timeoutInMillis: 29000\n        credentials: ${main_api_role_arn}\n        uri: ${update_search_object_invoke_arn}\n\n    delete:\n      description: Delete SearchObject of a user\n      responses:\n        200:\n          description: The deleted SearchObject\n          content:\n            application/json:\n              schema:\n                $ref: \"#/components/schemas/SearchObject\"\n      security:\n        - cognitoPool: []\n      x-amazon-apigateway-integration:\n        type: \"aws_proxy\"\n        httpMethod: \"POST\"\n        timeoutInMillis: 29000\n        credentials: ${main_api_role_arn}\n        uri: ${delete_search_object_invoke_arn}\n\n    options:\n      x-amazon-apigateway-integration:\n        type: mock\n        requestTemplates:\n          application/json: \"{ 'statusCode': 200 }\"\n        responses:\n          default:\n            statusCode: \"200\"\n            responseParameters:\n              method.response.header.Access-Control-Allow-Headers: \"'Content-Type,X-Amz-Date,Authorization'\"\n              method.response.header.Access-Control-Allow-Methods: \"'*'\"\n              method.response.header.Access-Control-Allow-Origin: \"'*'\"\n      responses:\n        200:\n          $ref: \"#/components/responses/cors\"\n\n  /user/resultTag:\n    get:\n      description: Get Result Tags\n      responses:\n        200:\n          description: Result Tag list\n          content:\n            application/json:\n              schema:\n                $ref: \"#/components/schemas/ResultTagsList\"\n      security:\n        - cognitoPool: []\n      x-amazon-apigateway-integration:\n        type: \"aws_proxy\"\n        httpMethod: \"POST\"\n        timeoutInMillis: 29000\n        credentials: ${main_api_role_arn}\n        uri: ${get_result_tags_invoke_arn}\n\n    options:\n      x-amazon-apigateway-integration:\n        type: mock\n        requestTemplates:\n          application/json: \"{ 'statusCode': 200 }\"\n        responses:\n          default:\n            statusCode: \"200\"\n            responseParameters:\n              method.response.header.Access-Control-Allow-Headers: \"'Content-Type,X-Amz-Date,Authorization'\"\n              method.response.header.Access-Control-Allow-Methods: \"'*'\"\n              method.response.header.Access-Control-Allow-Origin: \"'*'\"\n      responses:\n        200:\n          $ref: \"#/components/responses/cors\"\n\n  /searchResult/{id}/tag/add:\n    parameters:\n      - $ref: \"#/components/parameters/SearchResultId\"\n\n    post:\n      description: Adds a user result tag to a search result\n      requestBody:\n        required: true\n        content:\n          application/json:\n            schema:\n              $ref: \"#/components/schemas/UpdateTagOnResultRequestBody\"\n      responses:\n        200:\n          description: A SearchResult\n          content:\n            application/json:\n              schema:\n                $ref: \"#/components/schemas/SearchResult\"\n      security:\n        - cognitoPool: []\n      x-amazon-apigateway-integration:\n        type: \"aws_proxy\"\n        httpMethod: \"POST\"\n        timeoutInMillis: 29000\n        credentials: ${main_api_role_arn}\n        uri: ${add_tag_to_result_invoke_arn}\n\n    options:\n      x-amazon-apigateway-integration:\n        type: mock\n        requestTemplates:\n          application/json: \"{ 'statusCode': 200 }\"\n        responses:\n          default:\n            statusCode: \"200\"\n            responseParameters:\n              method.response.header.Access-Control-Allow-Headers: \"'Content-Type,X-Amz-Date,Authorization'\"\n              method.response.header.Access-Control-Allow-Methods: \"'*'\"\n              method.response.header.Access-Control-Allow-Origin: \"'*'\"\n      responses:\n        200:\n          $ref: \"#/components/responses/cors\"\n\n  /searchResult/{id}/tag/remove:\n    parameters:\n      - $ref: \"#/components/parameters/SearchResultId\"\n\n    post:\n      description: Removes a user result tag from a search result\n      requestBody:\n        required: true\n        content:\n          application/json:\n            schema:\n              $ref: \"#/components/schemas/UpdateTagOnResultRequestBody\"\n      responses:\n        200:\n          description: A SearchResult\n          content:\n            application/json:\n              schema:\n                $ref: \"#/components/schemas/SearchResult\"\n      security:\n        - cognitoPool: []\n      x-amazon-apigateway-integration:\n        type: \"aws_proxy\"\n        httpMethod: \"POST\"\n        timeoutInMillis: 29000\n        credentials: ${main_api_role_arn}\n        uri: ${remove_tag_from_result_invoke_arn}\n\n    options:\n      x-amazon-apigateway-integration:\n        type: mock\n        requestTemplates:\n          application/json: \"{ 'statusCode': 200 }\"\n        responses:\n          default:\n            statusCode: \"200\"\n            responseParameters:\n              method.response.header.Access-Control-Allow-Headers: \"'Content-Type,X-Amz-Date,Authorization'\"\n              method.response.header.Access-Control-Allow-Methods: \"'*'\"\n              method.response.header.Access-Control-Allow-Origin: \"'*'\"\n      responses:\n        200:\n          $ref: \"#/components/responses/cors\"\n\n  /search:\n    post:\n      description: Search\n      requestBody:\n        required: true\n        content:\n          application/json:\n            schema:\n              $ref: \"#/components/schemas/SearchRequestBody\"\n      responses:\n        200:\n          description: Many SearchObjects\n          content:\n            application/json:\n              schema:\n                $ref: \"#/components/schemas/SearchResponse\"\n        400:\n          $ref: \"#/components/schemas/ErrorResponse\"\n        500:\n          $ref: \"#/components/schemas/ErrorResponse\"\n      security:\n        - cognitoPool: []\n      x-amazon-apigateway-integration:\n        type: \"aws_proxy\"\n        httpMethod: \"POST\"\n        timeoutInMillis: 29000\n        credentials: ${main_api_role_arn}\n        uri: ${search_endpoint_invoke_arn}\n\n    options:\n      x-amazon-apigateway-integration:\n        type: mock\n        requestTemplates:\n          application/json: \"{ 'statusCode': 200 }\"\n        responses:\n          default:\n            statusCode: \"200\"\n            responseParameters:\n              method.response.header.Access-Control-Allow-Headers: \"'Content-Type,X-Amz-Date,Authorization'\"\n              method.response.header.Access-Control-Allow-Methods: \"'*'\"\n              method.response.header.Access-Control-Allow-Origin: \"'*'\"\n      responses:\n        200:\n          $ref: \"#/components/responses/cors\"\n\n  /user/payments/create-portal:\n    post:\n      description: Create payments portal session and return url\n      requestBody:\n        required: true\n        content:\n          application/json:\n            schema:\n              $ref: \"#/components/schemas/CreatePaymentsPortalRequestBody\"\n      responses:\n        200:\n          description: Payments portal session url\n          content:\n            application/json:\n              schema:\n                $ref: \"#/components/schemas/CreatePaymentsPortalResponse\"\n        400:\n          $ref: \"#/components/schemas/ErrorResponse\"\n        500:\n          $ref: \"#/components/schemas/ErrorResponse\"\n      security:\n        - cognitoPool: []\n      x-amazon-apigateway-integration:\n        type: \"aws_proxy\"\n        httpMethod: \"POST\"\n        timeoutInMillis: 29000\n        credentials: ${main_api_role_arn}\n        uri: ${create_payments_portal_invoke_arn}\n\n    options:\n      x-amazon-apigateway-integration:\n        type: mock\n        requestTemplates:\n          application/json: \"{ 'statusCode': 200 }\"\n        responses:\n          default:\n            statusCode: \"200\"\n            responseParameters:\n              method.response.header.Access-Control-Allow-Headers: \"'Content-Type,X-Amz-Date,Authorization'\"\n              method.response.header.Access-Control-Allow-Methods: \"'*'\"\n              method.response.header.Access-Control-Allow-Origin: \"'*'\"\n      responses:\n        200:\n          $ref: \"#/components/responses/cors\"\n  /stripe-escondido-webhook:\n    post:\n      description: StripeWebhook\n      requestBody:\n        required: true\n        content:\n          application/json:\n            schema:\n              $ref: \"#/components/schemas/StripeWebhookRequestBody\"\n      responses:\n        200:\n          description: Acknowledge\n        400:\n          $ref: \"#/components/schemas/ErrorResponse\"\n        500:\n          $ref: \"#/components/schemas/ErrorResponse\"\n      x-amazon-apigateway-integration:\n        type: \"aws_proxy\"\n        httpMethod: \"POST\"\n        timeoutInMillis: 29000\n        credentials: ${main_api_role_arn}\n        uri: ${stripe_webhook_invoke_arn}\n\n# ++++++++++++++++++\n# + Generic config +\n\n#x-amazon-apigateway-gateway-responses:\n#  $ref: \"./gateway-responses.yaml\"\n\nx-amazon-apigateway-request-validators:\n  all:\n    validateRequestBody: true\n    validateRequestParameters: true\n\nx-amazon-apigateway-request-validator: all\n\n# ++++++++++++++\n# + COMPONENTS +\n# ++++++++++++++\n\ncomponents:\n  # +++++++++++\n  # + SCHEMAS +\n  schemas:\n    ErrorResponse:\n      description: Error processing the Request\n      content:\n        application/json:\n          schema:\n            type: object\n            required:\n              - error_code\n              - error_message\n            properties:\n              error_code:\n                type: string\n              error_message:\n                type: string\n\n    UserId:\n      type: string\n\n    User:\n      type: object\n      properties:\n        id:\n          $ref: \"#/components/schemas/UserId\"\n\n    SearchObjectIndex:\n      type: number\n\n    SearchObject:\n      type: object\n      properties:\n        index:\n          $ref: \"#/components/schemas/SearchObjectIndex\"\n\n    SearchObjectsList:\n      type: object\n      properties:\n        items:\n          type: array\n          items:\n            $ref: \"#/components/schemas/SearchObject\"\n\n    # probably not updated, annyoing to keep synched (used by create and update)\n    UpdateSearchObjectRequestBody:\n      type: object\n      required:\n        - keyword\n      properties:\n        keyword:\n          type: string\n        searchData:\n          type: object\n          required:\n            - twitter\n          properties:\n            twitter:\n              requred:\n                - enabledStatus\n              properties:\n                enabledStatus:\n                  type: string\n                  enum:\n                    - DISABLED\n                    - ENABLED\n\n    TagId:\n      type: string\n\n    ResultTag:\n      type: object\n      properties:\n        tagId:\n          $ref: \"#/components/schemas/TagId\"\n\n    ResultTagsList:\n      type: object\n      properties:\n        items:\n          type: array\n          items:\n            $ref: \"#/components/schemas/ResultTag\"\n\n    SearchResultId:\n      type: string\n\n    SearchResult:\n      type: object\n      properties:\n        id:\n          $ref: \"#/components/schemas/SearchResultId\"\n        keyword:\n          type: string\n        happenedAt:\n          type: string\n        socialMedia:\n          type: string\n\n    UpdateTagOnResultRequestBody:\n      type: object\n      required:\n        - tagId\n      properties:\n        tagId:\n          $ref: \"#/components/schemas/TagId\"\n\n    SearchRequestBody:\n      type: object\n      required:\n        - keyword\n      properties:\n        keyword:\n          type: string\n        pagination:\n          $ref: \"#/components/schemas/PaginationRequest\"\n\n    SearchResponse:\n      type: object\n      properties:\n        items:\n          type: array\n          items:\n            $ref: \"#/components/schemas/SearchResult\"\n        pagination:\n          $ref: \"#/components/schemas/PaginationResponse\"\n\n    PaginationRequest:\n      description: pagination request object\n      type: object\n      properties:\n        limit:\n          type: integer\n        offset:\n          type: integer\n\n    PaginationResponse:\n      description: pagination response object\n      type: object\n      properties:\n        limit:\n          type: integer\n        offset:\n          type: integer\n        count:\n          type: integer\n        total:\n          type: integer\n\n    CreatePaymentsPortalRequestBody:\n      description: portal session request object\n      type: object\n      required:\n        - returnUrl\n      properties:\n        returnUrl:\n          type: string\n\n    CreatePaymentsPortalResponse:\n      description: portal session response\n      type: object\n      required:\n        - sessionUrl\n      properties:\n        sessionUrl:\n          type: string\n\n    StripeWebhookRequestBody:\n      description: Event sent by Stripe\n      type: object\n\n  # ++++++++++++++\n  # + PARAMETERS +\n  parameters:\n    searchObjectIndex:\n      - name: index\n        in: path\n        required: true\n        schema:\n          $ref: \"#/components/schemas/SearchObjectIndex\"\n\n    searchResultId:\n      - name: id\n        in: path\n        required: true\n        schema:\n          $ref: \"#/components/schemas/searchResultId\"\n\n  # ++++++++++++++++++++\n  # + SECURITY-SCHEMES +\n  securitySchemes:\n    cognitoPool:\n      type: apiKey\n      name: Authorization\n      in: header\n      x-amazon-apigateway-authtype: cognito_user_pools\n      x-amazon-apigateway-authorizer:\n        type: cognito_user_pools\n        providerARNs:\n          - ${cognito_pool_auth_arn}\n\n  # +++++++++++++\n  # + RESPONSES +\n  responses:\n    cors:\n      description: Default response for CORS method\n      headers:\n        Access-Control-Allow-Headers:\n          schema:\n            type: \"string\"\n        Access-Control-Allow-Methods:\n          schema:\n            type: \"string\"\n        Access-Control-Allow-Origin:\n          schema:\n            type: \"string\"\n",
            "vars": {
              "add_tag_to_result_invoke_arn": "arn:aws:apigateway:us-east-1:lambda:path/2015-03-31/functions/arn:aws:lambda:us-east-1:317887603465:function:add_tag_to_result/invocations",
              "cognito_pool_auth_arn": "arn:aws:cognito-idp:us-east-1:317887603465:userpool/us-east-1_BGoxkHJoy",
              "create_payments_portal_invoke_arn": "arn:aws:apigateway:us-east-1:lambda:path/2015-03-31/functions/arn:aws:lambda:us-east-1:317887603465:function:create_payments_portal/invocations",
              "create_search_object_invoke_arn": "arn:aws:apigateway:us-east-1:lambda:path/2015-03-31/functions/arn:aws:lambda:us-east-1:317887603465:function:create_search_object/invocations",
              "delete_search_object_invoke_arn": "arn:aws:apigateway:us-east-1:lambda:path/2015-03-31/functions/arn:aws:lambda:us-east-1:317887603465:function:delete_search_object/invocations",
              "get_default_search_object_invoke_arn": "arn:aws:apigateway:us-east-1:lambda:path/2015-03-31/functions/arn:aws:lambda:us-east-1:317887603465:function:get_default_search_object/invocations",
              "get_result_tags_invoke_arn": "arn:aws:apigateway:us-east-1:lambda:path/2015-03-31/functions/arn:aws:lambda:us-east-1:317887603465:function:get_result_tags/invocations",
              "get_search_object_invoke_arn": "arn:aws:apigateway:us-east-1:lambda:path/2015-03-31/functions/arn:aws:lambda:us-east-1:317887603465:function:get_search_object/invocations",
              "get_search_objects_invoke_arn": "arn:aws:apigateway:us-east-1:lambda:path/2015-03-31/functions/arn:aws:lambda:us-east-1:317887603465:function:get_search_objects/invocations",
              "get_user_invoke_arn": "arn:aws:apigateway:us-east-1:lambda:path/2015-03-31/functions/arn:aws:lambda:us-east-1:317887603465:function:get_user/invocations",
              "main_api_role_arn": "arn:aws:iam::317887603465:role/main_api",
              "remove_tag_from_result_invoke_arn": "arn:aws:apigateway:us-east-1:lambda:path/2015-03-31/functions/arn:aws:lambda:us-east-1:317887603465:function:remove_tag_from_result/invocations",
              "search_endpoint_invoke_arn": "arn:aws:apigateway:us-east-1:lambda:path/2015-03-31/functions/arn:aws:lambda:us-east-1:317887603465:function:search_endpoint/invocations",
              "stripe_webhook_invoke_arn": "arn:aws:apigateway:us-east-1:lambda:path/2015-03-31/functions/arn:aws:lambda:us-east-1:317887603465:function:stripe_webhook/invocations",
              "update_search_object_invoke_arn": "arn:aws:apigateway:us-east-1:lambda:path/2015-03-31/functions/arn:aws:lambda:us-east-1:317887603465:function:update_search_object/invocations"
            }
          },
          "sensitive_attributes": []
        }
      ]
    },
    {
      "mode": "managed",
      "type": "aws_api_gateway_account",
      "name": "main_api",
      "provider": "provider[\"registry.terraform.io/hashicorp/aws\"]",
      "instances": [
        {
          "schema_version": 0,
          "attributes": {
            "cloudwatch_role_arn": "arn:aws:iam::317887603465:role/main_api",
            "id": "api-gateway-account",
            "throttle_settings": [
              {
                "burst_limit": 5000,
                "rate_limit": 10000
              }
            ]
          },
          "sensitive_attributes": [],
          "private": "bnVsbA==",
          "dependencies": [
            "aws_iam_role.main_api"
          ],
          "create_before_destroy": true
        }
      ]
    },
    {
      "mode": "managed",
      "type": "aws_api_gateway_authorizer",
      "name": "cognito_pool",
      "provider": "provider[\"registry.terraform.io/hashicorp/aws\"]",
      "instances": [
        {
          "schema_version": 0,
          "attributes": {
            "authorizer_credentials": "",
            "authorizer_result_ttl_in_seconds": 300,
            "authorizer_uri": "",
            "id": "znhj5h",
            "identity_source": "method.request.header.Authorization",
            "identity_validation_expression": "",
            "name": "cognito_pool",
            "provider_arns": [
              "arn:aws:cognito-idp:us-east-1:317887603465:userpool/us-east-1_BGoxkHJoy"
            ],
            "rest_api_id": "r2iyq5t3oe",
            "type": "COGNITO_USER_POOLS"
          },
          "sensitive_attributes": [],
          "private": "bnVsbA==",
          "dependencies": [
            "aws_lambda_function.get_default_search_object",
            "aws_cloudwatch_log_group.update_search_object",
            "aws_dynamodb_table.keywords",
            "aws_lambda_function.add_tag_to_result",
            "aws_sqs_queue.sync_search_results_to_es",
            "aws_cloudwatch_log_group.get_result_tags",
            "aws_cloudwatch_log_group.stripe_webhook",
            "aws_iam_role.main_api",
            "aws_lambda_function.create_search_object",
            "aws_lambda_function.delete_search_object",
            "aws_lambda_function.get_search_object",
            "aws_sqs_queue.search_results_notifications_dlq",
            "aws_cloudwatch_log_group.get_user",
            "aws_lambda_function.remove_tag_from_result",
            "aws_lambda_function.search_endpoint",
            "data.template_file.main_api_openapi_spec_swagger",
            "aws_cloudwatch_log_group.create_search_object",
            "aws_cloudwatch_log_group.get_search_objects",
            "aws_iam_role.lambda_default",
            "aws_lambda_function.get_result_tags",
            "aws_lambda_function.stripe_webhook",
            "aws_lambda_function.update_search_object",
            "aws_sqs_queue.search_results_notifications",
            "aws_cloudwatch_log_group.delete_search_object",
            "aws_cloudwatch_log_group.cognito_pre_signup",
            "aws_cloudwatch_log_group.get_default_search_object",
            "aws_cloudwatch_log_group.search_endpoint",
            "aws_cognito_user_pool.main_pool",
            "aws_lambda_function.cognito_pre_signup",
            "aws_api_gateway_rest_api.main_api",
            "aws_dynamodb_table.users",
            "aws_elasticsearch_domain.main",
            "aws_lambda_function.create_payments_portal",
            "aws_lambda_function.get_search_objects",
            "aws_sqs_queue.sync_search_results_to_es_dlq",
            "aws_cloudwatch_log_group.remove_tag_from_result",
            "aws_cloudwatch_log_group.create_payments_portal",
            "aws_cloudwatch_log_group.get_search_object",
            "aws_dynamodb_table.search_results",
            "aws_lambda_function.get_user",
            "aws_cloudwatch_log_group.add_tag_to_result"
          ]
        }
      ]
    },
    {
      "mode": "managed",
      "type": "aws_api_gateway_deployment",
      "name": "main_api",
      "provider": "provider[\"registry.terraform.io/hashicorp/aws\"]",
      "instances": [
        {
          "schema_version": 0,
          "attributes": {
            "created_date": "2021-10-25T16:32:48Z",
            "description": "",
            "execution_arn": "arn:aws:execute-api:us-east-1:317887603465:r2iyq5t3oe/",
            "id": "fozj24",
            "invoke_url": "https://r2iyq5t3oe.execute-api.us-east-1.amazonaws.com/",
            "rest_api_id": "r2iyq5t3oe",
            "stage_description": null,
            "stage_name": null,
            "triggers": {
              "redeployment": "8bd1dae1c134eaa533e61935b156452be7128bc3"
            },
            "variables": null
          },
          "sensitive_attributes": [],
          "private": "bnVsbA==",
          "dependencies": [
            "aws_api_gateway_account.main_api",
            "aws_api_gateway_rest_api.main_api",
            "aws_cloudwatch_log_group.add_tag_to_result",
            "aws_cloudwatch_log_group.cognito_pre_signup",
            "aws_cloudwatch_log_group.create_payments_portal",
            "aws_cloudwatch_log_group.create_search_object",
            "aws_cloudwatch_log_group.delete_search_object",
            "aws_cloudwatch_log_group.get_default_search_object",
            "aws_cloudwatch_log_group.get_result_tags",
            "aws_cloudwatch_log_group.get_search_object",
            "aws_cloudwatch_log_group.get_search_objects",
            "aws_cloudwatch_log_group.get_user",
            "aws_cloudwatch_log_group.main_api",
            "aws_cloudwatch_log_group.remove_tag_from_result",
            "aws_cloudwatch_log_group.search_endpoint",
            "aws_cloudwatch_log_group.stripe_webhook",
            "aws_cloudwatch_log_group.update_search_object",
            "aws_cognito_user_pool.main_pool",
            "aws_dynamodb_table.keywords",
            "aws_dynamodb_table.search_results",
            "aws_dynamodb_table.users",
            "aws_elasticsearch_domain.main",
            "aws_iam_role.lambda_default",
            "aws_iam_role.main_api",
            "aws_lambda_function.add_tag_to_result",
            "aws_lambda_function.cognito_pre_signup",
            "aws_lambda_function.create_payments_portal",
            "aws_lambda_function.create_search_object",
            "aws_lambda_function.delete_search_object",
            "aws_lambda_function.get_default_search_object",
            "aws_lambda_function.get_result_tags",
            "aws_lambda_function.get_search_object",
            "aws_lambda_function.get_search_objects",
            "aws_lambda_function.get_user",
            "aws_lambda_function.remove_tag_from_result",
            "aws_lambda_function.search_endpoint",
            "aws_lambda_function.stripe_webhook",
            "aws_lambda_function.update_search_object",
            "aws_sqs_queue.search_results_notifications",
            "aws_sqs_queue.sync_search_results_to_es",
            "data.template_file.main_api_openapi_spec_swagger"
          ],
          "create_before_destroy": true
        }
      ]
    },
    {
      "mode": "managed",
      "type": "aws_api_gateway_method_settings",
      "name": "main_api",
      "provider": "provider[\"registry.terraform.io/hashicorp/aws\"]",
      "instances": [
        {
          "schema_version": 0,
          "attributes": {
            "id": "r2iyq5t3oe-api-*/*",
            "method_path": "*/*",
            "rest_api_id": "r2iyq5t3oe",
            "settings": [
              {
                "cache_data_encrypted": false,
                "cache_ttl_in_seconds": 300,
                "caching_enabled": false,
                "data_trace_enabled": true,
                "logging_level": "INFO",
                "metrics_enabled": true,
                "require_authorization_for_cache_control": true,
                "throttling_burst_limit": -1,
                "throttling_rate_limit": -1,
                "unauthorized_cache_control_header_strategy": "SUCCEED_WITH_RESPONSE_HEADER"
              }
            ],
            "stage_name": "api"
          },
          "sensitive_attributes": [],
          "private": "bnVsbA==",
          "dependencies": [
            "aws_cloudwatch_log_group.create_search_object",
            "aws_cloudwatch_log_group.get_search_object",
            "aws_cloudwatch_log_group.get_user",
            "aws_lambda_function.get_search_object",
            "aws_cloudwatch_log_group.delete_search_object",
            "aws_cloudwatch_log_group.get_default_search_object",
            "aws_lambda_function.stripe_webhook",
            "aws_cloudwatch_log_group.update_search_object",
            "aws_elasticsearch_domain.main",
            "aws_lambda_function.remove_tag_from_result",
            "aws_cloudwatch_log_group.search_endpoint",
            "aws_cognito_user_pool.main_pool",
            "aws_lambda_function.get_user",
            "aws_lambda_function.update_search_object",
            "aws_lambda_function.add_tag_to_result",
            "aws_lambda_function.get_search_objects",
            "aws_lambda_function.search_endpoint",
            "aws_sqs_queue.search_results_notifications_dlq",
            "aws_api_gateway_deployment.main_api",
            "aws_cloudwatch_log_group.cognito_pre_signup",
            "aws_cloudwatch_log_group.create_payments_portal",
            "aws_dynamodb_table.search_results",
            "aws_sqs_queue.sync_search_results_to_es",
            "data.template_file.main_api_openapi_spec_swagger",
            "aws_sqs_queue.sync_search_results_to_es_dlq",
            "aws_api_gateway_account.main_api",
            "aws_cloudwatch_log_group.main_api",
            "aws_cloudwatch_log_group.stripe_webhook",
            "aws_lambda_function.delete_search_object",
            "aws_dynamodb_table.keywords",
            "aws_dynamodb_table.users",
            "aws_lambda_function.get_default_search_object",
            "aws_lambda_function.get_result_tags",
            "aws_api_gateway_stage.main_api",
            "aws_cloudwatch_log_group.add_tag_to_result",
            "aws_cloudwatch_log_group.get_result_tags",
            "aws_cloudwatch_log_group.remove_tag_from_result",
            "aws_lambda_function.cognito_pre_signup",
            "aws_lambda_function.create_payments_portal",
            "aws_lambda_function.create_search_object",
            "aws_sqs_queue.search_results_notifications",
            "aws_api_gateway_rest_api.main_api",
            "aws_cloudwatch_log_group.get_search_objects",
            "aws_iam_role.lambda_default",
            "aws_iam_role.main_api"
          ]
        }
      ]
    },
    {
      "mode": "managed",
      "type": "aws_api_gateway_rest_api",
      "name": "main_api",
      "provider": "provider[\"registry.terraform.io/hashicorp/aws\"]",
      "instances": [
        {
          "schema_version": 0,
          "attributes": {
            "api_key_source": "HEADER",
            "arn": "arn:aws:apigateway:us-east-1::/restapis/r2iyq5t3oe",
            "binary_media_types": [],
            "body": "openapi: 3.0.1\n\nx-types:\n  # DOESN'T WORK with APIGW (parser for yaml doesn't support \"\u003c\u003c\" merge syntax)\n  - \u0026APIGatewayIntegration\n    type: \"aws_proxy\"\n    httpMethod: \"POST\"\n    timeoutInMillis: 29000\n    credentials: arn:aws:iam::317887603465:role/main_api\n\ninfo:\n  version: 0.1\n  title: Main REST API\n\npaths:\n  /user:\n    get:\n      description: Get User\n      responses:\n        200:\n          description: A User\n          content:\n            application/json:\n              schema:\n                $ref: \"#/components/schemas/User\"\n      security:\n        - cognitoPool: []\n      x-amazon-apigateway-integration:\n        type: \"aws_proxy\"\n        httpMethod: \"POST\"\n        timeoutInMillis: 29000\n        credentials: arn:aws:iam::317887603465:role/main_api\n        uri: arn:aws:apigateway:us-east-1:lambda:path/2015-03-31/functions/arn:aws:lambda:us-east-1:317887603465:function:get_user/invocations\n\n    options:\n      x-amazon-apigateway-integration:\n        type: mock\n        requestTemplates:\n          application/json: \"{ 'statusCode': 200 }\"\n        responses:\n          default:\n            statusCode: \"200\"\n            responseParameters:\n              method.response.header.Access-Control-Allow-Headers: \"'Content-Type,X-Amz-Date,Authorization'\"\n              method.response.header.Access-Control-Allow-Methods: \"'*'\"\n              method.response.header.Access-Control-Allow-Origin: \"'*'\"\n      responses:\n        200:\n          $ref: \"#/components/responses/cors\"\n\n  /user/searchObject:\n    get:\n      description: Get Search Objects\n      responses:\n        200:\n          description: Search Objects list\n          content:\n            application/json:\n              schema:\n                $ref: \"#/components/schemas/SearchObjectsList\"\n      security:\n        - cognitoPool: []\n      x-amazon-apigateway-integration:\n        type: \"aws_proxy\"\n        httpMethod: \"POST\"\n        timeoutInMillis: 29000\n        credentials: arn:aws:iam::317887603465:role/main_api\n        uri: arn:aws:apigateway:us-east-1:lambda:path/2015-03-31/functions/arn:aws:lambda:us-east-1:317887603465:function:get_search_objects/invocations\n\n    post:\n      description: Create a new SearchObject of a user\n      requestBody:\n        required: true\n        content:\n          application/json:\n            schema:\n              $ref: \"#/components/schemas/UpdateSearchObjectRequestBody\"\n      responses:\n        200:\n          description: A SearchObject\n          content:\n            application/json:\n              schema:\n                $ref: \"#/components/schemas/SearchObject\"\n      security:\n        - cognitoPool: []\n      x-amazon-apigateway-integration:\n        type: \"aws_proxy\"\n        httpMethod: \"POST\"\n        timeoutInMillis: 29000\n        credentials: arn:aws:iam::317887603465:role/main_api\n        uri: arn:aws:apigateway:us-east-1:lambda:path/2015-03-31/functions/arn:aws:lambda:us-east-1:317887603465:function:create_search_object/invocations\n\n    options:\n      x-amazon-apigateway-integration:\n        type: mock\n        requestTemplates:\n          application/json: \"{ 'statusCode': 200 }\"\n        responses:\n          default:\n            statusCode: \"200\"\n            responseParameters:\n              method.response.header.Access-Control-Allow-Headers: \"'Content-Type,X-Amz-Date,Authorization'\"\n              method.response.header.Access-Control-Allow-Methods: \"'*'\"\n              method.response.header.Access-Control-Allow-Origin: \"'*'\"\n      responses:\n        200:\n          $ref: \"#/components/responses/cors\"\n\n  user/searchObject/default:\n    get:\n      description: Get a default SearchObject\n      responses:\n        200:\n          description: A SearchObject\n          content:\n            application/json:\n              schema:\n                $ref: \"#/components/schemas/SearchObject\"\n      security:\n        - cognitoPool: []\n      x-amazon-apigateway-integration:\n        type: \"aws_proxy\"\n        httpMethod: \"POST\"\n        timeoutInMillis: 29000\n        credentials: arn:aws:iam::317887603465:role/main_api\n        uri: arn:aws:apigateway:us-east-1:lambda:path/2015-03-31/functions/arn:aws:lambda:us-east-1:317887603465:function:get_default_search_object/invocations\n\n    options:\n      x-amazon-apigateway-integration:\n        type: mock\n        requestTemplates:\n          application/json: \"{ 'statusCode': 200 }\"\n        responses:\n          default:\n            statusCode: \"200\"\n            responseParameters:\n              method.response.header.Access-Control-Allow-Headers: \"'Content-Type,X-Amz-Date,Authorization'\"\n              method.response.header.Access-Control-Allow-Methods: \"'*'\"\n              method.response.header.Access-Control-Allow-Origin: \"'*'\"\n      responses:\n        200:\n          $ref: \"#/components/responses/cors\"\n\n  /user/searchObject/{index}:\n    parameters:\n      - $ref: \"#/components/parameters/searchObjectIndex\"\n\n    get:\n      description: Get specific SearchObject of a user\n      responses:\n        200:\n          description: A SearchObject\n          content:\n            application/json:\n              schema:\n                $ref: \"#/components/schemas/SearchObject\"\n      security:\n        - cognitoPool: []\n      x-amazon-apigateway-integration:\n        type: \"aws_proxy\"\n        httpMethod: \"POST\"\n        timeoutInMillis: 29000\n        credentials: arn:aws:iam::317887603465:role/main_api\n        uri: arn:aws:apigateway:us-east-1:lambda:path/2015-03-31/functions/arn:aws:lambda:us-east-1:317887603465:function:get_search_object/invocations\n\n    put:\n      description: Update SearchObject of a user\n      requestBody:\n        required: true\n        content:\n          application/json:\n            schema:\n              $ref: \"#/components/schemas/UpdateSearchObjectRequestBody\"\n      responses:\n        200:\n          description: A SearchObject\n          content:\n            application/json:\n              schema:\n                $ref: \"#/components/schemas/SearchObject\"\n      security:\n        - cognitoPool: []\n      x-amazon-apigateway-integration:\n        type: \"aws_proxy\"\n        httpMethod: \"POST\"\n        timeoutInMillis: 29000\n        credentials: arn:aws:iam::317887603465:role/main_api\n        uri: arn:aws:apigateway:us-east-1:lambda:path/2015-03-31/functions/arn:aws:lambda:us-east-1:317887603465:function:update_search_object/invocations\n\n    delete:\n      description: Delete SearchObject of a user\n      responses:\n        200:\n          description: The deleted SearchObject\n          content:\n            application/json:\n              schema:\n                $ref: \"#/components/schemas/SearchObject\"\n      security:\n        - cognitoPool: []\n      x-amazon-apigateway-integration:\n        type: \"aws_proxy\"\n        httpMethod: \"POST\"\n        timeoutInMillis: 29000\n        credentials: arn:aws:iam::317887603465:role/main_api\n        uri: arn:aws:apigateway:us-east-1:lambda:path/2015-03-31/functions/arn:aws:lambda:us-east-1:317887603465:function:delete_search_object/invocations\n\n    options:\n      x-amazon-apigateway-integration:\n        type: mock\n        requestTemplates:\n          application/json: \"{ 'statusCode': 200 }\"\n        responses:\n          default:\n            statusCode: \"200\"\n            responseParameters:\n              method.response.header.Access-Control-Allow-Headers: \"'Content-Type,X-Amz-Date,Authorization'\"\n              method.response.header.Access-Control-Allow-Methods: \"'*'\"\n              method.response.header.Access-Control-Allow-Origin: \"'*'\"\n      responses:\n        200:\n          $ref: \"#/components/responses/cors\"\n\n  /user/resultTag:\n    get:\n      description: Get Result Tags\n      responses:\n        200:\n          description: Result Tag list\n          content:\n            application/json:\n              schema:\n                $ref: \"#/components/schemas/ResultTagsList\"\n      security:\n        - cognitoPool: []\n      x-amazon-apigateway-integration:\n        type: \"aws_proxy\"\n        httpMethod: \"POST\"\n        timeoutInMillis: 29000\n        credentials: arn:aws:iam::317887603465:role/main_api\n        uri: arn:aws:apigateway:us-east-1:lambda:path/2015-03-31/functions/arn:aws:lambda:us-east-1:317887603465:function:get_result_tags/invocations\n\n    options:\n      x-amazon-apigateway-integration:\n        type: mock\n        requestTemplates:\n          application/json: \"{ 'statusCode': 200 }\"\n        responses:\n          default:\n            statusCode: \"200\"\n            responseParameters:\n              method.response.header.Access-Control-Allow-Headers: \"'Content-Type,X-Amz-Date,Authorization'\"\n              method.response.header.Access-Control-Allow-Methods: \"'*'\"\n              method.response.header.Access-Control-Allow-Origin: \"'*'\"\n      responses:\n        200:\n          $ref: \"#/components/responses/cors\"\n\n  /searchResult/{id}/tag/add:\n    parameters:\n      - $ref: \"#/components/parameters/SearchResultId\"\n\n    post:\n      description: Adds a user result tag to a search result\n      requestBody:\n        required: true\n        content:\n          application/json:\n            schema:\n              $ref: \"#/components/schemas/UpdateTagOnResultRequestBody\"\n      responses:\n        200:\n          description: A SearchResult\n          content:\n            application/json:\n              schema:\n                $ref: \"#/components/schemas/SearchResult\"\n      security:\n        - cognitoPool: []\n      x-amazon-apigateway-integration:\n        type: \"aws_proxy\"\n        httpMethod: \"POST\"\n        timeoutInMillis: 29000\n        credentials: arn:aws:iam::317887603465:role/main_api\n        uri: arn:aws:apigateway:us-east-1:lambda:path/2015-03-31/functions/arn:aws:lambda:us-east-1:317887603465:function:add_tag_to_result/invocations\n\n    options:\n      x-amazon-apigateway-integration:\n        type: mock\n        requestTemplates:\n          application/json: \"{ 'statusCode': 200 }\"\n        responses:\n          default:\n            statusCode: \"200\"\n            responseParameters:\n              method.response.header.Access-Control-Allow-Headers: \"'Content-Type,X-Amz-Date,Authorization'\"\n              method.response.header.Access-Control-Allow-Methods: \"'*'\"\n              method.response.header.Access-Control-Allow-Origin: \"'*'\"\n      responses:\n        200:\n          $ref: \"#/components/responses/cors\"\n\n  /searchResult/{id}/tag/remove:\n    parameters:\n      - $ref: \"#/components/parameters/SearchResultId\"\n\n    post:\n      description: Removes a user result tag from a search result\n      requestBody:\n        required: true\n        content:\n          application/json:\n            schema:\n              $ref: \"#/components/schemas/UpdateTagOnResultRequestBody\"\n      responses:\n        200:\n          description: A SearchResult\n          content:\n            application/json:\n              schema:\n                $ref: \"#/components/schemas/SearchResult\"\n      security:\n        - cognitoPool: []\n      x-amazon-apigateway-integration:\n        type: \"aws_proxy\"\n        httpMethod: \"POST\"\n        timeoutInMillis: 29000\n        credentials: arn:aws:iam::317887603465:role/main_api\n        uri: arn:aws:apigateway:us-east-1:lambda:path/2015-03-31/functions/arn:aws:lambda:us-east-1:317887603465:function:remove_tag_from_result/invocations\n\n    options:\n      x-amazon-apigateway-integration:\n        type: mock\n        requestTemplates:\n          application/json: \"{ 'statusCode': 200 }\"\n        responses:\n          default:\n            statusCode: \"200\"\n            responseParameters:\n              method.response.header.Access-Control-Allow-Headers: \"'Content-Type,X-Amz-Date,Authorization'\"\n              method.response.header.Access-Control-Allow-Methods: \"'*'\"\n              method.response.header.Access-Control-Allow-Origin: \"'*'\"\n      responses:\n        200:\n          $ref: \"#/components/responses/cors\"\n\n  /search:\n    post:\n      description: Search\n      requestBody:\n        required: true\n        content:\n          application/json:\n            schema:\n              $ref: \"#/components/schemas/SearchRequestBody\"\n      responses:\n        200:\n          description: Many SearchObjects\n          content:\n            application/json:\n              schema:\n                $ref: \"#/components/schemas/SearchResponse\"\n        400:\n          $ref: \"#/components/schemas/ErrorResponse\"\n        500:\n          $ref: \"#/components/schemas/ErrorResponse\"\n      security:\n        - cognitoPool: []\n      x-amazon-apigateway-integration:\n        type: \"aws_proxy\"\n        httpMethod: \"POST\"\n        timeoutInMillis: 29000\n        credentials: arn:aws:iam::317887603465:role/main_api\n        uri: arn:aws:apigateway:us-east-1:lambda:path/2015-03-31/functions/arn:aws:lambda:us-east-1:317887603465:function:search_endpoint/invocations\n\n    options:\n      x-amazon-apigateway-integration:\n        type: mock\n        requestTemplates:\n          application/json: \"{ 'statusCode': 200 }\"\n        responses:\n          default:\n            statusCode: \"200\"\n            responseParameters:\n              method.response.header.Access-Control-Allow-Headers: \"'Content-Type,X-Amz-Date,Authorization'\"\n              method.response.header.Access-Control-Allow-Methods: \"'*'\"\n              method.response.header.Access-Control-Allow-Origin: \"'*'\"\n      responses:\n        200:\n          $ref: \"#/components/responses/cors\"\n\n  /user/payments/create-portal:\n    post:\n      description: Create payments portal session and return url\n      requestBody:\n        required: true\n        content:\n          application/json:\n            schema:\n              $ref: \"#/components/schemas/CreatePaymentsPortalRequestBody\"\n      responses:\n        200:\n          description: Payments portal session url\n          content:\n            application/json:\n              schema:\n                $ref: \"#/components/schemas/CreatePaymentsPortalResponse\"\n        400:\n          $ref: \"#/components/schemas/ErrorResponse\"\n        500:\n          $ref: \"#/components/schemas/ErrorResponse\"\n      security:\n        - cognitoPool: []\n      x-amazon-apigateway-integration:\n        type: \"aws_proxy\"\n        httpMethod: \"POST\"\n        timeoutInMillis: 29000\n        credentials: arn:aws:iam::317887603465:role/main_api\n        uri: arn:aws:apigateway:us-east-1:lambda:path/2015-03-31/functions/arn:aws:lambda:us-east-1:317887603465:function:create_payments_portal/invocations\n\n    options:\n      x-amazon-apigateway-integration:\n        type: mock\n        requestTemplates:\n          application/json: \"{ 'statusCode': 200 }\"\n        responses:\n          default:\n            statusCode: \"200\"\n            responseParameters:\n              method.response.header.Access-Control-Allow-Headers: \"'Content-Type,X-Amz-Date,Authorization'\"\n              method.response.header.Access-Control-Allow-Methods: \"'*'\"\n              method.response.header.Access-Control-Allow-Origin: \"'*'\"\n      responses:\n        200:\n          $ref: \"#/components/responses/cors\"\n  /stripe-escondido-webhook:\n    post:\n      description: StripeWebhook\n      requestBody:\n        required: true\n        content:\n          application/json:\n            schema:\n              $ref: \"#/components/schemas/StripeWebhookRequestBody\"\n      responses:\n        200:\n          description: Acknowledge\n        400:\n          $ref: \"#/components/schemas/ErrorResponse\"\n        500:\n          $ref: \"#/components/schemas/ErrorResponse\"\n      x-amazon-apigateway-integration:\n        type: \"aws_proxy\"\n        httpMethod: \"POST\"\n        timeoutInMillis: 29000\n        credentials: arn:aws:iam::317887603465:role/main_api\n        uri: arn:aws:apigateway:us-east-1:lambda:path/2015-03-31/functions/arn:aws:lambda:us-east-1:317887603465:function:stripe_webhook/invocations\n\n# ++++++++++++++++++\n# + Generic config +\n\n#x-amazon-apigateway-gateway-responses:\n#  $ref: \"./gateway-responses.yaml\"\n\nx-amazon-apigateway-request-validators:\n  all:\n    validateRequestBody: true\n    validateRequestParameters: true\n\nx-amazon-apigateway-request-validator: all\n\n# ++++++++++++++\n# + COMPONENTS +\n# ++++++++++++++\n\ncomponents:\n  # +++++++++++\n  # + SCHEMAS +\n  schemas:\n    ErrorResponse:\n      description: Error processing the Request\n      content:\n        application/json:\n          schema:\n            type: object\n            required:\n              - error_code\n              - error_message\n            properties:\n              error_code:\n                type: string\n              error_message:\n                type: string\n\n    UserId:\n      type: string\n\n    User:\n      type: object\n      properties:\n        id:\n          $ref: \"#/components/schemas/UserId\"\n\n    SearchObjectIndex:\n      type: number\n\n    SearchObject:\n      type: object\n      properties:\n        index:\n          $ref: \"#/components/schemas/SearchObjectIndex\"\n\n    SearchObjectsList:\n      type: object\n      properties:\n        items:\n          type: array\n          items:\n            $ref: \"#/components/schemas/SearchObject\"\n\n    # probably not updated, annyoing to keep synched (used by create and update)\n    UpdateSearchObjectRequestBody:\n      type: object\n      required:\n        - keyword\n      properties:\n        keyword:\n          type: string\n        searchData:\n          type: object\n          required:\n            - twitter\n          properties:\n            twitter:\n              requred:\n                - enabledStatus\n              properties:\n                enabledStatus:\n                  type: string\n                  enum:\n                    - DISABLED\n                    - ENABLED\n\n    TagId:\n      type: string\n\n    ResultTag:\n      type: object\n      properties:\n        tagId:\n          $ref: \"#/components/schemas/TagId\"\n\n    ResultTagsList:\n      type: object\n      properties:\n        items:\n          type: array\n          items:\n            $ref: \"#/components/schemas/ResultTag\"\n\n    SearchResultId:\n      type: string\n\n    SearchResult:\n      type: object\n      properties:\n        id:\n          $ref: \"#/components/schemas/SearchResultId\"\n        keyword:\n          type: string\n        happenedAt:\n          type: string\n        socialMedia:\n          type: string\n\n    UpdateTagOnResultRequestBody:\n      type: object\n      required:\n        - tagId\n      properties:\n        tagId:\n          $ref: \"#/components/schemas/TagId\"\n\n    SearchRequestBody:\n      type: object\n      required:\n        - keyword\n      properties:\n        keyword:\n          type: string\n        pagination:\n          $ref: \"#/components/schemas/PaginationRequest\"\n\n    SearchResponse:\n      type: object\n      properties:\n        items:\n          type: array\n          items:\n            $ref: \"#/components/schemas/SearchResult\"\n        pagination:\n          $ref: \"#/components/schemas/PaginationResponse\"\n\n    PaginationRequest:\n      description: pagination request object\n      type: object\n      properties:\n        limit:\n          type: integer\n        offset:\n          type: integer\n\n    PaginationResponse:\n      description: pagination response object\n      type: object\n      properties:\n        limit:\n          type: integer\n        offset:\n          type: integer\n        count:\n          type: integer\n        total:\n          type: integer\n\n    CreatePaymentsPortalRequestBody:\n      description: portal session request object\n      type: object\n      required:\n        - returnUrl\n      properties:\n        returnUrl:\n          type: string\n\n    CreatePaymentsPortalResponse:\n      description: portal session response\n      type: object\n      required:\n        - sessionUrl\n      properties:\n        sessionUrl:\n          type: string\n\n    StripeWebhookRequestBody:\n      description: Event sent by Stripe\n      type: object\n\n  # ++++++++++++++\n  # + PARAMETERS +\n  parameters:\n    searchObjectIndex:\n      - name: index\n        in: path\n        required: true\n        schema:\n          $ref: \"#/components/schemas/SearchObjectIndex\"\n\n    searchResultId:\n      - name: id\n        in: path\n        required: true\n        schema:\n          $ref: \"#/components/schemas/searchResultId\"\n\n  # ++++++++++++++++++++\n  # + SECURITY-SCHEMES +\n  securitySchemes:\n    cognitoPool:\n      type: apiKey\n      name: Authorization\n      in: header\n      x-amazon-apigateway-authtype: cognito_user_pools\n      x-amazon-apigateway-authorizer:\n        type: cognito_user_pools\n        providerARNs:\n          - arn:aws:cognito-idp:us-east-1:317887603465:userpool/us-east-1_BGoxkHJoy\n\n  # +++++++++++++\n  # + RESPONSES +\n  responses:\n    cors:\n      description: Default response for CORS method\n      headers:\n        Access-Control-Allow-Headers:\n          schema:\n            type: \"string\"\n        Access-Control-Allow-Methods:\n          schema:\n            type: \"string\"\n        Access-Control-Allow-Origin:\n          schema:\n            type: \"string\"\n",
            "created_date": "2021-03-31T06:19:42Z",
            "description": "Main REST API",
            "disable_execute_api_endpoint": false,
            "endpoint_configuration": [
              {
                "types": [
                  "EDGE"
                ],
                "vpc_endpoint_ids": []
              }
            ],
            "execution_arn": "arn:aws:execute-api:us-east-1:317887603465:r2iyq5t3oe",
            "id": "r2iyq5t3oe",
            "minimum_compression_size": -1,
            "name": "main_api",
            "parameters": null,
            "policy": "",
            "root_resource_id": "hz4auv27w4",
            "tags": {
              "project": "social watcher"
            },
            "tags_all": {
              "project": "social watcher"
            }
          },
          "sensitive_attributes": [],
          "private": "bnVsbA==",
          "dependencies": [
            "aws_cloudwatch_log_group.stripe_webhook",
            "aws_lambda_function.create_search_object",
            "aws_lambda_function.delete_search_object",
            "aws_cloudwatch_log_group.get_user",
            "aws_cloudwatch_log_group.search_endpoint",
            "aws_cloudwatch_log_group.get_default_search_object",
            "aws_cloudwatch_log_group.get_search_objects",
            "aws_cognito_user_pool.main_pool",
            "aws_elasticsearch_domain.main",
            "aws_iam_role.lambda_default",
            "aws_iam_role.main_api",
            "aws_cloudwatch_log_group.add_tag_to_result",
            "aws_cloudwatch_log_group.create_payments_portal",
            "aws_lambda_function.get_search_objects",
            "data.template_file.main_api_openapi_spec_swagger",
            "aws_cloudwatch_log_group.update_search_object",
            "aws_dynamodb_table.users",
            "aws_lambda_function.cognito_pre_signup",
            "aws_lambda_function.create_payments_portal",
            "aws_lambda_function.get_search_object",
            "aws_lambda_function.search_endpoint",
            "aws_lambda_function.stripe_webhook",
            "aws_sqs_queue.search_results_notifications",
            "aws_cloudwatch_log_group.cognito_pre_signup",
            "aws_cloudwatch_log_group.delete_search_object",
            "aws_sqs_queue.sync_search_results_to_es",
            "aws_sqs_queue.sync_search_results_to_es_dlq",
            "aws_dynamodb_table.search_results",
            "aws_cloudwatch_log_group.create_search_object",
            "aws_cloudwatch_log_group.get_search_object",
            "aws_lambda_function.remove_tag_from_result",
            "aws_lambda_function.add_tag_to_result",
            "aws_lambda_function.get_result_tags",
            "aws_lambda_function.get_user",
            "aws_sqs_queue.search_results_notifications_dlq",
            "aws_cloudwatch_log_group.remove_tag_from_result",
            "aws_dynamodb_table.keywords",
            "aws_lambda_function.update_search_object",
            "aws_cloudwatch_log_group.get_result_tags",
            "aws_lambda_function.get_default_search_object"
          ],
          "create_before_destroy": true
        }
      ]
    },
    {
      "mode": "managed",
      "type": "aws_api_gateway_stage",
      "name": "main_api",
      "provider": "provider[\"registry.terraform.io/hashicorp/aws\"]",
      "instances": [
        {
          "schema_version": 0,
          "attributes": {
            "access_log_settings": [
              {
                "destination_arn": "arn:aws:logs:us-east-1:317887603465:log-group:API-Gateway-Execution-Logs_r2iyq5t3oe/api",
                "format": "{\"api_id\":\"$context.apiId\",\"domain_name\":\"$context.domainName\",\"http_method\":\"$context.httpMethod\",\"request_id\":\"$context.requestId\",\"request_path\":\"$context.path\",\"request_time\":\"$context.requestTime\",\"resource_id\":\"$context.resourceId\",\"resource_path\":\"$context.resourcePath\",\"source_ip\":\"$context.identity.sourceIp\",\"stage\":\"$context.stage\",\"status\":\"$context.status\",\"user_agent\":\"$context.identity.userAgent\"}"
              }
            ],
            "arn": "arn:aws:apigateway:us-east-1::/restapis/r2iyq5t3oe/stages/api",
            "cache_cluster_enabled": false,
            "cache_cluster_size": "",
            "client_certificate_id": "",
            "deployment_id": "fozj24",
            "description": "",
            "documentation_version": "",
            "execution_arn": "arn:aws:execute-api:us-east-1:317887603465:r2iyq5t3oe/api",
            "id": "ags-r2iyq5t3oe-api",
            "invoke_url": "https://r2iyq5t3oe.execute-api.us-east-1.amazonaws.com/api",
            "rest_api_id": "r2iyq5t3oe",
            "stage_name": "api",
            "tags": {},
            "tags_all": {},
            "variables": {},
            "xray_tracing_enabled": false
          },
          "sensitive_attributes": [],
          "private": "bnVsbA==",
          "dependencies": [
            "aws_api_gateway_account.main_api",
            "aws_api_gateway_deployment.main_api",
            "aws_api_gateway_rest_api.main_api",
            "aws_cloudwatch_log_group.add_tag_to_result",
            "aws_cloudwatch_log_group.cognito_pre_signup",
            "aws_cloudwatch_log_group.create_payments_portal",
            "aws_cloudwatch_log_group.create_search_object",
            "aws_cloudwatch_log_group.delete_search_object",
            "aws_cloudwatch_log_group.get_default_search_object",
            "aws_cloudwatch_log_group.get_result_tags",
            "aws_cloudwatch_log_group.get_search_object",
            "aws_cloudwatch_log_group.get_search_objects",
            "aws_cloudwatch_log_group.get_user",
            "aws_cloudwatch_log_group.main_api",
            "aws_cloudwatch_log_group.remove_tag_from_result",
            "aws_cloudwatch_log_group.search_endpoint",
            "aws_cloudwatch_log_group.stripe_webhook",
            "aws_cloudwatch_log_group.update_search_object",
            "aws_cognito_user_pool.main_pool",
            "aws_dynamodb_table.keywords",
            "aws_dynamodb_table.search_results",
            "aws_dynamodb_table.users",
            "aws_elasticsearch_domain.main",
            "aws_iam_role.lambda_default",
            "aws_iam_role.main_api",
            "aws_lambda_function.add_tag_to_result",
            "aws_lambda_function.cognito_pre_signup",
            "aws_lambda_function.create_payments_portal",
            "aws_lambda_function.create_search_object",
            "aws_lambda_function.delete_search_object",
            "aws_lambda_function.get_default_search_object",
            "aws_lambda_function.get_result_tags",
            "aws_lambda_function.get_search_object",
            "aws_lambda_function.get_search_objects",
            "aws_lambda_function.get_user",
            "aws_lambda_function.remove_tag_from_result",
            "aws_lambda_function.search_endpoint",
            "aws_lambda_function.stripe_webhook",
            "aws_lambda_function.update_search_object",
            "aws_sqs_queue.search_results_notifications",
            "aws_sqs_queue.sync_search_results_to_es",
            "data.template_file.main_api_openapi_spec_swagger"
          ]
        }
      ]
    },
    {
      "mode": "managed",
      "type": "aws_cloudwatch_event_rule",
      "name": "trigger_cron_report_jobs",
      "provider": "provider[\"registry.terraform.io/hashicorp/aws\"]",
      "instances": [
        {
          "schema_version": 0,
          "attributes": {
            "arn": "arn:aws:events:us-east-1:317887603465:rule/trigger_cron_report_jobs",
            "description": "",
            "event_bus_name": "default",
            "event_pattern": null,
            "id": "trigger_cron_report_jobs",
            "is_enabled": true,
            "name": "trigger_cron_report_jobs",
            "name_prefix": "",
            "role_arn": "",
            "schedule_expression": "cron(0 16 * * ? *)",
            "tags": {
              "project": "social watcher"
            },
            "tags_all": {
              "project": "social watcher"
            }
          },
          "sensitive_attributes": [],
          "private": "bnVsbA=="
        }
      ]
    },
    {
      "mode": "managed",
      "type": "aws_cloudwatch_event_rule",
      "name": "trigger_cron_search_jobs",
      "provider": "provider[\"registry.terraform.io/hashicorp/aws\"]",
      "instances": [
        {
          "schema_version": 0,
          "attributes": {
            "arn": "arn:aws:events:us-east-1:317887603465:rule/trigger_cron_search_jobs",
            "description": "",
            "event_bus_name": "default",
            "event_pattern": null,
            "id": "trigger_cron_search_jobs",
            "is_enabled": true,
            "name": "trigger_cron_search_jobs",
            "name_prefix": "",
            "role_arn": "",
            "schedule_expression": "rate(10 minutes)",
            "tags": {
              "project": "social watcher"
            },
            "tags_all": {
              "project": "social watcher"
            }
          },
          "sensitive_attributes": [],
          "private": "bnVsbA=="
        }
      ]
    },
    {
      "mode": "managed",
      "type": "aws_cloudwatch_event_target",
      "name": "dispatch_report_jobs",
      "provider": "provider[\"registry.terraform.io/hashicorp/aws\"]",
      "instances": [
        {
          "schema_version": 1,
          "attributes": {
            "arn": "arn:aws:lambda:us-east-1:317887603465:function:dispatch_report_jobs",
            "batch_target": [],
            "dead_letter_config": [],
            "ecs_target": [],
            "event_bus_name": "default",
            "http_target": [],
            "id": "trigger_cron_report_jobs-terraform-20210805192642824200000002",
            "input": "",
            "input_path": "",
            "input_transformer": [],
            "kinesis_target": [],
            "redshift_target": [],
            "retry_policy": [],
            "role_arn": "",
            "rule": "trigger_cron_report_jobs",
            "run_command_targets": [],
            "sqs_target": [],
            "target_id": "terraform-20210805192642824200000002"
          },
          "sensitive_attributes": [],
          "private": "eyJzY2hlbWFfdmVyc2lvbiI6IjEifQ==",
          "dependencies": [
            "aws_dynamodb_table.users",
            "aws_lambda_function.dispatch_report_jobs",
            "aws_sqs_queue.sync_search_results_to_es",
            "aws_cloudwatch_event_rule.trigger_cron_report_jobs",
            "aws_dynamodb_table.keywords",
            "aws_dynamodb_table.search_results",
            "aws_elasticsearch_domain.main",
            "aws_iam_role.lambda_default",
            "aws_sqs_queue.search_results_notifications",
            "aws_sqs_queue.search_results_notifications_dlq",
            "aws_sqs_queue.sync_search_results_to_es_dlq",
            "aws_cloudwatch_log_group.dispatch_report_jobs"
          ]
        }
      ]
    },
    {
      "mode": "managed",
      "type": "aws_cloudwatch_event_target",
      "name": "dispatch_search_jobs",
      "provider": "provider[\"registry.terraform.io/hashicorp/aws\"]",
      "instances": [
        {
          "schema_version": 1,
          "attributes": {
            "arn": "arn:aws:lambda:us-east-1:317887603465:function:dispatch_search_jobs",
            "batch_target": [],
            "dead_letter_config": [],
            "ecs_target": [],
            "event_bus_name": "default",
            "http_target": [],
            "id": "trigger_cron_search_jobs-terraform-20210805191920601300000002",
            "input": "",
            "input_path": "",
            "input_transformer": [],
            "kinesis_target": [],
            "redshift_target": [],
            "retry_policy": [],
            "role_arn": "",
            "rule": "trigger_cron_search_jobs",
            "run_command_targets": [],
            "sqs_target": [],
            "target_id": "terraform-20210805191920601300000002"
          },
          "sensitive_attributes": [],
          "private": "eyJzY2hlbWFfdmVyc2lvbiI6IjEifQ==",
          "dependencies": [
            "aws_cloudwatch_event_rule.trigger_cron_search_jobs",
            "aws_dynamodb_table.keywords",
            "aws_elasticsearch_domain.main",
            "aws_sqs_queue.search_results_notifications",
            "aws_sqs_queue.sync_search_results_to_es",
            "aws_sqs_queue.sync_search_results_to_es_dlq",
            "aws_cloudwatch_log_group.dispatch_search_jobs",
            "aws_dynamodb_table.search_results",
            "aws_dynamodb_table.users",
            "aws_iam_role.lambda_default",
            "aws_lambda_function.dispatch_search_jobs",
            "aws_sqs_queue.search_results_notifications_dlq"
          ]
        }
      ]
    },
    {
      "mode": "managed",
      "type": "aws_cloudwatch_log_group",
      "name": "add_tag_to_result",
      "provider": "provider[\"registry.terraform.io/hashicorp/aws\"]",
      "instances": [
        {
          "schema_version": 0,
          "attributes": {
            "arn": "arn:aws:logs:us-east-1:317887603465:log-group:/aws/lambda/add_tag_to_result",
            "id": "/aws/lambda/add_tag_to_result",
            "kms_key_id": "",
            "name": "/aws/lambda/add_tag_to_result",
            "name_prefix": null,
            "retention_in_days": 30,
            "tags": {
              "project": "social watcher"
            },
            "tags_all": {
              "project": "social watcher"
            }
          },
          "sensitive_attributes": [],
          "private": "bnVsbA==",
          "create_before_destroy": true
        }
      ]
    },
    {
      "mode": "managed",
      "type": "aws_cloudwatch_log_group",
      "name": "cognito_pre_signup",
      "provider": "provider[\"registry.terraform.io/hashicorp/aws\"]",
      "instances": [
        {
          "schema_version": 0,
          "attributes": {
            "arn": "arn:aws:logs:us-east-1:317887603465:log-group:/aws/lambda/cognito_pre_signup",
            "id": "/aws/lambda/cognito_pre_signup",
            "kms_key_id": "",
            "name": "/aws/lambda/cognito_pre_signup",
            "name_prefix": null,
            "retention_in_days": 30,
            "tags": {
              "project": "social watcher"
            },
            "tags_all": {
              "project": "social watcher"
            }
          },
          "sensitive_attributes": [],
          "private": "bnVsbA==",
          "create_before_destroy": true
        }
      ]
    },
    {
      "mode": "managed",
      "type": "aws_cloudwatch_log_group",
      "name": "create_payments_portal",
      "provider": "provider[\"registry.terraform.io/hashicorp/aws\"]",
      "instances": [
        {
          "schema_version": 0,
          "attributes": {
            "arn": "arn:aws:logs:us-east-1:317887603465:log-group:/aws/lambda/create_payments_portal",
            "id": "/aws/lambda/create_payments_portal",
            "kms_key_id": "",
            "name": "/aws/lambda/create_payments_portal",
            "name_prefix": null,
            "retention_in_days": 30,
            "tags": {
              "project": "social watcher"
            },
            "tags_all": {
              "project": "social watcher"
            }
          },
          "sensitive_attributes": [],
          "private": "bnVsbA==",
          "create_before_destroy": true
        }
      ]
    },
    {
      "mode": "managed",
      "type": "aws_cloudwatch_log_group",
      "name": "create_search_object",
      "provider": "provider[\"registry.terraform.io/hashicorp/aws\"]",
      "instances": [
        {
          "schema_version": 0,
          "attributes": {
            "arn": "arn:aws:logs:us-east-1:317887603465:log-group:/aws/lambda/create_search_object",
            "id": "/aws/lambda/create_search_object",
            "kms_key_id": "",
            "name": "/aws/lambda/create_search_object",
            "name_prefix": null,
            "retention_in_days": 30,
            "tags": {
              "project": "social watcher"
            },
            "tags_all": {
              "project": "social watcher"
            }
          },
          "sensitive_attributes": [],
          "private": "bnVsbA==",
          "create_before_destroy": true
        }
      ]
    },
    {
      "mode": "managed",
      "type": "aws_cloudwatch_log_group",
      "name": "delete_search_object",
      "provider": "provider[\"registry.terraform.io/hashicorp/aws\"]",
      "instances": [
        {
          "schema_version": 0,
          "attributes": {
            "arn": "arn:aws:logs:us-east-1:317887603465:log-group:/aws/lambda/delete_search_object",
            "id": "/aws/lambda/delete_search_object",
            "kms_key_id": "",
            "name": "/aws/lambda/delete_search_object",
            "name_prefix": null,
            "retention_in_days": 30,
            "tags": {
              "project": "social watcher"
            },
            "tags_all": {
              "project": "social watcher"
            }
          },
          "sensitive_attributes": [],
          "private": "bnVsbA==",
          "create_before_destroy": true
        }
      ]
    },
    {
      "mode": "managed",
      "type": "aws_cloudwatch_log_group",
      "name": "dispatch_notification_jobs",
      "provider": "provider[\"registry.terraform.io/hashicorp/aws\"]",
      "instances": [
        {
          "schema_version": 0,
          "attributes": {
            "arn": "arn:aws:logs:us-east-1:317887603465:log-group:/aws/lambda/dispatch_notification_jobs",
            "id": "/aws/lambda/dispatch_notification_jobs",
            "kms_key_id": "",
            "name": "/aws/lambda/dispatch_notification_jobs",
            "name_prefix": null,
            "retention_in_days": 30,
            "tags": {
              "project": "social watcher"
            },
            "tags_all": {
              "project": "social watcher"
            }
          },
          "sensitive_attributes": [],
          "private": "bnVsbA=="
        }
      ]
    },
    {
      "mode": "managed",
      "type": "aws_cloudwatch_log_group",
      "name": "dispatch_report_jobs",
      "provider": "provider[\"registry.terraform.io/hashicorp/aws\"]",
      "instances": [
        {
          "schema_version": 0,
          "attributes": {
            "arn": "arn:aws:logs:us-east-1:317887603465:log-group:/aws/lambda/dispatch_report_jobs",
            "id": "/aws/lambda/dispatch_report_jobs",
            "kms_key_id": "",
            "name": "/aws/lambda/dispatch_report_jobs",
            "name_prefix": null,
            "retention_in_days": 30,
            "tags": {
              "project": "social watcher"
            },
            "tags_all": {
              "project": "social watcher"
            }
          },
          "sensitive_attributes": [],
          "private": "bnVsbA=="
        }
      ]
    },
    {
      "mode": "managed",
      "type": "aws_cloudwatch_log_group",
      "name": "dispatch_search_jobs",
      "provider": "provider[\"registry.terraform.io/hashicorp/aws\"]",
      "instances": [
        {
          "schema_version": 0,
          "attributes": {
            "arn": "arn:aws:logs:us-east-1:317887603465:log-group:/aws/lambda/dispatch_search_jobs",
            "id": "/aws/lambda/dispatch_search_jobs",
            "kms_key_id": "",
            "name": "/aws/lambda/dispatch_search_jobs",
            "name_prefix": null,
            "retention_in_days": 30,
            "tags": {
              "project": "social watcher"
            },
            "tags_all": {
              "project": "social watcher"
            }
          },
          "sensitive_attributes": [],
          "private": "bnVsbA=="
        }
      ]
    },
    {
      "mode": "managed",
      "type": "aws_cloudwatch_log_group",
      "name": "get_default_search_object",
      "provider": "provider[\"registry.terraform.io/hashicorp/aws\"]",
      "instances": [
        {
          "schema_version": 0,
          "attributes": {
            "arn": "arn:aws:logs:us-east-1:317887603465:log-group:/aws/lambda/get_default_search_object",
            "id": "/aws/lambda/get_default_search_object",
            "kms_key_id": "",
            "name": "/aws/lambda/get_default_search_object",
            "name_prefix": null,
            "retention_in_days": 30,
            "tags": {
              "project": "social watcher"
            },
            "tags_all": {
              "project": "social watcher"
            }
          },
          "sensitive_attributes": [],
          "private": "bnVsbA==",
          "create_before_destroy": true
        }
      ]
    },
    {
      "mode": "managed",
      "type": "aws_cloudwatch_log_group",
      "name": "get_result_tags",
      "provider": "provider[\"registry.terraform.io/hashicorp/aws\"]",
      "instances": [
        {
          "schema_version": 0,
          "attributes": {
            "arn": "arn:aws:logs:us-east-1:317887603465:log-group:/aws/lambda/get_result_tags",
            "id": "/aws/lambda/get_result_tags",
            "kms_key_id": "",
            "name": "/aws/lambda/get_result_tags",
            "name_prefix": null,
            "retention_in_days": 30,
            "tags": {
              "project": "social watcher"
            },
            "tags_all": {
              "project": "social watcher"
            }
          },
          "sensitive_attributes": [],
          "private": "bnVsbA==",
          "create_before_destroy": true
        }
      ]
    },
    {
      "mode": "managed",
      "type": "aws_cloudwatch_log_group",
      "name": "get_search_object",
      "provider": "provider[\"registry.terraform.io/hashicorp/aws\"]",
      "instances": [
        {
          "schema_version": 0,
          "attributes": {
            "arn": "arn:aws:logs:us-east-1:317887603465:log-group:/aws/lambda/get_search_object",
            "id": "/aws/lambda/get_search_object",
            "kms_key_id": "",
            "name": "/aws/lambda/get_search_object",
            "name_prefix": null,
            "retention_in_days": 30,
            "tags": {
              "project": "social watcher"
            },
            "tags_all": {
              "project": "social watcher"
            }
          },
          "sensitive_attributes": [],
          "private": "bnVsbA==",
          "create_before_destroy": true
        }
      ]
    },
    {
      "mode": "managed",
      "type": "aws_cloudwatch_log_group",
      "name": "get_search_objects",
      "provider": "provider[\"registry.terraform.io/hashicorp/aws\"]",
      "instances": [
        {
          "schema_version": 0,
          "attributes": {
            "arn": "arn:aws:logs:us-east-1:317887603465:log-group:/aws/lambda/get_search_objects",
            "id": "/aws/lambda/get_search_objects",
            "kms_key_id": "",
            "name": "/aws/lambda/get_search_objects",
            "name_prefix": null,
            "retention_in_days": 30,
            "tags": {
              "project": "social watcher"
            },
            "tags_all": {
              "project": "social watcher"
            }
          },
          "sensitive_attributes": [],
          "private": "bnVsbA==",
          "create_before_destroy": true
        }
      ]
    },
    {
      "mode": "managed",
      "type": "aws_cloudwatch_log_group",
      "name": "get_user",
      "provider": "provider[\"registry.terraform.io/hashicorp/aws\"]",
      "instances": [
        {
          "schema_version": 0,
          "attributes": {
            "arn": "arn:aws:logs:us-east-1:317887603465:log-group:/aws/lambda/get_user",
            "id": "/aws/lambda/get_user",
            "kms_key_id": "",
            "name": "/aws/lambda/get_user",
            "name_prefix": null,
            "retention_in_days": 30,
            "tags": {
              "project": "social watcher"
            },
            "tags_all": {
              "project": "social watcher"
            }
          },
          "sensitive_attributes": [],
          "private": "bnVsbA==",
          "create_before_destroy": true
        }
      ]
    },
    {
      "mode": "managed",
      "type": "aws_cloudwatch_log_group",
      "name": "main_api",
      "provider": "provider[\"registry.terraform.io/hashicorp/aws\"]",
      "instances": [
        {
          "schema_version": 0,
          "attributes": {
            "arn": "arn:aws:logs:us-east-1:317887603465:log-group:API-Gateway-Execution-Logs_r2iyq5t3oe/api",
            "id": "API-Gateway-Execution-Logs_r2iyq5t3oe/api",
            "kms_key_id": "",
            "name": "API-Gateway-Execution-Logs_r2iyq5t3oe/api",
            "name_prefix": null,
            "retention_in_days": 30,
            "tags": {},
            "tags_all": {}
          },
          "sensitive_attributes": [],
          "private": "bnVsbA==",
          "dependencies": [
            "aws_cloudwatch_log_group.cognito_pre_signup",
            "aws_cloudwatch_log_group.search_endpoint",
            "aws_cognito_user_pool.main_pool",
            "aws_elasticsearch_domain.main",
            "aws_iam_role.main_api",
            "aws_lambda_function.add_tag_to_result",
            "aws_lambda_function.get_search_object",
            "aws_sqs_queue.search_results_notifications_dlq",
            "aws_cloudwatch_log_group.remove_tag_from_result",
            "aws_dynamodb_table.keywords",
            "aws_dynamodb_table.users",
            "data.template_file.main_api_openapi_spec_swagger",
            "aws_cloudwatch_log_group.create_search_object",
            "aws_cloudwatch_log_group.delete_search_object",
            "aws_iam_role.lambda_default",
            "aws_lambda_function.cognito_pre_signup",
            "aws_cloudwatch_log_group.add_tag_to_result",
            "aws_cloudwatch_log_group.get_result_tags",
            "aws_lambda_function.delete_search_object",
            "aws_cloudwatch_log_group.update_search_object",
            "aws_lambda_function.get_result_tags",
            "aws_lambda_function.get_user",
            "aws_lambda_function.stripe_webhook",
            "aws_lambda_function.update_search_object",
            "aws_cloudwatch_log_group.create_payments_portal",
            "aws_cloudwatch_log_group.get_default_search_object",
            "aws_cloudwatch_log_group.get_search_object",
            "aws_cloudwatch_log_group.get_user",
            "aws_cloudwatch_log_group.stripe_webhook",
            "aws_dynamodb_table.search_results",
            "aws_lambda_function.create_payments_portal",
            "aws_lambda_function.create_search_object",
            "aws_lambda_function.get_default_search_object",
            "aws_sqs_queue.sync_search_results_to_es_dlq",
            "aws_api_gateway_rest_api.main_api",
            "aws_lambda_function.get_search_objects",
            "aws_lambda_function.remove_tag_from_result",
            "aws_sqs_queue.search_results_notifications",
            "aws_sqs_queue.sync_search_results_to_es",
            "aws_cloudwatch_log_group.get_search_objects",
            "aws_lambda_function.search_endpoint"
          ],
          "create_before_destroy": true
        }
      ]
    },
    {
      "mode": "managed",
      "type": "aws_cloudwatch_log_group",
      "name": "notify_discord",
      "provider": "provider[\"registry.terraform.io/hashicorp/aws\"]",
      "instances": [
        {
          "schema_version": 0,
          "attributes": {
            "arn": "arn:aws:logs:us-east-1:317887603465:log-group:/aws/lambda/notify_discord",
            "id": "/aws/lambda/notify_discord",
            "kms_key_id": "",
            "name": "/aws/lambda/notify_discord",
            "name_prefix": null,
            "retention_in_days": 30,
            "tags": {
              "project": "social watcher"
            },
            "tags_all": {
              "project": "social watcher"
            }
          },
          "sensitive_attributes": [],
          "private": "bnVsbA=="
        }
      ]
    },
    {
      "mode": "managed",
      "type": "aws_cloudwatch_log_group",
      "name": "notify_slack",
      "provider": "provider[\"registry.terraform.io/hashicorp/aws\"]",
      "instances": [
        {
          "schema_version": 0,
          "attributes": {
            "arn": "arn:aws:logs:us-east-1:317887603465:log-group:/aws/lambda/notify_slack",
            "id": "/aws/lambda/notify_slack",
            "kms_key_id": "",
            "name": "/aws/lambda/notify_slack",
            "name_prefix": null,
            "retention_in_days": 30,
            "tags": {
              "project": "social watcher"
            },
            "tags_all": {
              "project": "social watcher"
            }
          },
          "sensitive_attributes": [],
          "private": "bnVsbA=="
        }
      ]
    },
    {
      "mode": "managed",
      "type": "aws_cloudwatch_log_group",
      "name": "remove_tag_from_result",
      "provider": "provider[\"registry.terraform.io/hashicorp/aws\"]",
      "instances": [
        {
          "schema_version": 0,
          "attributes": {
            "arn": "arn:aws:logs:us-east-1:317887603465:log-group:/aws/lambda/remove_tag_from_result",
            "id": "/aws/lambda/remove_tag_from_result",
            "kms_key_id": "",
            "name": "/aws/lambda/remove_tag_from_result",
            "name_prefix": null,
            "retention_in_days": 30,
            "tags": {
              "project": "social watcher"
            },
            "tags_all": {
              "project": "social watcher"
            }
          },
          "sensitive_attributes": [],
          "private": "bnVsbA==",
          "create_before_destroy": true
        }
      ]
    },
    {
      "mode": "managed",
      "type": "aws_cloudwatch_log_group",
      "name": "report_email",
      "provider": "provider[\"registry.terraform.io/hashicorp/aws\"]",
      "instances": [
        {
          "schema_version": 0,
          "attributes": {
            "arn": "arn:aws:logs:us-east-1:317887603465:log-group:/aws/lambda/report_email",
            "id": "/aws/lambda/report_email",
            "kms_key_id": "",
            "name": "/aws/lambda/report_email",
            "name_prefix": null,
            "retention_in_days": 30,
            "tags": {
              "project": "social watcher"
            },
            "tags_all": {
              "project": "social watcher"
            }
          },
          "sensitive_attributes": [],
          "private": "bnVsbA=="
        }
      ]
    },
    {
      "mode": "managed",
      "type": "aws_cloudwatch_log_group",
      "name": "search_endpoint",
      "provider": "provider[\"registry.terraform.io/hashicorp/aws\"]",
      "instances": [
        {
          "schema_version": 0,
          "attributes": {
            "arn": "arn:aws:logs:us-east-1:317887603465:log-group:/aws/lambda/search_endpoint",
            "id": "/aws/lambda/search_endpoint",
            "kms_key_id": "",
            "name": "/aws/lambda/search_endpoint",
            "name_prefix": null,
            "retention_in_days": 30,
            "tags": {
              "project": "social watcher"
            },
            "tags_all": {
              "project": "social watcher"
            }
          },
          "sensitive_attributes": [],
          "private": "bnVsbA==",
          "create_before_destroy": true
        }
      ]
    },
    {
      "mode": "managed",
      "type": "aws_cloudwatch_log_group",
      "name": "search_hackernews",
      "provider": "provider[\"registry.terraform.io/hashicorp/aws\"]",
      "instances": [
        {
          "schema_version": 0,
          "attributes": {
            "arn": "arn:aws:logs:us-east-1:317887603465:log-group:/aws/lambda/search_hackernews",
            "id": "/aws/lambda/search_hackernews",
            "kms_key_id": "",
            "name": "/aws/lambda/search_hackernews",
            "name_prefix": null,
            "retention_in_days": 30,
            "tags": {
              "project": "social watcher"
            },
            "tags_all": {
              "project": "social watcher"
            }
          },
          "sensitive_attributes": [],
          "private": "bnVsbA=="
        }
      ]
    },
    {
      "mode": "managed",
      "type": "aws_cloudwatch_log_group",
      "name": "search_instagram",
      "provider": "provider[\"registry.terraform.io/hashicorp/aws\"]",
      "instances": [
        {
          "schema_version": 0,
          "attributes": {
            "arn": "arn:aws:logs:us-east-1:317887603465:log-group:/aws/lambda/search_instagram",
            "id": "/aws/lambda/search_instagram",
            "kms_key_id": "",
            "name": "/aws/lambda/search_instagram",
            "name_prefix": null,
            "retention_in_days": 30,
            "tags": {
              "project": "social watcher"
            },
            "tags_all": {
              "project": "social watcher"
            }
          },
          "sensitive_attributes": [],
          "private": "bnVsbA=="
        }
      ]
    },
    {
      "mode": "managed",
      "type": "aws_cloudwatch_log_group",
      "name": "search_reddit",
      "provider": "provider[\"registry.terraform.io/hashicorp/aws\"]",
      "instances": [
        {
          "schema_version": 0,
          "attributes": {
            "arn": "arn:aws:logs:us-east-1:317887603465:log-group:/aws/lambda/search_reddit",
            "id": "/aws/lambda/search_reddit",
            "kms_key_id": "",
            "name": "/aws/lambda/search_reddit",
            "name_prefix": null,
            "retention_in_days": 30,
            "tags": {
              "project": "social watcher"
            },
            "tags_all": {
              "project": "social watcher"
            }
          },
          "sensitive_attributes": [],
          "private": "bnVsbA=="
        }
      ]
    },
    {
      "mode": "managed",
      "type": "aws_cloudwatch_log_group",
      "name": "search_results_stream_consumer",
      "provider": "provider[\"registry.terraform.io/hashicorp/aws\"]",
      "instances": [
        {
          "schema_version": 0,
          "attributes": {
            "arn": "arn:aws:logs:us-east-1:317887603465:log-group:/aws/lambda/search_results_stream_consumer",
            "id": "/aws/lambda/search_results_stream_consumer",
            "kms_key_id": "",
            "name": "/aws/lambda/search_results_stream_consumer",
            "name_prefix": null,
            "retention_in_days": 30,
            "tags": {
              "project": "social watcher"
            },
            "tags_all": {
              "project": "social watcher"
            }
          },
          "sensitive_attributes": [],
          "private": "bnVsbA=="
        }
      ]
    },
    {
      "mode": "managed",
      "type": "aws_cloudwatch_log_group",
      "name": "search_twitter",
      "provider": "provider[\"registry.terraform.io/hashicorp/aws\"]",
      "instances": [
        {
          "schema_version": 0,
          "attributes": {
            "arn": "arn:aws:logs:us-east-1:317887603465:log-group:/aws/lambda/search_twitter",
            "id": "/aws/lambda/search_twitter",
            "kms_key_id": "",
            "name": "/aws/lambda/search_twitter",
            "name_prefix": null,
            "retention_in_days": 30,
            "tags": {
              "project": "social watcher"
            },
            "tags_all": {
              "project": "social watcher"
            }
          },
          "sensitive_attributes": [],
          "private": "bnVsbA=="
        }
      ]
    },
    {
      "mode": "managed",
      "type": "aws_cloudwatch_log_group",
      "name": "search_youtube",
      "provider": "provider[\"registry.terraform.io/hashicorp/aws\"]",
      "instances": [
        {
          "schema_version": 0,
          "attributes": {
            "arn": "arn:aws:logs:us-east-1:317887603465:log-group:/aws/lambda/search_youtube",
            "id": "/aws/lambda/search_youtube",
            "kms_key_id": "",
            "name": "/aws/lambda/search_youtube",
            "name_prefix": null,
            "retention_in_days": 30,
            "tags": {
              "project": "social watcher"
            },
            "tags_all": {
              "project": "social watcher"
            }
          },
          "sensitive_attributes": [],
          "private": "bnVsbA=="
        }
      ]
    },
    {
      "mode": "managed",
      "type": "aws_cloudwatch_log_group",
      "name": "stripe_webhook",
      "provider": "provider[\"registry.terraform.io/hashicorp/aws\"]",
      "instances": [
        {
          "schema_version": 0,
          "attributes": {
            "arn": "arn:aws:logs:us-east-1:317887603465:log-group:/aws/lambda/stripe_webhook",
            "id": "/aws/lambda/stripe_webhook",
            "kms_key_id": "",
            "name": "/aws/lambda/stripe_webhook",
            "name_prefix": null,
            "retention_in_days": 30,
            "tags": {
              "project": "social watcher"
            },
            "tags_all": {
              "project": "social watcher"
            }
          },
          "sensitive_attributes": [],
          "private": "bnVsbA==",
          "create_before_destroy": true
        }
      ]
    },
    {
      "mode": "managed",
      "type": "aws_cloudwatch_log_group",
      "name": "sync_search_results_to_es",
      "provider": "provider[\"registry.terraform.io/hashicorp/aws\"]",
      "instances": [
        {
          "schema_version": 0,
          "attributes": {
            "arn": "arn:aws:logs:us-east-1:317887603465:log-group:/aws/lambda/sync_search_results_to_es",
            "id": "/aws/lambda/sync_search_results_to_es",
            "kms_key_id": "",
            "name": "/aws/lambda/sync_search_results_to_es",
            "name_prefix": null,
            "retention_in_days": 30,
            "tags": {
              "project": "social watcher"
            },
            "tags_all": {
              "project": "social watcher"
            }
          },
          "sensitive_attributes": [],
          "private": "bnVsbA=="
        }
      ]
    },
    {
      "mode": "managed",
      "type": "aws_cloudwatch_log_group",
      "name": "update_search_object",
      "provider": "provider[\"registry.terraform.io/hashicorp/aws\"]",
      "instances": [
        {
          "schema_version": 0,
          "attributes": {
            "arn": "arn:aws:logs:us-east-1:317887603465:log-group:/aws/lambda/update_search_object",
            "id": "/aws/lambda/update_search_object",
            "kms_key_id": "",
            "name": "/aws/lambda/update_search_object",
            "name_prefix": null,
            "retention_in_days": 30,
            "tags": {
              "project": "social watcher"
            },
            "tags_all": {
              "project": "social watcher"
            }
          },
          "sensitive_attributes": [],
          "private": "bnVsbA==",
          "create_before_destroy": true
        }
      ]
    },
    {
      "mode": "managed",
      "type": "aws_cloudwatch_log_group",
      "name": "users_stream_consumer",
      "provider": "provider[\"registry.terraform.io/hashicorp/aws\"]",
      "instances": [
        {
          "schema_version": 0,
          "attributes": {
            "arn": "arn:aws:logs:us-east-1:317887603465:log-group:/aws/lambda/users_stream_consumer",
            "id": "/aws/lambda/users_stream_consumer",
            "kms_key_id": "",
            "name": "/aws/lambda/users_stream_consumer",
            "name_prefix": null,
            "retention_in_days": 30,
            "tags": {
              "project": "social watcher"
            },
            "tags_all": {
              "project": "social watcher"
            }
          },
          "sensitive_attributes": [],
          "private": "bnVsbA=="
        }
      ]
    },
    {
      "mode": "managed",
      "type": "aws_cognito_user_pool",
      "name": "main_pool",
      "provider": "provider[\"registry.terraform.io/hashicorp/aws\"]",
      "instances": [
        {
          "schema_version": 0,
          "attributes": {
            "account_recovery_setting": [],
            "admin_create_user_config": [
              {
                "allow_admin_create_user_only": false,
                "invite_message_template": []
              }
            ],
            "alias_attributes": null,
            "arn": "arn:aws:cognito-idp:us-east-1:317887603465:userpool/us-east-1_BGoxkHJoy",
            "auto_verified_attributes": [
              "email"
            ],
            "creation_date": "2021-03-31T06:16:14Z",
            "custom_domain": "",
            "device_configuration": [],
            "domain": "thesocialwatcher",
            "email_configuration": [
              {
                "configuration_set": "",
                "email_sending_account": "COGNITO_DEFAULT",
                "from_email_address": "",
                "reply_to_email_address": "",
                "source_arn": ""
              }
            ],
            "email_verification_message": null,
            "email_verification_subject": "Social Watcher account creation confirmation",
            "endpoint": "cognito-idp.us-east-1.amazonaws.com/us-east-1_BGoxkHJoy",
            "estimated_number_of_users": 7,
            "id": "us-east-1_BGoxkHJoy",
            "lambda_config": [
              {
                "create_auth_challenge": "",
                "custom_email_sender": [],
                "custom_message": "",
                "custom_sms_sender": [],
                "define_auth_challenge": "",
                "kms_key_id": "",
                "post_authentication": "",
                "post_confirmation": "",
                "pre_authentication": "",
                "pre_sign_up": "arn:aws:lambda:us-east-1:317887603465:function:cognito_pre_signup",
                "pre_token_generation": "",
                "user_migration": "",
                "verify_auth_challenge_response": ""
              }
            ],
            "last_modified_date": "2021-10-25T16:31:34Z",
            "mfa_configuration": "OFF",
            "name": "main_pool",
            "password_policy": [
              {
                "minimum_length": 10,
                "require_lowercase": false,
                "require_numbers": false,
                "require_symbols": false,
                "require_uppercase": false,
                "temporary_password_validity_days": 7
              }
            ],
            "schema": [
              {
                "attribute_data_type": "String",
                "developer_only_attribute": false,
                "mutable": true,
                "name": "email",
                "number_attribute_constraints": [],
                "required": true,
                "string_attribute_constraints": [
                  {
                    "max_length": "2048",
                    "min_length": "1"
                  }
                ]
              }
            ],
            "sms_authentication_message": null,
            "sms_configuration": [],
            "sms_verification_message": null,
            "software_token_mfa_configuration": [],
            "tags": {
              "project": "social watcher"
            },
            "tags_all": {
              "project": "social watcher"
            },
            "user_pool_add_ons": [],
            "username_attributes": [
              "email"
            ],
            "username_configuration": [],
            "verification_message_template": [
              {
                "default_email_option": "CONFIRM_WITH_CODE",
                "email_message": "",
                "email_message_by_link": "",
                "email_subject": "Social Watcher account creation confirmation",
                "email_subject_by_link": "",
                "sms_message": ""
              }
            ]
          },
          "sensitive_attributes": [],
          "private": "bnVsbA==",
          "dependencies": [
            "aws_cloudwatch_log_group.cognito_pre_signup",
            "aws_dynamodb_table.keywords",
            "aws_dynamodb_table.search_results",
            "aws_dynamodb_table.users",
            "aws_elasticsearch_domain.main",
            "aws_iam_role.lambda_default",
            "aws_lambda_function.cognito_pre_signup",
            "aws_sqs_queue.search_results_notifications",
            "aws_sqs_queue.sync_search_results_to_es"
          ],
          "create_before_destroy": true
        }
      ]
    },
    {
      "mode": "managed",
      "type": "aws_cognito_user_pool_client",
      "name": "main_pool_client",
      "provider": "provider[\"registry.terraform.io/hashicorp/aws\"]",
      "instances": [
        {
          "schema_version": 0,
          "attributes": {
            "access_token_validity": 0,
            "allowed_oauth_flows": [
              "code"
            ],
            "allowed_oauth_flows_user_pool_client": true,
            "allowed_oauth_scopes": [
              "aws.cognito.signin.user.admin",
              "email",
              "openid",
              "profile"
            ],
            "analytics_configuration": [],
            "callback_urls": [
              "http://localhost:8080",
              "https://d2r5id69pzx1ip.cloudfront.net",
              "https://thesocialwatcher.com"
            ],
            "client_secret": "",
            "default_redirect_uri": "",
            "enable_token_revocation": false,
            "explicit_auth_flows": [
              "ALLOW_ADMIN_USER_PASSWORD_AUTH",
              "ALLOW_REFRESH_TOKEN_AUTH",
              "ALLOW_USER_PASSWORD_AUTH",
              "ALLOW_USER_SRP_AUTH"
            ],
            "generate_secret": null,
            "id": "3am3e9e4ho7r9timp1ejv91np9",
            "id_token_validity": 0,
            "logout_urls": [
              "http://localhost:8080",
              "https://d2r5id69pzx1ip.cloudfront.net",
              "https://thesocialwatcher.com"
            ],
            "name": "main_pool_client",
            "prevent_user_existence_errors": "ENABLED",
            "read_attributes": [],
            "refresh_token_validity": 30,
            "supported_identity_providers": [
              "COGNITO"
            ],
            "token_validity_units": [],
            "user_pool_id": "us-east-1_BGoxkHJoy",
            "write_attributes": []
          },
          "sensitive_attributes": [],
          "private": "bnVsbA==",
          "dependencies": [
            "aws_cloudwatch_log_group.cognito_pre_signup",
            "aws_dynamodb_table.search_results",
            "aws_iam_role.lambda_default",
            "aws_sqs_queue.search_results_notifications",
            "aws_sqs_queue.sync_search_results_to_es_dlq",
            "aws_cognito_user_pool.main_pool",
            "aws_dynamodb_table.keywords",
            "aws_dynamodb_table.users",
            "aws_elasticsearch_domain.main",
            "aws_lambda_function.cognito_pre_signup",
            "aws_sqs_queue.search_results_notifications_dlq",
            "aws_sqs_queue.sync_search_results_to_es"
          ]
        }
      ]
    },
    {
      "mode": "managed",
      "type": "aws_cognito_user_pool_domain",
      "name": "main_pool",
      "provider": "provider[\"registry.terraform.io/hashicorp/aws\"]",
      "instances": [
        {
          "schema_version": 0,
          "attributes": {
            "aws_account_id": "317887603465",
            "certificate_arn": "",
            "cloudfront_distribution_arn": "d3oia8etllorh5.cloudfront.net",
            "domain": "thesocialwatcher",
            "id": "thesocialwatcher",
            "s3_bucket": "aws-cognito-prod-iad-assets",
            "user_pool_id": "us-east-1_BGoxkHJoy",
            "version": "20210331210804"
          },
          "sensitive_attributes": [],
          "private": "bnVsbA==",
          "dependencies": [
            "aws_dynamodb_table.search_results",
            "aws_dynamodb_table.users",
            "aws_elasticsearch_domain.main",
            "aws_sqs_queue.search_results_notifications",
            "aws_sqs_queue.search_results_notifications_dlq",
            "aws_cloudwatch_log_group.cognito_pre_signup",
            "aws_cognito_user_pool.main_pool",
            "aws_dynamodb_table.keywords",
            "aws_sqs_queue.sync_search_results_to_es_dlq",
            "aws_iam_role.lambda_default",
            "aws_lambda_function.cognito_pre_signup",
            "aws_sqs_queue.sync_search_results_to_es"
          ]
        }
      ]
    },
    {
      "mode": "managed",
      "type": "aws_dynamodb_table",
      "name": "keywords",
      "provider": "provider[\"registry.terraform.io/hashicorp/aws\"]",
      "instances": [
        {
          "schema_version": 1,
          "attributes": {
            "arn": "arn:aws:dynamodb:us-east-1:317887603465:table/keywords",
            "attribute": [
              {
                "name": "gsi1pk",
                "type": "S"
              },
              {
                "name": "gsi1sk",
                "type": "S"
              },
              {
                "name": "pk",
                "type": "S"
              },
              {
                "name": "sk",
                "type": "S"
              }
            ],
            "billing_mode": "PAY_PER_REQUEST",
            "global_secondary_index": [
              {
                "hash_key": "gsi1pk",
                "name": "gsi1",
                "non_key_attributes": [],
                "projection_type": "ALL",
                "range_key": "gsi1sk",
                "read_capacity": 0,
                "write_capacity": 0
              }
            ],
            "hash_key": "pk",
            "id": "keywords",
            "local_secondary_index": [],
            "name": "keywords",
            "point_in_time_recovery": [
              {
                "enabled": false
              }
            ],
            "range_key": "sk",
            "read_capacity": 0,
            "replica": [],
            "server_side_encryption": [],
            "stream_arn": "",
            "stream_enabled": false,
            "stream_label": "",
            "stream_view_type": "",
            "tags": {
              "project": "social watcher"
            },
            "tags_all": {
              "project": "social watcher"
            },
            "timeouts": null,
            "ttl": [
              {
                "attribute_name": "",
                "enabled": false,
                "kms_key_arn": ""
              }
            ],
            "write_capacity": 0
          },
          "sensitive_attributes": [],
          "private": "eyJlMmJmYjczMC1lY2FhLTExZTYtOGY4OC0zNDM2M2JjN2M0YzAiOnsiY3JlYXRlIjo2MDAwMDAwMDAwMDAsImRlbGV0ZSI6NjAwMDAwMDAwMDAwLCJ1cGRhdGUiOjM2MDAwMDAwMDAwMDB9LCJzY2hlbWFfdmVyc2lvbiI6IjEifQ==",
          "create_before_destroy": true
        }
      ]
    },
    {
      "mode": "managed",
      "type": "aws_dynamodb_table",
      "name": "search_results",
      "provider": "provider[\"registry.terraform.io/hashicorp/aws\"]",
      "instances": [
        {
          "schema_version": 1,
          "attributes": {
            "arn": "arn:aws:dynamodb:us-east-1:317887603465:table/search_results",
            "attribute": [
              {
                "name": "gsi1pk",
                "type": "S"
              },
              {
                "name": "gsi1sk",
                "type": "S"
              },
              {
                "name": "pk",
                "type": "S"
              },
              {
                "name": "sk",
                "type": "S"
              }
            ],
            "billing_mode": "PAY_PER_REQUEST",
            "global_secondary_index": [
              {
                "hash_key": "gsi1pk",
                "name": "gsi1",
                "non_key_attributes": [],
                "projection_type": "ALL",
                "range_key": "gsi1sk",
                "read_capacity": 0,
                "write_capacity": 0
              }
            ],
            "hash_key": "pk",
            "id": "search_results",
            "local_secondary_index": [],
            "name": "search_results",
            "point_in_time_recovery": [
              {
                "enabled": false
              }
            ],
            "range_key": "sk",
            "read_capacity": 0,
            "replica": [],
            "server_side_encryption": [],
            "stream_arn": "arn:aws:dynamodb:us-east-1:317887603465:table/search_results/stream/2021-04-12T20:26:09.652",
            "stream_enabled": true,
            "stream_label": "2021-04-12T20:26:09.652",
            "stream_view_type": "NEW_IMAGE",
            "tags": {
              "project": "social watcher"
            },
            "tags_all": {
              "project": "social watcher"
            },
            "timeouts": null,
            "ttl": [
              {
                "attribute_name": "",
                "enabled": false,
                "kms_key_arn": ""
              }
            ],
            "write_capacity": 0
          },
          "sensitive_attributes": [],
          "private": "eyJlMmJmYjczMC1lY2FhLTExZTYtOGY4OC0zNDM2M2JjN2M0YzAiOnsiY3JlYXRlIjo2MDAwMDAwMDAwMDAsImRlbGV0ZSI6NjAwMDAwMDAwMDAwLCJ1cGRhdGUiOjM2MDAwMDAwMDAwMDB9LCJzY2hlbWFfdmVyc2lvbiI6IjEifQ==",
          "create_before_destroy": true
        }
      ]
    },
    {
      "mode": "managed",
      "type": "aws_dynamodb_table",
      "name": "users",
      "provider": "provider[\"registry.terraform.io/hashicorp/aws\"]",
      "instances": [
        {
          "schema_version": 1,
          "attributes": {
            "arn": "arn:aws:dynamodb:us-east-1:317887603465:table/users",
            "attribute": [
              {
                "name": "gsi1pk",
                "type": "S"
              },
              {
                "name": "gsi1sk",
                "type": "S"
              },
              {
                "name": "pk",
                "type": "S"
              },
              {
                "name": "sk",
                "type": "S"
              }
            ],
            "billing_mode": "PAY_PER_REQUEST",
            "global_secondary_index": [
              {
                "hash_key": "gsi1pk",
                "name": "gsi1",
                "non_key_attributes": [],
                "projection_type": "ALL",
                "range_key": "gsi1sk",
                "read_capacity": 0,
                "write_capacity": 0
              }
            ],
            "hash_key": "pk",
            "id": "users",
            "local_secondary_index": [],
            "name": "users",
            "point_in_time_recovery": [
              {
                "enabled": false
              }
            ],
            "range_key": "sk",
            "read_capacity": 0,
            "replica": [],
            "server_side_encryption": [],
            "stream_arn": "arn:aws:dynamodb:us-east-1:317887603465:table/users/stream/2021-04-05T20:00:56.069",
            "stream_enabled": true,
            "stream_label": "2021-04-05T20:00:56.069",
            "stream_view_type": "NEW_AND_OLD_IMAGES",
            "tags": {
              "project": "social watcher"
            },
            "tags_all": {
              "project": "social watcher"
            },
            "timeouts": null,
            "ttl": [
              {
                "attribute_name": "",
                "enabled": false,
                "kms_key_arn": ""
              }
            ],
            "write_capacity": 0
          },
          "sensitive_attributes": [],
          "private": "eyJlMmJmYjczMC1lY2FhLTExZTYtOGY4OC0zNDM2M2JjN2M0YzAiOnsiY3JlYXRlIjo2MDAwMDAwMDAwMDAsImRlbGV0ZSI6NjAwMDAwMDAwMDAwLCJ1cGRhdGUiOjM2MDAwMDAwMDAwMDB9LCJzY2hlbWFfdmVyc2lvbiI6IjEifQ==",
          "create_before_destroy": true
        }
      ]
    },
    {
      "mode": "managed",
      "type": "aws_elasticsearch_domain",
      "name": "main",
      "provider": "provider[\"registry.terraform.io/hashicorp/aws\"]",
      "instances": [
        {
          "schema_version": 0,
          "attributes": {
            "access_policies": null,
            "advanced_options": {
              "rest.action.multi.allow_explicit_index": "true"
            },
            "advanced_security_options": [
              {
                "enabled": false,
                "internal_user_database_enabled": false,
                "master_user_options": []
              }
            ],
            "arn": "arn:aws:es:us-east-1:317887603465:domain/main",
            "cluster_config": [
              {
                "dedicated_master_count": 0,
                "dedicated_master_enabled": false,
                "dedicated_master_type": "",
                "instance_count": 1,
                "instance_type": "t3.small.elasticsearch",
                "warm_count": 0,
                "warm_enabled": false,
                "warm_type": "",
                "zone_awareness_config": [],
                "zone_awareness_enabled": false
              }
            ],
            "cognito_options": [
              {
                "enabled": false,
                "identity_pool_id": "",
                "role_arn": "",
                "user_pool_id": ""
              }
            ],
            "domain_endpoint_options": [
              {
                "custom_endpoint": "",
                "custom_endpoint_certificate_arn": "",
                "custom_endpoint_enabled": false,
                "enforce_https": false,
                "tls_security_policy": "Policy-Min-TLS-1-0-2019-07"
              }
            ],
            "domain_id": "317887603465/main",
            "domain_name": "main",
            "ebs_options": [
              {
                "ebs_enabled": true,
                "iops": 0,
                "volume_size": 10,
                "volume_type": "gp2"
              }
            ],
            "elasticsearch_version": "7.9",
            "encrypt_at_rest": [
              {
                "enabled": false,
                "kms_key_id": ""
              }
            ],
            "endpoint": "search-main-4n3p5dmsencx7oqrf5p23qqocu.us-east-1.es.amazonaws.com",
            "id": "arn:aws:es:us-east-1:317887603465:domain/main",
            "kibana_endpoint": "search-main-4n3p5dmsencx7oqrf5p23qqocu.us-east-1.es.amazonaws.com/_plugin/kibana/",
            "log_publishing_options": [],
            "node_to_node_encryption": [
              {
                "enabled": false
              }
            ],
            "snapshot_options": [
              {
                "automated_snapshot_start_hour": 0
              }
            ],
            "tags": {
              "project": "social watcher"
            },
            "tags_all": {
              "project": "social watcher"
            },
            "timeouts": null,
            "vpc_options": []
          },
          "sensitive_attributes": [],
          "private": "eyJlMmJmYjczMC1lY2FhLTExZTYtOGY4OC0zNDM2M2JjN2M0YzAiOnsidXBkYXRlIjozNjAwMDAwMDAwMDAwfX0=",
          "create_before_destroy": true
        }
      ]
    },
    {
      "mode": "managed",
      "type": "aws_iam_policy",
      "name": "lambda_default",
      "provider": "provider[\"registry.terraform.io/hashicorp/aws\"]",
      "instances": [
        {
          "schema_version": 0,
          "attributes": {
            "arn": "arn:aws:iam::317887603465:policy/lambda_default",
            "description": "IAM policy for the lambdas",
            "id": "arn:aws:iam::317887603465:policy/lambda_default",
            "name": "lambda_default",
            "name_prefix": null,
            "path": "/",
            "policy": "{\n  \"Version\": \"2012-10-17\",\n  \"Statement\": [\n    {\n      \"Sid\": \"Logs\",\n      \"Action\": [\n        \"logs:CreateLogGroup\",\n        \"logs:CreateLogStream\",\n        \"logs:PutLogEvents\"\n      ],\n      \"Resource\": \"arn:aws:logs:*:*:*\",\n      \"Effect\": \"Allow\"\n    },\n    {\n      \"Sid\": \"SSM\",\n      \"Action\": [\n        \"ssm:Get*\"\n      ],\n      \"Resource\": \"arn:aws:ssm:*:*\",\n      \"Effect\": \"Allow\"\n    },\n    {\n      \"Sid\": \"DynamoDB\",\n      \"Action\": [\n        \"dynamodb:*\"\n      ],\n      \"Resource\": \"arn:aws:dynamodb:*:*\",\n      \"Effect\": \"Allow\"\n    },\n    {\n      \"Sid\": \"Translate\",\n      \"Action\": [\n        \"translate:TranslateText\",\n        \"comprehend:DetectDominantLanguage\"\n      ],\n      \"Resource\": \"*\",\n      \"Effect\": \"Allow\"\n    },\n    {\n      \"Sid\": \"SQS\",\n      \"Action\": [\n        \"sqs:SendMessage\",\n        \"sqs:ChangeMessageVisibility\",\n        \"sqs:DeleteMessage\",\n        \"sqs:GetQueueAttributes\",\n        \"sqs:GetQueueUrl\",\n        \"sqs:ListDeadLetterSourceQueues\",\n        \"sqs:ListQueueTags\",\n        \"sqs:ReceiveMessage\"\n      ],\n      \"Resource\": \"arn:aws:sqs:*:*\",\n      \"Effect\": \"Allow\"\n    },\n    {\n      \"Sid\": \"ElasticSearch\",\n      \"Action\": [\n        \"es:*\"\n      ],\n      \"Resource\": \"arn:aws:es:*:*\",\n      \"Effect\": \"Allow\"\n    },\n    {\n      \"Sid\": \"SimpleEmailSystem\",\n      \"Action\": [\n        \"ses:SendEmail\",\n        \"ses:SendRawEmail\"\n      ],\n      \"Resource\": \"*\",\n      \"Effect\": \"Allow\"\n    }\n  ]\n}\n",
            "policy_id": "ANPAUUA4T4MESAAYOYVEG",
            "tags": {},
            "tags_all": {}
          },
          "sensitive_attributes": [],
          "private": "bnVsbA=="
        }
      ]
    },
    {
      "mode": "managed",
      "type": "aws_iam_policy",
      "name": "main_api",
      "provider": "provider[\"registry.terraform.io/hashicorp/aws\"]",
      "instances": [
        {
          "schema_version": 0,
          "attributes": {
            "arn": "arn:aws:iam::317887603465:policy/main_api",
            "description": "IAM policy for main API Gateway - Lambda Invocations",
            "id": "arn:aws:iam::317887603465:policy/main_api",
            "name": "main_api",
            "name_prefix": null,
            "path": "/",
            "policy": "{\n  \"Version\": \"2012-10-17\",\n  \"Statement\": [\n    {\n      \"Action\": [\n        \"lambda:InvokeFunction\"\n      ],\n      \"Resource\": \"arn:aws:lambda:*:*:*\",\n      \"Effect\": \"Allow\"\n    },\n    {\n      \"Action\": [\n        \"logs:CreateLogStream\",\n        \"logs:CreateLogGroup\",\n        \"logs:DescribeLogGroups\",\n        \"logs:DescribeLogStreams\",\n        \"logs:PutLogEvents\",\n        \"logs:GetLogEvents\",\n        \"logs:FilterLogEvents\",\n        \"logs:PutRetentionPolicy\"\n      ],\n      \"Resource\": \"*\",\n      \"Effect\": \"Allow\"\n    }\n  ]\n}\n",
            "policy_id": "ANPAUUA4T4MEXSOUVAX3P",
            "tags": {},
            "tags_all": {}
          },
          "sensitive_attributes": [],
          "private": "bnVsbA=="
        }
      ]
    },
    {
      "mode": "managed",
      "type": "aws_iam_role",
      "name": "lambda_default",
      "provider": "provider[\"registry.terraform.io/hashicorp/aws\"]",
      "instances": [
        {
          "schema_version": 0,
          "attributes": {
            "arn": "arn:aws:iam::317887603465:role/lambda_default",
            "assume_role_policy": "{\"Version\":\"2012-10-17\",\"Statement\":[{\"Sid\":\"\",\"Effect\":\"Allow\",\"Principal\":{\"Service\":\"lambda.amazonaws.com\"},\"Action\":\"sts:AssumeRole\"}]}",
            "create_date": "2021-03-19T08:16:09Z",
            "description": "",
            "force_detach_policies": false,
            "id": "lambda_default",
            "inline_policy": [
              {
                "name": "",
                "policy": ""
              }
            ],
            "managed_policy_arns": [
              "arn:aws:iam::317887603465:policy/lambda_default"
            ],
            "max_session_duration": 3600,
            "name": "lambda_default",
            "name_prefix": "",
            "path": "/",
            "permissions_boundary": null,
            "tags": {
              "project": "social watcher"
            },
            "tags_all": {
              "project": "social watcher"
            },
            "unique_id": "AROAUUA4T4MEQ4NFRGBTU"
          },
          "sensitive_attributes": [],
          "private": "bnVsbA==",
          "create_before_destroy": true
        }
      ]
    },
    {
      "mode": "managed",
      "type": "aws_iam_role",
      "name": "main_api",
      "provider": "provider[\"registry.terraform.io/hashicorp/aws\"]",
      "instances": [
        {
          "schema_version": 0,
          "attributes": {
            "arn": "arn:aws:iam::317887603465:role/main_api",
            "assume_role_policy": "{\"Version\":\"2012-10-17\",\"Statement\":[{\"Sid\":\"\",\"Effect\":\"Allow\",\"Principal\":{\"Service\":\"apigateway.amazonaws.com\"},\"Action\":\"sts:AssumeRole\"}]}",
            "create_date": "2021-03-31T06:19:40Z",
            "description": "",
            "force_detach_policies": false,
            "id": "main_api",
            "inline_policy": [
              {
                "name": "",
                "policy": ""
              }
            ],
            "managed_policy_arns": [
              "arn:aws:iam::317887603465:policy/main_api"
            ],
            "max_session_duration": 3600,
            "name": "main_api",
            "name_prefix": "",
            "path": "/",
            "permissions_boundary": null,
            "tags": {
              "project": "social watcher"
            },
            "tags_all": {
              "project": "social watcher"
            },
            "unique_id": "AROAUUA4T4ME7VWV63WPZ"
          },
          "sensitive_attributes": [],
          "private": "bnVsbA==",
          "create_before_destroy": true
        }
      ]
    },
    {
      "mode": "managed",
      "type": "aws_iam_role_policy_attachment",
      "name": "lambda_default",
      "provider": "provider[\"registry.terraform.io/hashicorp/aws\"]",
      "instances": [
        {
          "schema_version": 0,
          "attributes": {
            "id": "lambda_default-20210319081611999300000001",
            "policy_arn": "arn:aws:iam::317887603465:policy/lambda_default",
            "role": "lambda_default"
          },
          "sensitive_attributes": [],
          "private": "bnVsbA==",
          "dependencies": [
            "aws_iam_policy.lambda_default",
            "aws_iam_role.lambda_default"
          ]
        }
      ]
    },
    {
      "mode": "managed",
      "type": "aws_iam_role_policy_attachment",
      "name": "main_api",
      "provider": "provider[\"registry.terraform.io/hashicorp/aws\"]",
      "instances": [
        {
          "schema_version": 0,
          "attributes": {
            "id": "main_api-20210331061940151200000001",
            "policy_arn": "arn:aws:iam::317887603465:policy/main_api",
            "role": "main_api"
          },
          "sensitive_attributes": [],
          "private": "bnVsbA==",
          "dependencies": [
            "aws_iam_policy.main_api",
            "aws_iam_role.main_api"
          ]
        }
      ]
    },
    {
      "mode": "managed",
      "type": "aws_lambda_event_source_mapping",
      "name": "dispatch_notification_jobs_mapping",
      "provider": "provider[\"registry.terraform.io/hashicorp/aws\"]",
      "instances": [
        {
          "schema_version": 0,
          "attributes": {
            "batch_size": 10,
            "bisect_batch_on_function_error": false,
            "destination_config": [],
            "enabled": true,
            "event_source_arn": "arn:aws:sqs:us-east-1:317887603465:search_results_notifications",
            "function_arn": "arn:aws:lambda:us-east-1:317887603465:function:dispatch_notification_jobs",
            "function_name": "arn:aws:lambda:us-east-1:317887603465:function:dispatch_notification_jobs",
            "function_response_types": [],
            "id": "b77e0739-6d50-47ac-8a08-09dab784e563",
            "last_modified": "2021-05-12T07:07:39Z",
            "last_processing_result": "",
            "maximum_batching_window_in_seconds": 0,
            "maximum_record_age_in_seconds": 0,
            "maximum_retry_attempts": 0,
            "parallelization_factor": 0,
            "queues": [],
            "self_managed_event_source": [],
            "source_access_configuration": [],
            "starting_position": "",
            "starting_position_timestamp": "",
            "state": "Enabled",
            "state_transition_reason": "USER_INITIATED",
            "topics": [],
            "tumbling_window_in_seconds": 0,
            "uuid": "b77e0739-6d50-47ac-8a08-09dab784e563"
          },
          "sensitive_attributes": [],
          "private": "bnVsbA==",
          "dependencies": [
            "aws_cloudwatch_log_group.dispatch_notification_jobs",
            "aws_dynamodb_table.search_results",
            "aws_elasticsearch_domain.main",
            "aws_iam_role.lambda_default",
            "aws_lambda_function.dispatch_notification_jobs",
            "aws_sqs_queue.search_results_notifications",
            "aws_sqs_queue.search_results_notifications_dlq",
            "aws_sqs_queue.sync_search_results_to_es",
            "aws_sqs_queue.sync_search_results_to_es_dlq",
            "aws_dynamodb_table.keywords",
            "aws_dynamodb_table.users"
          ]
        }
      ]
    },
    {
      "mode": "managed",
      "type": "aws_lambda_event_source_mapping",
      "name": "hackernews_search_jobs_mapping",
      "provider": "provider[\"registry.terraform.io/hashicorp/aws\"]",
      "instances": [
        {
          "schema_version": 0,
          "attributes": {
            "batch_size": 1,
            "bisect_batch_on_function_error": false,
            "destination_config": [],
            "enabled": true,
            "event_source_arn": "arn:aws:sqs:us-east-1:317887603465:hackernews_search_jobs",
            "function_arn": "arn:aws:lambda:us-east-1:317887603465:function:search_hackernews",
            "function_name": "arn:aws:lambda:us-east-1:317887603465:function:search_hackernews",
            "function_response_types": [],
            "id": "e99fa3b4-4fea-48d9-b913-2153df735e0f",
            "last_modified": "2021-06-26T21:07:53Z",
            "last_processing_result": "",
            "maximum_batching_window_in_seconds": 0,
            "maximum_record_age_in_seconds": 0,
            "maximum_retry_attempts": 0,
            "parallelization_factor": 0,
            "queues": [],
            "self_managed_event_source": [],
            "source_access_configuration": [],
            "starting_position": "",
            "starting_position_timestamp": "",
            "state": "Enabled",
            "state_transition_reason": "USER_INITIATED",
            "topics": [],
            "tumbling_window_in_seconds": 0,
            "uuid": "e99fa3b4-4fea-48d9-b913-2153df735e0f"
          },
          "sensitive_attributes": [],
          "private": "bnVsbA==",
          "dependencies": [
            "aws_dynamodb_table.users",
            "aws_iam_role.lambda_default",
            "aws_sqs_queue.hackernews_search_jobs_dlq",
            "aws_sqs_queue.search_results_notifications_dlq",
            "aws_sqs_queue.sync_search_results_to_es_dlq",
            "aws_dynamodb_table.keywords",
            "aws_dynamodb_table.search_results",
            "aws_lambda_function.search_hackernews",
            "aws_sqs_queue.hackernews_search_jobs",
            "aws_sqs_queue.search_results_notifications",
            "aws_sqs_queue.sync_search_results_to_es",
            "aws_cloudwatch_log_group.search_hackernews",
            "aws_elasticsearch_domain.main"
          ]
        }
      ]
    },
    {
      "mode": "managed",
      "type": "aws_lambda_event_source_mapping",
      "name": "instagram_search_jobs_mapping",
      "provider": "provider[\"registry.terraform.io/hashicorp/aws\"]",
      "instances": [
        {
          "schema_version": 0,
          "attributes": {
            "batch_size": 1,
            "bisect_batch_on_function_error": false,
            "destination_config": [],
            "enabled": true,
            "event_source_arn": "arn:aws:sqs:us-east-1:317887603465:instagram_search_jobs",
            "function_arn": "arn:aws:lambda:us-east-1:317887603465:function:search_instagram",
            "function_name": "arn:aws:lambda:us-east-1:317887603465:function:search_instagram",
            "function_response_types": [],
            "id": "1591a9a9-4bb3-47db-8542-5ba19830565f",
            "last_modified": "2021-07-25T12:04:32Z",
            "last_processing_result": "",
            "maximum_batching_window_in_seconds": 0,
            "maximum_record_age_in_seconds": 0,
            "maximum_retry_attempts": 0,
            "parallelization_factor": 0,
            "queues": [],
            "self_managed_event_source": [],
            "source_access_configuration": [],
            "starting_position": "",
            "starting_position_timestamp": "",
            "state": "Enabled",
            "state_transition_reason": "USER_INITIATED",
            "topics": [],
            "tumbling_window_in_seconds": 0,
            "uuid": "1591a9a9-4bb3-47db-8542-5ba19830565f"
          },
          "sensitive_attributes": [],
          "private": "bnVsbA==",
          "dependencies": [
            "aws_cloudwatch_log_group.search_instagram",
            "aws_dynamodb_table.keywords",
            "aws_dynamodb_table.search_results",
            "aws_iam_role.lambda_default",
            "aws_sqs_queue.instagram_search_jobs_dlq",
            "aws_sqs_queue.sync_search_results_to_es",
            "aws_sqs_queue.sync_search_results_to_es_dlq",
            "aws_dynamodb_table.users",
            "aws_elasticsearch_domain.main",
            "aws_lambda_function.search_instagram",
            "aws_sqs_queue.instagram_search_jobs",
            "aws_sqs_queue.search_results_notifications",
            "aws_sqs_queue.search_results_notifications_dlq"
          ]
        }
      ]
    },
    {
      "mode": "managed",
      "type": "aws_lambda_event_source_mapping",
      "name": "notify_discord_mapping",
      "provider": "provider[\"registry.terraform.io/hashicorp/aws\"]",
      "instances": [
        {
          "schema_version": 0,
          "attributes": {
            "batch_size": 1,
            "bisect_batch_on_function_error": false,
            "destination_config": [],
            "enabled": true,
            "event_source_arn": "arn:aws:sqs:us-east-1:317887603465:discord_notification_jobs",
            "function_arn": "arn:aws:lambda:us-east-1:317887603465:function:notify_discord",
            "function_name": "arn:aws:lambda:us-east-1:317887603465:function:notify_discord",
            "function_response_types": [],
            "id": "f2bbbb3e-1d60-4d9b-830a-9bb56bf47070",
            "last_modified": "2021-05-14T14:03:57Z",
            "last_processing_result": "",
            "maximum_batching_window_in_seconds": 0,
            "maximum_record_age_in_seconds": 0,
            "maximum_retry_attempts": 0,
            "parallelization_factor": 0,
            "queues": [],
            "self_managed_event_source": [],
            "source_access_configuration": [],
            "starting_position": "",
            "starting_position_timestamp": "",
            "state": "Enabled",
            "state_transition_reason": "USER_INITIATED",
            "topics": [],
            "tumbling_window_in_seconds": 0,
            "uuid": "f2bbbb3e-1d60-4d9b-830a-9bb56bf47070"
          },
          "sensitive_attributes": [],
          "private": "bnVsbA==",
          "dependencies": [
            "aws_cloudwatch_log_group.notify_discord",
            "aws_dynamodb_table.keywords",
            "aws_dynamodb_table.search_results",
            "aws_iam_role.lambda_default",
            "aws_lambda_function.notify_discord",
            "aws_sqs_queue.sync_search_results_to_es",
            "aws_dynamodb_table.users",
            "aws_elasticsearch_domain.main",
            "aws_sqs_queue.discord_notification_jobs",
            "aws_sqs_queue.discord_notification_jobs_dlq",
            "aws_sqs_queue.search_results_notifications",
            "aws_sqs_queue.search_results_notifications_dlq",
            "aws_sqs_queue.sync_search_results_to_es_dlq"
          ]
        }
      ]
    },
    {
      "mode": "managed",
      "type": "aws_lambda_event_source_mapping",
      "name": "notify_slack_mapping",
      "provider": "provider[\"registry.terraform.io/hashicorp/aws\"]",
      "instances": [
        {
          "schema_version": 0,
          "attributes": {
            "batch_size": 1,
            "bisect_batch_on_function_error": false,
            "destination_config": [],
            "enabled": true,
            "event_source_arn": "arn:aws:sqs:us-east-1:317887603465:slack_notification_jobs",
            "function_arn": "arn:aws:lambda:us-east-1:317887603465:function:notify_slack",
            "function_name": "arn:aws:lambda:us-east-1:317887603465:function:notify_slack",
            "function_response_types": [],
            "id": "3ccbfe6e-e1d8-4d10-8c2b-751774481f58",
            "last_modified": "2021-07-22T05:41:34Z",
            "last_processing_result": "",
            "maximum_batching_window_in_seconds": 0,
            "maximum_record_age_in_seconds": 0,
            "maximum_retry_attempts": 0,
            "parallelization_factor": 0,
            "queues": [],
            "self_managed_event_source": [],
            "source_access_configuration": [],
            "starting_position": "",
            "starting_position_timestamp": "",
            "state": "Enabled",
            "state_transition_reason": "USER_INITIATED",
            "topics": [],
            "tumbling_window_in_seconds": 0,
            "uuid": "3ccbfe6e-e1d8-4d10-8c2b-751774481f58"
          },
          "sensitive_attributes": [],
          "private": "bnVsbA==",
          "dependencies": [
            "aws_cloudwatch_log_group.notify_slack",
            "aws_elasticsearch_domain.main",
            "aws_lambda_function.notify_slack",
            "aws_sqs_queue.search_results_notifications",
            "aws_sqs_queue.sync_search_results_to_es",
            "aws_sqs_queue.sync_search_results_to_es_dlq",
            "aws_dynamodb_table.keywords",
            "aws_dynamodb_table.search_results",
            "aws_dynamodb_table.users",
            "aws_iam_role.lambda_default",
            "aws_sqs_queue.search_results_notifications_dlq",
            "aws_sqs_queue.slack_notification_jobs",
            "aws_sqs_queue.slack_notification_jobs_dlq"
          ]
        }
      ]
    },
    {
      "mode": "managed",
      "type": "aws_lambda_event_source_mapping",
      "name": "reddit_search_jobs_mapping",
      "provider": "provider[\"registry.terraform.io/hashicorp/aws\"]",
      "instances": [
        {
          "schema_version": 0,
          "attributes": {
            "batch_size": 1,
            "bisect_batch_on_function_error": false,
            "destination_config": [],
            "enabled": true,
            "event_source_arn": "arn:aws:sqs:us-east-1:317887603465:reddit_search_jobs",
            "function_arn": "arn:aws:lambda:us-east-1:317887603465:function:search_reddit",
            "function_name": "arn:aws:lambda:us-east-1:317887603465:function:search_reddit",
            "function_response_types": [],
            "id": "5cc86e3c-89d7-4480-8817-2338652c4ee9",
            "last_modified": "2021-06-21T06:52:48Z",
            "last_processing_result": "",
            "maximum_batching_window_in_seconds": 0,
            "maximum_record_age_in_seconds": 0,
            "maximum_retry_attempts": 0,
            "parallelization_factor": 0,
            "queues": [],
            "self_managed_event_source": [],
            "source_access_configuration": [],
            "starting_position": "",
            "starting_position_timestamp": "",
            "state": "Enabled",
            "state_transition_reason": "USER_INITIATED",
            "topics": [],
            "tumbling_window_in_seconds": 0,
            "uuid": "5cc86e3c-89d7-4480-8817-2338652c4ee9"
          },
          "sensitive_attributes": [],
          "private": "bnVsbA==",
          "dependencies": [
            "aws_sqs_queue.sync_search_results_to_es",
            "aws_sqs_queue.sync_search_results_to_es_dlq",
            "aws_dynamodb_table.keywords",
            "aws_elasticsearch_domain.main",
            "aws_iam_role.lambda_default",
            "aws_lambda_function.search_reddit",
            "aws_sqs_queue.reddit_search_jobs",
            "aws_sqs_queue.search_results_notifications_dlq",
            "aws_cloudwatch_log_group.search_reddit",
            "aws_dynamodb_table.search_results",
            "aws_dynamodb_table.users",
            "aws_sqs_queue.reddit_search_jobs_dlq",
            "aws_sqs_queue.search_results_notifications"
          ]
        }
      ]
    },
    {
      "mode": "managed",
      "type": "aws_lambda_event_source_mapping",
      "name": "report_email_mapping",
      "provider": "provider[\"registry.terraform.io/hashicorp/aws\"]",
      "instances": [
        {
          "schema_version": 0,
          "attributes": {
            "batch_size": 1,
            "bisect_batch_on_function_error": false,
            "destination_config": [],
            "enabled": true,
            "event_source_arn": "arn:aws:sqs:us-east-1:317887603465:email_report_jobs",
            "function_arn": "arn:aws:lambda:us-east-1:317887603465:function:report_email",
            "function_name": "arn:aws:lambda:us-east-1:317887603465:function:report_email",
            "function_response_types": [],
            "id": "2c610507-ce8f-4dd8-a072-5ab99ea28a31",
            "last_modified": "2021-08-02T12:25:55Z",
            "last_processing_result": "",
            "maximum_batching_window_in_seconds": 0,
            "maximum_record_age_in_seconds": 0,
            "maximum_retry_attempts": 0,
            "parallelization_factor": 0,
            "queues": [],
            "self_managed_event_source": [],
            "source_access_configuration": [],
            "starting_position": "",
            "starting_position_timestamp": "",
            "state": "Enabled",
            "state_transition_reason": "USER_INITIATED",
            "topics": [],
            "tumbling_window_in_seconds": 0,
            "uuid": "2c610507-ce8f-4dd8-a072-5ab99ea28a31"
          },
          "sensitive_attributes": [],
          "private": "bnVsbA==",
          "dependencies": [
            "aws_dynamodb_table.keywords",
            "aws_elasticsearch_domain.main",
            "aws_sqs_queue.email_report_jobs",
            "aws_sqs_queue.search_results_notifications",
            "aws_sqs_queue.search_results_notifications_dlq",
            "aws_sqs_queue.sync_search_results_to_es",
            "aws_cloudwatch_log_group.report_email",
            "aws_dynamodb_table.users",
            "aws_iam_role.lambda_default",
            "aws_lambda_function.report_email",
            "aws_sqs_queue.email_report_jobs_dlq",
            "aws_sqs_queue.sync_search_results_to_es_dlq",
            "aws_dynamodb_table.search_results"
          ]
        }
      ]
    },
    {
      "mode": "managed",
      "type": "aws_lambda_event_source_mapping",
      "name": "search_results_stream_consumer",
      "provider": "provider[\"registry.terraform.io/hashicorp/aws\"]",
      "instances": [
        {
          "schema_version": 0,
          "attributes": {
            "batch_size": 1,
            "bisect_batch_on_function_error": false,
            "destination_config": [
              {
                "on_failure": [
                  {
                    "destination_arn": "arn:aws:sqs:us-east-1:317887603465:search_results_stream_consumer_dlq"
                  }
                ]
              }
            ],
            "enabled": true,
            "event_source_arn": "arn:aws:dynamodb:us-east-1:317887603465:table/search_results/stream/2021-04-12T20:26:09.652",
            "function_arn": "arn:aws:lambda:us-east-1:317887603465:function:search_results_stream_consumer",
            "function_name": "arn:aws:lambda:us-east-1:317887603465:function:search_results_stream_consumer",
            "function_response_types": [],
            "id": "aa97b3cb-8af9-4ba5-9fec-b08d11500e9c",
            "last_modified": "2021-10-23T21:28:00Z",
            "last_processing_result": "OK",
            "maximum_batching_window_in_seconds": 0,
            "maximum_record_age_in_seconds": 60,
            "maximum_retry_attempts": 5,
            "parallelization_factor": 1,
            "queues": [],
            "self_managed_event_source": [],
            "source_access_configuration": [],
            "starting_position": "LATEST",
            "starting_position_timestamp": "",
            "state": "Enabled",
            "state_transition_reason": "User action",
            "topics": [],
            "tumbling_window_in_seconds": 0,
            "uuid": "aa97b3cb-8af9-4ba5-9fec-b08d11500e9c"
          },
          "sensitive_attributes": [],
          "private": "bnVsbA==",
          "dependencies": [
            "aws_dynamodb_table.keywords",
            "aws_dynamodb_table.search_results",
            "aws_sqs_queue.search_results_notifications",
            "aws_sqs_queue.search_results_notifications_dlq",
            "aws_sqs_queue.search_results_stream_consumer_dlq",
            "aws_sqs_queue.sync_search_results_to_es_dlq",
            "aws_cloudwatch_log_group.search_results_stream_consumer",
            "aws_dynamodb_table.users",
            "aws_elasticsearch_domain.main",
            "aws_iam_role.lambda_default",
            "aws_lambda_function.search_results_stream_consumer",
            "aws_sqs_queue.sync_search_results_to_es"
          ]
        }
      ]
    },
    {
      "mode": "managed",
      "type": "aws_lambda_event_source_mapping",
      "name": "sync_search_results_to_es_mapping",
      "provider": "provider[\"registry.terraform.io/hashicorp/aws\"]",
      "instances": [
        {
          "schema_version": 0,
          "attributes": {
            "batch_size": 10,
            "bisect_batch_on_function_error": false,
            "destination_config": [],
            "enabled": true,
            "event_source_arn": "arn:aws:sqs:us-east-1:317887603465:sync_search_results_to_es",
            "function_arn": "arn:aws:lambda:us-east-1:317887603465:function:sync_search_results_to_es",
            "function_name": "arn:aws:lambda:us-east-1:317887603465:function:sync_search_results_to_es",
            "function_response_types": [],
            "id": "0f794953-a881-4d51-bf14-5af037706b8e",
            "last_modified": "2021-04-12T21:19:50Z",
            "last_processing_result": "",
            "maximum_batching_window_in_seconds": 0,
            "maximum_record_age_in_seconds": 0,
            "maximum_retry_attempts": 0,
            "parallelization_factor": 0,
            "queues": [],
            "self_managed_event_source": [],
            "source_access_configuration": [],
            "starting_position": "",
            "starting_position_timestamp": "",
            "state": "Enabled",
            "state_transition_reason": "USER_INITIATED",
            "topics": [],
            "tumbling_window_in_seconds": 0,
            "uuid": "0f794953-a881-4d51-bf14-5af037706b8e"
          },
          "sensitive_attributes": [],
          "private": "bnVsbA==",
          "dependencies": [
            "aws_cloudwatch_log_group.sync_search_results_to_es",
            "aws_dynamodb_table.keywords",
            "aws_dynamodb_table.search_results",
            "aws_sqs_queue.search_results_notifications",
            "aws_sqs_queue.search_results_notifications_dlq",
            "aws_sqs_queue.sync_search_results_to_es_dlq",
            "aws_dynamodb_table.users",
            "aws_elasticsearch_domain.main",
            "aws_iam_role.lambda_default",
            "aws_lambda_function.sync_search_results_to_es",
            "aws_sqs_queue.sync_search_results_to_es"
          ]
        }
      ]
    },
    {
      "mode": "managed",
      "type": "aws_lambda_event_source_mapping",
      "name": "twitter_search_jobs_mapping",
      "provider": "provider[\"registry.terraform.io/hashicorp/aws\"]",
      "instances": [
        {
          "schema_version": 0,
          "attributes": {
            "batch_size": 1,
            "bisect_batch_on_function_error": false,
            "destination_config": [],
            "enabled": true,
            "event_source_arn": "arn:aws:sqs:us-east-1:317887603465:twitter_search_jobs",
            "function_arn": "arn:aws:lambda:us-east-1:317887603465:function:search_twitter",
            "function_name": "arn:aws:lambda:us-east-1:317887603465:function:search_twitter",
            "function_response_types": [],
            "id": "33ba4d79-47a4-431f-9750-b7fc2736eb39",
            "last_modified": "2021-03-21T21:21:09Z",
            "last_processing_result": "",
            "maximum_batching_window_in_seconds": 0,
            "maximum_record_age_in_seconds": 0,
            "maximum_retry_attempts": 0,
            "parallelization_factor": 0,
            "queues": [],
            "self_managed_event_source": [],
            "source_access_configuration": [],
            "starting_position": "",
            "starting_position_timestamp": "",
            "state": "Enabled",
            "state_transition_reason": "USER_INITIATED",
            "topics": [],
            "tumbling_window_in_seconds": 0,
            "uuid": "33ba4d79-47a4-431f-9750-b7fc2736eb39"
          },
          "sensitive_attributes": [],
          "private": "bnVsbA==",
          "dependencies": [
            "aws_iam_role.lambda_default",
            "aws_lambda_function.search_twitter",
            "aws_sqs_queue.search_results_notifications",
            "aws_sqs_queue.search_results_notifications_dlq",
            "aws_sqs_queue.sync_search_results_to_es_dlq",
            "aws_sqs_queue.twitter_search_jobs",
            "aws_cloudwatch_log_group.search_twitter",
            "aws_dynamodb_table.keywords",
            "aws_elasticsearch_domain.main",
            "aws_sqs_queue.sync_search_results_to_es",
            "aws_sqs_queue.twitter_search_jobs_dlq",
            "aws_dynamodb_table.search_results",
            "aws_dynamodb_table.users"
          ]
        }
      ]
    },
    {
      "mode": "managed",
      "type": "aws_lambda_event_source_mapping",
      "name": "users_stream_consumer",
      "provider": "provider[\"registry.terraform.io/hashicorp/aws\"]",
      "instances": [
        {
          "schema_version": 0,
          "attributes": {
            "batch_size": 1,
            "bisect_batch_on_function_error": false,
            "destination_config": [
              {
                "on_failure": [
                  {
                    "destination_arn": "arn:aws:sqs:us-east-1:317887603465:users_stream_consumer_dlq"
                  }
                ]
              }
            ],
            "enabled": true,
            "event_source_arn": "arn:aws:dynamodb:us-east-1:317887603465:table/users/stream/2021-04-05T20:00:56.069",
            "function_arn": "arn:aws:lambda:us-east-1:317887603465:function:users_stream_consumer",
            "function_name": "arn:aws:lambda:us-east-1:317887603465:function:users_stream_consumer",
            "function_response_types": [],
            "id": "bc029a30-567e-42fd-bfc4-8e5491cfd568",
            "last_modified": "2021-10-12T16:37:00Z",
            "last_processing_result": "OK",
            "maximum_batching_window_in_seconds": 0,
            "maximum_record_age_in_seconds": 60,
            "maximum_retry_attempts": 5,
            "parallelization_factor": 1,
            "queues": [],
            "self_managed_event_source": [],
            "source_access_configuration": [],
            "starting_position": "LATEST",
            "starting_position_timestamp": "",
            "state": "Enabled",
            "state_transition_reason": "User action",
            "topics": [],
            "tumbling_window_in_seconds": 0,
            "uuid": "bc029a30-567e-42fd-bfc4-8e5491cfd568"
          },
          "sensitive_attributes": [],
          "private": "bnVsbA==",
          "dependencies": [
            "aws_elasticsearch_domain.main",
            "aws_lambda_function.users_stream_consumer",
            "aws_sqs_queue.search_results_notifications",
            "aws_sqs_queue.sync_search_results_to_es",
            "aws_sqs_queue.sync_search_results_to_es_dlq",
            "aws_sqs_queue.users_stream_consumer_dlq",
            "aws_cloudwatch_log_group.users_stream_consumer",
            "aws_dynamodb_table.keywords",
            "aws_dynamodb_table.search_results",
            "aws_dynamodb_table.users",
            "aws_iam_role.lambda_default",
            "aws_sqs_queue.search_results_notifications_dlq"
          ]
        }
      ]
    },
    {
      "mode": "managed",
      "type": "aws_lambda_event_source_mapping",
      "name": "youtube_search_jobs_mapping",
      "provider": "provider[\"registry.terraform.io/hashicorp/aws\"]",
      "instances": [
        {
          "schema_version": 0,
          "attributes": {
            "batch_size": 1,
            "bisect_batch_on_function_error": false,
            "destination_config": [],
            "enabled": true,
            "event_source_arn": "arn:aws:sqs:us-east-1:317887603465:youtube_search_jobs",
            "function_arn": "arn:aws:lambda:us-east-1:317887603465:function:search_youtube",
            "function_name": "arn:aws:lambda:us-east-1:317887603465:function:search_youtube",
            "function_response_types": [],
            "id": "7db59c3b-2a40-497d-8e9d-0e07a8e52351",
            "last_modified": "2021-08-04T13:50:34Z",
            "last_processing_result": "",
            "maximum_batching_window_in_seconds": 0,
            "maximum_record_age_in_seconds": 0,
            "maximum_retry_attempts": 0,
            "parallelization_factor": 0,
            "queues": [],
            "self_managed_event_source": [],
            "source_access_configuration": [],
            "starting_position": "",
            "starting_position_timestamp": "",
            "state": "Enabled",
            "state_transition_reason": "USER_INITIATED",
            "topics": [],
            "tumbling_window_in_seconds": 0,
            "uuid": "7db59c3b-2a40-497d-8e9d-0e07a8e52351"
          },
          "sensitive_attributes": [],
          "private": "bnVsbA==",
          "dependencies": [
            "aws_iam_role.lambda_default",
            "aws_lambda_function.search_youtube",
            "aws_sqs_queue.search_results_notifications",
            "aws_sqs_queue.sync_search_results_to_es",
            "aws_sqs_queue.sync_search_results_to_es_dlq",
            "aws_sqs_queue.youtube_search_jobs",
            "aws_dynamodb_table.keywords",
            "aws_dynamodb_table.users",
            "aws_sqs_queue.youtube_search_jobs_dlq",
            "aws_elasticsearch_domain.main",
            "aws_sqs_queue.search_results_notifications_dlq",
            "aws_cloudwatch_log_group.search_youtube",
            "aws_dynamodb_table.search_results"
          ]
        }
      ]
    },
    {
      "mode": "managed",
      "type": "aws_lambda_function",
      "name": "add_tag_to_result",
      "provider": "provider[\"registry.terraform.io/hashicorp/aws\"]",
      "instances": [
        {
          "schema_version": 0,
          "attributes": {
            "architectures": [
              "arm64"
            ],
            "arn": "arn:aws:lambda:us-east-1:317887603465:function:add_tag_to_result",
            "code_signing_config_arn": "",
            "dead_letter_config": [],
            "description": "Adds a user result tag to a search result",
            "environment": [
              {
                "variables": {
                  "AWS_NODEJS_CONNECTION_REUSE_ENABLED": "1",
                  "ENV": "dev",
                  "KEYWORDS_TABLE_NAME": "keywords",
                  "MAIN_ELASTIC_SEARCH_URL": "https://search-main-4n3p5dmsencx7oqrf5p23qqocu.us-east-1.es.amazonaws.com",
                  "NODE_OPTIONS": "--enable-source-maps",
                  "NOTIFICATION_JOBS_QUEUE_TEMPLATE_NAME": "{notificationMedium}_notification_jobs",
                  "REPORT_JOBS_QUEUE_TEMPLATE_NAME": "{reportMedium}_report_jobs",
                  "SEARCH_JOBS_QUEUE_TEMPLATE_NAME": "{socialMedia}_search_jobs",
                  "SEARCH_RESULTS_NOTIFICATIONS_QUEUE_URL": "https://sqs.us-east-1.amazonaws.com/317887603465/search_results_notifications",
                  "SEARCH_RESULTS_TABLE_NAME": "search_results",
                  "SEARCH_RESULT_INDEX_VERSION": "1",
                  "STRIPE_PRODUCT_NORMAL_ID": "price_1JoW0JDuqMWaCw56Dh44xBmR",
                  "STRIPE_PRODUCT_TEST_ID": "price_1JoW0JDuqMWaCw56Dh44xBmR",
                  "SYNC_SEARCH_RESULTS_TO_ES_QUEUE_URL": "https://sqs.us-east-1.amazonaws.com/317887603465/sync_search_results_to_es",
                  "USERS_TABLE_NAME": "users"
                }
              }
            ],
            "file_system_config": [],
            "filename": "/Users/diogovasconcelos/repos/social_watcher_v2/backend/.out/addTagToResultHandler.zip",
            "function_name": "add_tag_to_result",
            "handler": "index.lambdaHandler",
            "id": "add_tag_to_result",
            "image_config": [],
            "image_uri": "",
            "invoke_arn": "arn:aws:apigateway:us-east-1:lambda:path/2015-03-31/functions/arn:aws:lambda:us-east-1:317887603465:function:add_tag_to_result/invocations",
            "kms_key_arn": "",
            "last_modified": "2021-10-25T16:32:32.653+0000",
            "layers": [],
            "memory_size": 128,
            "package_type": "Zip",
            "publish": false,
            "qualified_arn": "arn:aws:lambda:us-east-1:317887603465:function:add_tag_to_result:$LATEST",
            "reserved_concurrent_executions": -1,
            "role": "arn:aws:iam::317887603465:role/lambda_default",
            "runtime": "nodejs14.x",
            "s3_bucket": null,
            "s3_key": null,
            "s3_object_version": null,
            "signing_job_arn": "",
            "signing_profile_version_arn": "",
            "source_code_hash": "XQcE8OFC/OgZLDtpARdoz8VBE0/7sDizgmh3GILY9ak=",
            "source_code_size": 964569,
            "tags": {
              "project": "social watcher"
            },
            "tags_all": {
              "project": "social watcher"
            },
            "timeout": 3,
            "timeouts": null,
            "tracing_config": [
              {
                "mode": "PassThrough"
              }
            ],
            "version": "$LATEST",
            "vpc_config": []
          },
          "sensitive_attributes": [],
          "private": "eyJlMmJmYjczMC1lY2FhLTExZTYtOGY4OC0zNDM2M2JjN2M0YzAiOnsiY3JlYXRlIjo2MDAwMDAwMDAwMDB9fQ==",
          "dependencies": [
            "aws_cloudwatch_log_group.add_tag_to_result",
            "aws_dynamodb_table.keywords",
            "aws_dynamodb_table.search_results",
            "aws_dynamodb_table.users",
            "aws_elasticsearch_domain.main",
            "aws_iam_role.lambda_default",
            "aws_sqs_queue.search_results_notifications",
            "aws_sqs_queue.sync_search_results_to_es"
          ],
          "create_before_destroy": true
        }
      ]
    },
    {
      "mode": "managed",
      "type": "aws_lambda_function",
      "name": "cognito_pre_signup",
      "provider": "provider[\"registry.terraform.io/hashicorp/aws\"]",
      "instances": [
        {
          "schema_version": 0,
          "attributes": {
            "architectures": [
              "arm64"
            ],
            "arn": "arn:aws:lambda:us-east-1:317887603465:function:cognito_pre_signup",
            "code_signing_config_arn": "",
            "dead_letter_config": [],
            "description": "Pre-signup lambda for cognito user pool.",
            "environment": [
              {
                "variables": {
                  "AWS_NODEJS_CONNECTION_REUSE_ENABLED": "1",
                  "ENV": "dev",
                  "KEYWORDS_TABLE_NAME": "keywords",
                  "MAIN_ELASTIC_SEARCH_URL": "https://search-main-4n3p5dmsencx7oqrf5p23qqocu.us-east-1.es.amazonaws.com",
                  "NODE_OPTIONS": "--enable-source-maps",
                  "NOTIFICATION_JOBS_QUEUE_TEMPLATE_NAME": "{notificationMedium}_notification_jobs",
                  "REPORT_JOBS_QUEUE_TEMPLATE_NAME": "{reportMedium}_report_jobs",
                  "SEARCH_JOBS_QUEUE_TEMPLATE_NAME": "{socialMedia}_search_jobs",
                  "SEARCH_RESULTS_NOTIFICATIONS_QUEUE_URL": "https://sqs.us-east-1.amazonaws.com/317887603465/search_results_notifications",
                  "SEARCH_RESULTS_TABLE_NAME": "search_results",
                  "SEARCH_RESULT_INDEX_VERSION": "1",
                  "STRIPE_PRODUCT_NORMAL_ID": "price_1JoW0JDuqMWaCw56Dh44xBmR",
                  "STRIPE_PRODUCT_TEST_ID": "price_1JoW0JDuqMWaCw56Dh44xBmR",
                  "SYNC_SEARCH_RESULTS_TO_ES_QUEUE_URL": "https://sqs.us-east-1.amazonaws.com/317887603465/sync_search_results_to_es",
                  "USERS_TABLE_NAME": "users"
                }
              }
            ],
            "file_system_config": [],
            "filename": "/Users/diogovasconcelos/repos/social_watcher_v2/backend/.out/cognitoPreSignupHandler.zip",
            "function_name": "cognito_pre_signup",
            "handler": "index.lambdaHandler",
            "id": "cognito_pre_signup",
            "image_config": [],
            "image_uri": "",
            "invoke_arn": "arn:aws:apigateway:us-east-1:lambda:path/2015-03-31/functions/arn:aws:lambda:us-east-1:317887603465:function:cognito_pre_signup/invocations",
            "kms_key_arn": "",
            "last_modified": "2021-10-25T16:31:27.356+0000",
            "layers": [],
            "memory_size": 256,
            "package_type": "Zip",
            "publish": false,
            "qualified_arn": "arn:aws:lambda:us-east-1:317887603465:function:cognito_pre_signup:$LATEST",
            "reserved_concurrent_executions": -1,
            "role": "arn:aws:iam::317887603465:role/lambda_default",
            "runtime": "nodejs14.x",
            "s3_bucket": null,
            "s3_key": null,
            "s3_object_version": null,
            "signing_job_arn": "",
            "signing_profile_version_arn": "",
            "source_code_hash": "041nPB6PVyfWwZIl47wcVrnqnmof2aF4LfLNjsSAJr4=",
            "source_code_size": 1065740,
            "tags": {
              "project": "social watcher"
            },
            "tags_all": {
              "project": "social watcher"
            },
            "timeout": 10,
            "timeouts": null,
            "tracing_config": [
              {
                "mode": "PassThrough"
              }
            ],
            "version": "$LATEST",
            "vpc_config": []
          },
          "sensitive_attributes": [],
          "private": "eyJlMmJmYjczMC1lY2FhLTExZTYtOGY4OC0zNDM2M2JjN2M0YzAiOnsiY3JlYXRlIjo2MDAwMDAwMDAwMDB9fQ==",
          "dependencies": [
            "aws_cloudwatch_log_group.cognito_pre_signup",
            "aws_dynamodb_table.keywords",
            "aws_dynamodb_table.search_results",
            "aws_dynamodb_table.users",
            "aws_elasticsearch_domain.main",
            "aws_iam_role.lambda_default",
            "aws_sqs_queue.search_results_notifications",
            "aws_sqs_queue.sync_search_results_to_es"
          ],
          "create_before_destroy": true
        }
      ]
    },
    {
      "mode": "managed",
      "type": "aws_lambda_function",
      "name": "create_payments_portal",
      "provider": "provider[\"registry.terraform.io/hashicorp/aws\"]",
      "instances": [
        {
          "schema_version": 0,
          "attributes": {
            "architectures": [
              "arm64"
            ],
            "arn": "arn:aws:lambda:us-east-1:317887603465:function:create_payments_portal",
            "code_signing_config_arn": "",
            "dead_letter_config": [],
            "description": "Lambda for create Payments/Stripe Portal Session",
            "environment": [
              {
                "variables": {
                  "AWS_NODEJS_CONNECTION_REUSE_ENABLED": "1",
                  "ENV": "dev",
                  "KEYWORDS_TABLE_NAME": "keywords",
                  "MAIN_ELASTIC_SEARCH_URL": "https://search-main-4n3p5dmsencx7oqrf5p23qqocu.us-east-1.es.amazonaws.com",
                  "NODE_OPTIONS": "--enable-source-maps",
                  "NOTIFICATION_JOBS_QUEUE_TEMPLATE_NAME": "{notificationMedium}_notification_jobs",
                  "REPORT_JOBS_QUEUE_TEMPLATE_NAME": "{reportMedium}_report_jobs",
                  "SEARCH_JOBS_QUEUE_TEMPLATE_NAME": "{socialMedia}_search_jobs",
                  "SEARCH_RESULTS_NOTIFICATIONS_QUEUE_URL": "https://sqs.us-east-1.amazonaws.com/317887603465/search_results_notifications",
                  "SEARCH_RESULTS_TABLE_NAME": "search_results",
                  "SEARCH_RESULT_INDEX_VERSION": "1",
                  "STRIPE_PRODUCT_NORMAL_ID": "price_1JoW0JDuqMWaCw56Dh44xBmR",
                  "STRIPE_PRODUCT_TEST_ID": "price_1JoW0JDuqMWaCw56Dh44xBmR",
                  "SYNC_SEARCH_RESULTS_TO_ES_QUEUE_URL": "https://sqs.us-east-1.amazonaws.com/317887603465/sync_search_results_to_es",
                  "USERS_TABLE_NAME": "users"
                }
              }
            ],
            "file_system_config": [],
            "filename": "/Users/diogovasconcelos/repos/social_watcher_v2/backend/.out/createPaymentsPortalHandler.zip",
            "function_name": "create_payments_portal",
            "handler": "index.lambdaHandler",
            "id": "create_payments_portal",
            "image_config": [],
            "image_uri": "",
            "invoke_arn": "arn:aws:apigateway:us-east-1:lambda:path/2015-03-31/functions/arn:aws:lambda:us-east-1:317887603465:function:create_payments_portal/invocations",
            "kms_key_arn": "",
            "last_modified": "2021-10-25T16:31:35.337+0000",
            "layers": [],
            "memory_size": 128,
            "package_type": "Zip",
            "publish": false,
            "qualified_arn": "arn:aws:lambda:us-east-1:317887603465:function:create_payments_portal:$LATEST",
            "reserved_concurrent_executions": -1,
            "role": "arn:aws:iam::317887603465:role/lambda_default",
            "runtime": "nodejs14.x",
            "s3_bucket": null,
            "s3_key": null,
            "s3_object_version": null,
            "signing_job_arn": "",
            "signing_profile_version_arn": "",
            "source_code_hash": "sYdsAtKO2r/HtEViKmHCPoWz1YgQII2Xgey+QkfhdhE=",
            "source_code_size": 1064815,
            "tags": {
              "project": "social watcher"
            },
            "tags_all": {
              "project": "social watcher"
            },
            "timeout": 3,
            "timeouts": null,
            "tracing_config": [
              {
                "mode": "PassThrough"
              }
            ],
            "version": "$LATEST",
            "vpc_config": []
          },
          "sensitive_attributes": [],
          "private": "eyJlMmJmYjczMC1lY2FhLTExZTYtOGY4OC0zNDM2M2JjN2M0YzAiOnsiY3JlYXRlIjo2MDAwMDAwMDAwMDB9fQ==",
          "dependencies": [
            "aws_cloudwatch_log_group.create_payments_portal",
            "aws_dynamodb_table.keywords",
            "aws_dynamodb_table.search_results",
            "aws_dynamodb_table.users",
            "aws_elasticsearch_domain.main",
            "aws_iam_role.lambda_default",
            "aws_sqs_queue.search_results_notifications",
            "aws_sqs_queue.sync_search_results_to_es"
          ],
          "create_before_destroy": true
        }
      ]
    },
    {
      "mode": "managed",
      "type": "aws_lambda_function",
      "name": "create_search_object",
      "provider": "provider[\"registry.terraform.io/hashicorp/aws\"]",
      "instances": [
        {
          "schema_version": 0,
          "attributes": {
            "architectures": [
              "arm64"
            ],
            "arn": "arn:aws:lambda:us-east-1:317887603465:function:create_search_object",
            "code_signing_config_arn": "",
            "dead_letter_config": [],
            "description": "Creates a SearcObject",
            "environment": [
              {
                "variables": {
                  "AWS_NODEJS_CONNECTION_REUSE_ENABLED": "1",
                  "ENV": "dev",
                  "KEYWORDS_TABLE_NAME": "keywords",
                  "MAIN_ELASTIC_SEARCH_URL": "https://search-main-4n3p5dmsencx7oqrf5p23qqocu.us-east-1.es.amazonaws.com",
                  "NODE_OPTIONS": "--enable-source-maps",
                  "NOTIFICATION_JOBS_QUEUE_TEMPLATE_NAME": "{notificationMedium}_notification_jobs",
                  "REPORT_JOBS_QUEUE_TEMPLATE_NAME": "{reportMedium}_report_jobs",
                  "SEARCH_JOBS_QUEUE_TEMPLATE_NAME": "{socialMedia}_search_jobs",
                  "SEARCH_RESULTS_NOTIFICATIONS_QUEUE_URL": "https://sqs.us-east-1.amazonaws.com/317887603465/search_results_notifications",
                  "SEARCH_RESULTS_TABLE_NAME": "search_results",
                  "SEARCH_RESULT_INDEX_VERSION": "1",
                  "STRIPE_PRODUCT_NORMAL_ID": "price_1JoW0JDuqMWaCw56Dh44xBmR",
                  "STRIPE_PRODUCT_TEST_ID": "price_1JoW0JDuqMWaCw56Dh44xBmR",
                  "SYNC_SEARCH_RESULTS_TO_ES_QUEUE_URL": "https://sqs.us-east-1.amazonaws.com/317887603465/sync_search_results_to_es",
                  "USERS_TABLE_NAME": "users"
                }
              }
            ],
            "file_system_config": [],
            "filename": "/Users/diogovasconcelos/repos/social_watcher_v2/backend/.out/createSearchObjectHandler.zip",
            "function_name": "create_search_object",
            "handler": "index.lambdaHandler",
            "id": "create_search_object",
            "image_config": [],
            "image_uri": "",
            "invoke_arn": "arn:aws:apigateway:us-east-1:lambda:path/2015-03-31/functions/arn:aws:lambda:us-east-1:317887603465:function:create_search_object/invocations",
            "kms_key_arn": "",
            "last_modified": "2021-10-25T16:32:24.276+0000",
            "layers": [],
            "memory_size": 128,
            "package_type": "Zip",
            "publish": false,
            "qualified_arn": "arn:aws:lambda:us-east-1:317887603465:function:create_search_object:$LATEST",
            "reserved_concurrent_executions": -1,
            "role": "arn:aws:iam::317887603465:role/lambda_default",
            "runtime": "nodejs14.x",
            "s3_bucket": null,
            "s3_key": null,
            "s3_object_version": null,
            "signing_job_arn": "",
            "signing_profile_version_arn": "",
            "source_code_hash": "cO8N8bUssZ39tiy89ERZ+ekMVqcMCi7l0Ua4yjm7HRQ=",
            "source_code_size": 966805,
            "tags": {
              "project": "social watcher"
            },
            "tags_all": {
              "project": "social watcher"
            },
            "timeout": 3,
            "timeouts": null,
            "tracing_config": [
              {
                "mode": "PassThrough"
              }
            ],
            "version": "$LATEST",
            "vpc_config": []
          },
          "sensitive_attributes": [],
          "private": "eyJlMmJmYjczMC1lY2FhLTExZTYtOGY4OC0zNDM2M2JjN2M0YzAiOnsiY3JlYXRlIjo2MDAwMDAwMDAwMDB9fQ==",
          "dependencies": [
            "aws_cloudwatch_log_group.create_search_object",
            "aws_dynamodb_table.keywords",
            "aws_dynamodb_table.search_results",
            "aws_dynamodb_table.users",
            "aws_elasticsearch_domain.main",
            "aws_iam_role.lambda_default",
            "aws_sqs_queue.search_results_notifications",
            "aws_sqs_queue.sync_search_results_to_es"
          ],
          "create_before_destroy": true
        }
      ]
    },
    {
      "mode": "managed",
      "type": "aws_lambda_function",
      "name": "delete_search_object",
      "provider": "provider[\"registry.terraform.io/hashicorp/aws\"]",
      "instances": [
        {
          "schema_version": 0,
          "attributes": {
            "architectures": [
              "arm64"
            ],
            "arn": "arn:aws:lambda:us-east-1:317887603465:function:delete_search_object",
            "code_signing_config_arn": "",
            "dead_letter_config": [],
            "description": "Deletes a SearcObject",
            "environment": [
              {
                "variables": {
                  "AWS_NODEJS_CONNECTION_REUSE_ENABLED": "1",
                  "ENV": "dev",
                  "KEYWORDS_TABLE_NAME": "keywords",
                  "MAIN_ELASTIC_SEARCH_URL": "https://search-main-4n3p5dmsencx7oqrf5p23qqocu.us-east-1.es.amazonaws.com",
                  "NODE_OPTIONS": "--enable-source-maps",
                  "NOTIFICATION_JOBS_QUEUE_TEMPLATE_NAME": "{notificationMedium}_notification_jobs",
                  "REPORT_JOBS_QUEUE_TEMPLATE_NAME": "{reportMedium}_report_jobs",
                  "SEARCH_JOBS_QUEUE_TEMPLATE_NAME": "{socialMedia}_search_jobs",
                  "SEARCH_RESULTS_NOTIFICATIONS_QUEUE_URL": "https://sqs.us-east-1.amazonaws.com/317887603465/search_results_notifications",
                  "SEARCH_RESULTS_TABLE_NAME": "search_results",
                  "SEARCH_RESULT_INDEX_VERSION": "1",
                  "STRIPE_PRODUCT_NORMAL_ID": "price_1JoW0JDuqMWaCw56Dh44xBmR",
                  "STRIPE_PRODUCT_TEST_ID": "price_1JoW0JDuqMWaCw56Dh44xBmR",
                  "SYNC_SEARCH_RESULTS_TO_ES_QUEUE_URL": "https://sqs.us-east-1.amazonaws.com/317887603465/sync_search_results_to_es",
                  "USERS_TABLE_NAME": "users"
                }
              }
            ],
            "file_system_config": [],
            "filename": "/Users/diogovasconcelos/repos/social_watcher_v2/backend/.out/deleteSearchObjectHandler.zip",
            "function_name": "delete_search_object",
            "handler": "index.lambdaHandler",
            "id": "delete_search_object",
            "image_config": [],
            "image_uri": "",
            "invoke_arn": "arn:aws:apigateway:us-east-1:lambda:path/2015-03-31/functions/arn:aws:lambda:us-east-1:317887603465:function:delete_search_object/invocations",
            "kms_key_arn": "",
            "last_modified": "2021-10-25T16:30:30.744+0000",
            "layers": [],
            "memory_size": 128,
            "package_type": "Zip",
            "publish": false,
            "qualified_arn": "arn:aws:lambda:us-east-1:317887603465:function:delete_search_object:$LATEST",
            "reserved_concurrent_executions": -1,
            "role": "arn:aws:iam::317887603465:role/lambda_default",
            "runtime": "nodejs14.x",
            "s3_bucket": null,
            "s3_key": null,
            "s3_object_version": null,
            "signing_job_arn": "",
            "signing_profile_version_arn": "",
            "source_code_hash": "sUFHhSKTk1dFjiIUMK0qx3lE1qzL95FszeRINOYIkbM=",
            "source_code_size": 962669,
            "tags": {
              "project": "social watcher"
            },
            "tags_all": {
              "project": "social watcher"
            },
            "timeout": 3,
            "timeouts": null,
            "tracing_config": [
              {
                "mode": "PassThrough"
              }
            ],
            "version": "$LATEST",
            "vpc_config": []
          },
          "sensitive_attributes": [],
          "private": "eyJlMmJmYjczMC1lY2FhLTExZTYtOGY4OC0zNDM2M2JjN2M0YzAiOnsiY3JlYXRlIjo2MDAwMDAwMDAwMDB9fQ==",
          "dependencies": [
            "aws_cloudwatch_log_group.delete_search_object",
            "aws_dynamodb_table.keywords",
            "aws_dynamodb_table.search_results",
            "aws_dynamodb_table.users",
            "aws_elasticsearch_domain.main",
            "aws_iam_role.lambda_default",
            "aws_sqs_queue.search_results_notifications",
            "aws_sqs_queue.sync_search_results_to_es"
          ],
          "create_before_destroy": true
        }
      ]
    },
    {
      "mode": "managed",
      "type": "aws_lambda_function",
      "name": "dispatch_notification_jobs",
      "provider": "provider[\"registry.terraform.io/hashicorp/aws\"]",
      "instances": [
        {
          "schema_version": 0,
          "attributes": {
            "architectures": [
              "arm64"
            ],
            "arn": "arn:aws:lambda:us-east-1:317887603465:function:dispatch_notification_jobs",
            "code_signing_config_arn": "",
            "dead_letter_config": [],
            "description": "Dispatches Notification jobs for the different notification mediums",
            "environment": [
              {
                "variables": {
                  "AWS_NODEJS_CONNECTION_REUSE_ENABLED": "1",
                  "ENV": "dev",
                  "KEYWORDS_TABLE_NAME": "keywords",
                  "MAIN_ELASTIC_SEARCH_URL": "https://search-main-4n3p5dmsencx7oqrf5p23qqocu.us-east-1.es.amazonaws.com",
                  "NODE_OPTIONS": "--enable-source-maps",
                  "NOTIFICATION_JOBS_QUEUE_TEMPLATE_NAME": "{notificationMedium}_notification_jobs",
                  "REPORT_JOBS_QUEUE_TEMPLATE_NAME": "{reportMedium}_report_jobs",
                  "SEARCH_JOBS_QUEUE_TEMPLATE_NAME": "{socialMedia}_search_jobs",
                  "SEARCH_RESULTS_NOTIFICATIONS_QUEUE_URL": "https://sqs.us-east-1.amazonaws.com/317887603465/search_results_notifications",
                  "SEARCH_RESULTS_TABLE_NAME": "search_results",
                  "SEARCH_RESULT_INDEX_VERSION": "1",
                  "STRIPE_PRODUCT_NORMAL_ID": "price_1JoW0JDuqMWaCw56Dh44xBmR",
                  "STRIPE_PRODUCT_TEST_ID": "price_1JoW0JDuqMWaCw56Dh44xBmR",
                  "SYNC_SEARCH_RESULTS_TO_ES_QUEUE_URL": "https://sqs.us-east-1.amazonaws.com/317887603465/sync_search_results_to_es",
                  "USERS_TABLE_NAME": "users"
                }
              }
            ],
            "file_system_config": [],
            "filename": "/Users/diogovasconcelos/repos/social_watcher_v2/backend/.out/dispatchNotificationJobsHandler.zip",
            "function_name": "dispatch_notification_jobs",
            "handler": "index.lambdaHandler",
            "id": "dispatch_notification_jobs",
            "image_config": [],
            "image_uri": "",
            "invoke_arn": "arn:aws:apigateway:us-east-1:lambda:path/2015-03-31/functions/arn:aws:lambda:us-east-1:317887603465:function:dispatch_notification_jobs/invocations",
            "kms_key_arn": "",
            "last_modified": "2021-10-25T16:30:38.757+0000",
            "layers": [],
            "memory_size": 256,
            "package_type": "Zip",
            "publish": false,
            "qualified_arn": "arn:aws:lambda:us-east-1:317887603465:function:dispatch_notification_jobs:$LATEST",
            "reserved_concurrent_executions": -1,
            "role": "arn:aws:iam::317887603465:role/lambda_default",
            "runtime": "nodejs14.x",
            "s3_bucket": null,
            "s3_key": null,
            "s3_object_version": null,
            "signing_job_arn": "",
            "signing_profile_version_arn": "",
            "source_code_hash": "VtLR2Dg5BrqI+2S0KlqB9vf5otg7No1/bxwoLq3kWGw=",
            "source_code_size": 962136,
            "tags": {
              "project": "social watcher"
            },
            "tags_all": {
              "project": "social watcher"
            },
            "timeout": 15,
            "timeouts": null,
            "tracing_config": [
              {
                "mode": "PassThrough"
              }
            ],
            "version": "$LATEST",
            "vpc_config": []
          },
          "sensitive_attributes": [],
          "private": "eyJlMmJmYjczMC1lY2FhLTExZTYtOGY4OC0zNDM2M2JjN2M0YzAiOnsiY3JlYXRlIjo2MDAwMDAwMDAwMDB9fQ==",
          "dependencies": [
            "aws_cloudwatch_log_group.dispatch_notification_jobs",
            "aws_dynamodb_table.keywords",
            "aws_dynamodb_table.search_results",
            "aws_dynamodb_table.users",
            "aws_elasticsearch_domain.main",
            "aws_iam_role.lambda_default",
            "aws_sqs_queue.search_results_notifications",
            "aws_sqs_queue.sync_search_results_to_es"
          ]
        }
      ]
    },
    {
      "mode": "managed",
      "type": "aws_lambda_function",
      "name": "dispatch_report_jobs",
      "provider": "provider[\"registry.terraform.io/hashicorp/aws\"]",
      "instances": [
        {
          "schema_version": 0,
          "attributes": {
            "architectures": [
              "arm64"
            ],
            "arn": "arn:aws:lambda:us-east-1:317887603465:function:dispatch_report_jobs",
            "code_signing_config_arn": "",
            "dead_letter_config": [],
            "description": "Queues Report jobs for users that requested reports on specific keywords to SQSs",
            "environment": [
              {
                "variables": {
                  "AWS_NODEJS_CONNECTION_REUSE_ENABLED": "1",
                  "ENV": "dev",
                  "KEYWORDS_TABLE_NAME": "keywords",
                  "MAIN_ELASTIC_SEARCH_URL": "https://search-main-4n3p5dmsencx7oqrf5p23qqocu.us-east-1.es.amazonaws.com",
                  "NODE_OPTIONS": "--enable-source-maps",
                  "NOTIFICATION_JOBS_QUEUE_TEMPLATE_NAME": "{notificationMedium}_notification_jobs",
                  "REPORT_JOBS_QUEUE_TEMPLATE_NAME": "{reportMedium}_report_jobs",
                  "SEARCH_JOBS_QUEUE_TEMPLATE_NAME": "{socialMedia}_search_jobs",
                  "SEARCH_RESULTS_NOTIFICATIONS_QUEUE_URL": "https://sqs.us-east-1.amazonaws.com/317887603465/search_results_notifications",
                  "SEARCH_RESULTS_TABLE_NAME": "search_results",
                  "SEARCH_RESULT_INDEX_VERSION": "1",
                  "STRIPE_PRODUCT_NORMAL_ID": "price_1JoW0JDuqMWaCw56Dh44xBmR",
                  "STRIPE_PRODUCT_TEST_ID": "price_1JoW0JDuqMWaCw56Dh44xBmR",
                  "SYNC_SEARCH_RESULTS_TO_ES_QUEUE_URL": "https://sqs.us-east-1.amazonaws.com/317887603465/sync_search_results_to_es",
                  "USERS_TABLE_NAME": "users"
                }
              }
            ],
            "file_system_config": [],
            "filename": "/Users/diogovasconcelos/repos/social_watcher_v2/backend/.out/dispatchReportJobsHandler.zip",
            "function_name": "dispatch_report_jobs",
            "handler": "index.lambdaHandler",
            "id": "dispatch_report_jobs",
            "image_config": [],
            "image_uri": "",
            "invoke_arn": "arn:aws:apigateway:us-east-1:lambda:path/2015-03-31/functions/arn:aws:lambda:us-east-1:317887603465:function:dispatch_report_jobs/invocations",
            "kms_key_arn": "",
            "last_modified": "2021-10-25T16:31:11.244+0000",
            "layers": [],
            "memory_size": 256,
            "package_type": "Zip",
            "publish": false,
            "qualified_arn": "arn:aws:lambda:us-east-1:317887603465:function:dispatch_report_jobs:$LATEST",
            "reserved_concurrent_executions": -1,
            "role": "arn:aws:iam::317887603465:role/lambda_default",
            "runtime": "nodejs14.x",
            "s3_bucket": null,
            "s3_key": null,
            "s3_object_version": null,
            "signing_job_arn": "",
            "signing_profile_version_arn": "",
            "source_code_hash": "4hy6W+jnJTWN75a/g+/3c5j2E7coBdUyZZY8WLKIxYc=",
            "source_code_size": 1883068,
            "tags": {
              "project": "social watcher"
            },
            "tags_all": {
              "project": "social watcher"
            },
            "timeout": 10,
            "timeouts": null,
            "tracing_config": [
              {
                "mode": "PassThrough"
              }
            ],
            "version": "$LATEST",
            "vpc_config": []
          },
          "sensitive_attributes": [],
          "private": "eyJlMmJmYjczMC1lY2FhLTExZTYtOGY4OC0zNDM2M2JjN2M0YzAiOnsiY3JlYXRlIjo2MDAwMDAwMDAwMDB9fQ==",
          "dependencies": [
            "aws_cloudwatch_log_group.dispatch_report_jobs",
            "aws_dynamodb_table.keywords",
            "aws_dynamodb_table.search_results",
            "aws_dynamodb_table.users",
            "aws_elasticsearch_domain.main",
            "aws_iam_role.lambda_default",
            "aws_sqs_queue.search_results_notifications",
            "aws_sqs_queue.sync_search_results_to_es"
          ]
        }
      ]
    },
    {
      "mode": "managed",
      "type": "aws_lambda_function",
      "name": "dispatch_search_jobs",
      "provider": "provider[\"registry.terraform.io/hashicorp/aws\"]",
      "instances": [
        {
          "schema_version": 0,
          "attributes": {
            "architectures": [
              "arm64"
            ],
            "arn": "arn:aws:lambda:us-east-1:317887603465:function:dispatch_search_jobs",
            "code_signing_config_arn": "",
            "dead_letter_config": [],
            "description": "Sends search jobs from Keywords table to SQSs",
            "environment": [
              {
                "variables": {
                  "AWS_NODEJS_CONNECTION_REUSE_ENABLED": "1",
                  "ENV": "dev",
                  "KEYWORDS_TABLE_NAME": "keywords",
                  "MAIN_ELASTIC_SEARCH_URL": "https://search-main-4n3p5dmsencx7oqrf5p23qqocu.us-east-1.es.amazonaws.com",
                  "NODE_OPTIONS": "--enable-source-maps",
                  "NOTIFICATION_JOBS_QUEUE_TEMPLATE_NAME": "{notificationMedium}_notification_jobs",
                  "REPORT_JOBS_QUEUE_TEMPLATE_NAME": "{reportMedium}_report_jobs",
                  "SEARCH_JOBS_QUEUE_TEMPLATE_NAME": "{socialMedia}_search_jobs",
                  "SEARCH_RESULTS_NOTIFICATIONS_QUEUE_URL": "https://sqs.us-east-1.amazonaws.com/317887603465/search_results_notifications",
                  "SEARCH_RESULTS_TABLE_NAME": "search_results",
                  "SEARCH_RESULT_INDEX_VERSION": "1",
                  "STRIPE_PRODUCT_NORMAL_ID": "price_1JoW0JDuqMWaCw56Dh44xBmR",
                  "STRIPE_PRODUCT_TEST_ID": "price_1JoW0JDuqMWaCw56Dh44xBmR",
                  "SYNC_SEARCH_RESULTS_TO_ES_QUEUE_URL": "https://sqs.us-east-1.amazonaws.com/317887603465/sync_search_results_to_es",
                  "USERS_TABLE_NAME": "users"
                }
              }
            ],
            "file_system_config": [],
            "filename": "/Users/diogovasconcelos/repos/social_watcher_v2/backend/.out/dispatchSearchJobsHandler.zip",
            "function_name": "dispatch_search_jobs",
            "handler": "index.lambdaHandler",
            "id": "dispatch_search_jobs",
            "image_config": [],
            "image_uri": "",
            "invoke_arn": "arn:aws:apigateway:us-east-1:lambda:path/2015-03-31/functions/arn:aws:lambda:us-east-1:317887603465:function:dispatch_search_jobs/invocations",
            "kms_key_arn": "",
            "last_modified": "2021-10-25T16:29:49.764+0000",
            "layers": [],
            "memory_size": 512,
            "package_type": "Zip",
            "publish": false,
            "qualified_arn": "arn:aws:lambda:us-east-1:317887603465:function:dispatch_search_jobs:$LATEST",
            "reserved_concurrent_executions": -1,
            "role": "arn:aws:iam::317887603465:role/lambda_default",
            "runtime": "nodejs14.x",
            "s3_bucket": null,
            "s3_key": null,
            "s3_object_version": null,
            "signing_job_arn": "",
            "signing_profile_version_arn": "",
            "source_code_hash": "H/rNIus51kBSXW3dokVUVHEPyOGVeA9adwHHPWUn8cg=",
            "source_code_size": 952517,
            "tags": {
              "project": "social watcher"
            },
            "tags_all": {
              "project": "social watcher"
            },
            "timeout": 10,
            "timeouts": null,
            "tracing_config": [
              {
                "mode": "PassThrough"
              }
            ],
            "version": "$LATEST",
            "vpc_config": []
          },
          "sensitive_attributes": [],
          "private": "eyJlMmJmYjczMC1lY2FhLTExZTYtOGY4OC0zNDM2M2JjN2M0YzAiOnsiY3JlYXRlIjo2MDAwMDAwMDAwMDB9fQ==",
          "dependencies": [
            "aws_cloudwatch_log_group.dispatch_search_jobs",
            "aws_dynamodb_table.keywords",
            "aws_dynamodb_table.search_results",
            "aws_dynamodb_table.users",
            "aws_elasticsearch_domain.main",
            "aws_iam_role.lambda_default",
            "aws_sqs_queue.search_results_notifications",
            "aws_sqs_queue.sync_search_results_to_es"
          ]
        }
      ]
    },
    {
      "mode": "managed",
      "type": "aws_lambda_function",
      "name": "get_default_search_object",
      "provider": "provider[\"registry.terraform.io/hashicorp/aws\"]",
      "instances": [
        {
          "schema_version": 0,
          "attributes": {
            "architectures": [
              "arm64"
            ],
            "arn": "arn:aws:lambda:us-east-1:317887603465:function:get_default_search_object",
            "code_signing_config_arn": "",
            "dead_letter_config": [],
            "description": "Get a default search object",
            "environment": [
              {
                "variables": {
                  "AWS_NODEJS_CONNECTION_REUSE_ENABLED": "1",
                  "ENV": "dev",
                  "KEYWORDS_TABLE_NAME": "keywords",
                  "MAIN_ELASTIC_SEARCH_URL": "https://search-main-4n3p5dmsencx7oqrf5p23qqocu.us-east-1.es.amazonaws.com",
                  "NODE_OPTIONS": "--enable-source-maps",
                  "NOTIFICATION_JOBS_QUEUE_TEMPLATE_NAME": "{notificationMedium}_notification_jobs",
                  "REPORT_JOBS_QUEUE_TEMPLATE_NAME": "{reportMedium}_report_jobs",
                  "SEARCH_JOBS_QUEUE_TEMPLATE_NAME": "{socialMedia}_search_jobs",
                  "SEARCH_RESULTS_NOTIFICATIONS_QUEUE_URL": "https://sqs.us-east-1.amazonaws.com/317887603465/search_results_notifications",
                  "SEARCH_RESULTS_TABLE_NAME": "search_results",
                  "SEARCH_RESULT_INDEX_VERSION": "1",
                  "STRIPE_PRODUCT_NORMAL_ID": "price_1JoW0JDuqMWaCw56Dh44xBmR",
                  "STRIPE_PRODUCT_TEST_ID": "price_1JoW0JDuqMWaCw56Dh44xBmR",
                  "SYNC_SEARCH_RESULTS_TO_ES_QUEUE_URL": "https://sqs.us-east-1.amazonaws.com/317887603465/sync_search_results_to_es",
                  "USERS_TABLE_NAME": "users"
                }
              }
            ],
            "file_system_config": [],
            "filename": "/Users/diogovasconcelos/repos/social_watcher_v2/backend/.out/getDefaultSearchObjectHandler.zip",
            "function_name": "get_default_search_object",
            "handler": "index.lambdaHandler",
            "id": "get_default_search_object",
            "image_config": [],
            "image_uri": "",
            "invoke_arn": "arn:aws:apigateway:us-east-1:lambda:path/2015-03-31/functions/arn:aws:lambda:us-east-1:317887603465:function:get_default_search_object/invocations",
            "kms_key_arn": "",
            "last_modified": "2021-10-25T16:29:41.768+0000",
            "layers": [],
            "memory_size": 128,
            "package_type": "Zip",
            "publish": false,
            "qualified_arn": "arn:aws:lambda:us-east-1:317887603465:function:get_default_search_object:$LATEST",
            "reserved_concurrent_executions": -1,
            "role": "arn:aws:iam::317887603465:role/lambda_default",
            "runtime": "nodejs14.x",
            "s3_bucket": null,
            "s3_key": null,
            "s3_object_version": null,
            "signing_job_arn": "",
            "signing_profile_version_arn": "",
            "source_code_hash": "aeM5nMmHIxtJ7FsuTAS0Anfn1xEssPufGB9rN04ys2I=",
            "source_code_size": 641267,
            "tags": {
              "project": "social watcher"
            },
            "tags_all": {
              "project": "social watcher"
            },
            "timeout": 3,
            "timeouts": null,
            "tracing_config": [
              {
                "mode": "PassThrough"
              }
            ],
            "version": "$LATEST",
            "vpc_config": []
          },
          "sensitive_attributes": [],
          "private": "eyJlMmJmYjczMC1lY2FhLTExZTYtOGY4OC0zNDM2M2JjN2M0YzAiOnsiY3JlYXRlIjo2MDAwMDAwMDAwMDB9fQ==",
          "dependencies": [
            "aws_cloudwatch_log_group.get_default_search_object",
            "aws_dynamodb_table.keywords",
            "aws_dynamodb_table.search_results",
            "aws_dynamodb_table.users",
            "aws_elasticsearch_domain.main",
            "aws_iam_role.lambda_default",
            "aws_sqs_queue.search_results_notifications",
            "aws_sqs_queue.sync_search_results_to_es"
          ],
          "create_before_destroy": true
        }
      ]
    },
    {
      "mode": "managed",
      "type": "aws_lambda_function",
      "name": "get_result_tags",
      "provider": "provider[\"registry.terraform.io/hashicorp/aws\"]",
      "instances": [
        {
          "schema_version": 0,
          "attributes": {
            "architectures": [
              "arm64"
            ],
            "arn": "arn:aws:lambda:us-east-1:317887603465:function:get_result_tags",
            "code_signing_config_arn": "",
            "dead_letter_config": [],
            "description": "Gets user's result tags",
            "environment": [
              {
                "variables": {
                  "AWS_NODEJS_CONNECTION_REUSE_ENABLED": "1",
                  "ENV": "dev",
                  "KEYWORDS_TABLE_NAME": "keywords",
                  "MAIN_ELASTIC_SEARCH_URL": "https://search-main-4n3p5dmsencx7oqrf5p23qqocu.us-east-1.es.amazonaws.com",
                  "NODE_OPTIONS": "--enable-source-maps",
                  "NOTIFICATION_JOBS_QUEUE_TEMPLATE_NAME": "{notificationMedium}_notification_jobs",
                  "REPORT_JOBS_QUEUE_TEMPLATE_NAME": "{reportMedium}_report_jobs",
                  "SEARCH_JOBS_QUEUE_TEMPLATE_NAME": "{socialMedia}_search_jobs",
                  "SEARCH_RESULTS_NOTIFICATIONS_QUEUE_URL": "https://sqs.us-east-1.amazonaws.com/317887603465/search_results_notifications",
                  "SEARCH_RESULTS_TABLE_NAME": "search_results",
                  "SEARCH_RESULT_INDEX_VERSION": "1",
                  "STRIPE_PRODUCT_NORMAL_ID": "price_1JoW0JDuqMWaCw56Dh44xBmR",
                  "STRIPE_PRODUCT_TEST_ID": "price_1JoW0JDuqMWaCw56Dh44xBmR",
                  "SYNC_SEARCH_RESULTS_TO_ES_QUEUE_URL": "https://sqs.us-east-1.amazonaws.com/317887603465/sync_search_results_to_es",
                  "USERS_TABLE_NAME": "users"
                }
              }
            ],
            "file_system_config": [],
            "filename": "/Users/diogovasconcelos/repos/social_watcher_v2/backend/.out/getResultTagsHandler.zip",
            "function_name": "get_result_tags",
            "handler": "index.lambdaHandler",
            "id": "get_result_tags",
            "image_config": [],
            "image_uri": "",
            "invoke_arn": "arn:aws:apigateway:us-east-1:lambda:path/2015-03-31/functions/arn:aws:lambda:us-east-1:317887603465:function:get_result_tags/invocations",
            "kms_key_arn": "",
            "last_modified": "2021-10-25T16:31:02.930+0000",
            "layers": [],
            "memory_size": 128,
            "package_type": "Zip",
            "publish": false,
            "qualified_arn": "arn:aws:lambda:us-east-1:317887603465:function:get_result_tags:$LATEST",
            "reserved_concurrent_executions": -1,
            "role": "arn:aws:iam::317887603465:role/lambda_default",
            "runtime": "nodejs14.x",
            "s3_bucket": null,
            "s3_key": null,
            "s3_object_version": null,
            "signing_job_arn": "",
            "signing_profile_version_arn": "",
            "source_code_hash": "H+ak07FN9OUiIxsLprppMZdwOV6s5jNPmLV0hQ/oWJY=",
            "source_code_size": 959055,
            "tags": {
              "project": "social watcher"
            },
            "tags_all": {
              "project": "social watcher"
            },
            "timeout": 3,
            "timeouts": null,
            "tracing_config": [
              {
                "mode": "PassThrough"
              }
            ],
            "version": "$LATEST",
            "vpc_config": []
          },
          "sensitive_attributes": [],
          "private": "eyJlMmJmYjczMC1lY2FhLTExZTYtOGY4OC0zNDM2M2JjN2M0YzAiOnsiY3JlYXRlIjo2MDAwMDAwMDAwMDB9fQ==",
          "dependencies": [
            "aws_cloudwatch_log_group.get_result_tags",
            "aws_dynamodb_table.keywords",
            "aws_dynamodb_table.search_results",
            "aws_dynamodb_table.users",
            "aws_elasticsearch_domain.main",
            "aws_iam_role.lambda_default",
            "aws_sqs_queue.search_results_notifications",
            "aws_sqs_queue.sync_search_results_to_es"
          ],
          "create_before_destroy": true
        }
      ]
    },
    {
      "mode": "managed",
      "type": "aws_lambda_function",
      "name": "get_search_object",
      "provider": "provider[\"registry.terraform.io/hashicorp/aws\"]",
      "instances": [
        {
          "schema_version": 0,
          "attributes": {
            "architectures": [
              "arm64"
            ],
            "arn": "arn:aws:lambda:us-east-1:317887603465:function:get_search_object",
            "code_signing_config_arn": "",
            "dead_letter_config": [],
            "description": "Gets user's search object by index",
            "environment": [
              {
                "variables": {
                  "AWS_NODEJS_CONNECTION_REUSE_ENABLED": "1",
                  "ENV": "dev",
                  "KEYWORDS_TABLE_NAME": "keywords",
                  "MAIN_ELASTIC_SEARCH_URL": "https://search-main-4n3p5dmsencx7oqrf5p23qqocu.us-east-1.es.amazonaws.com",
                  "NODE_OPTIONS": "--enable-source-maps",
                  "NOTIFICATION_JOBS_QUEUE_TEMPLATE_NAME": "{notificationMedium}_notification_jobs",
                  "REPORT_JOBS_QUEUE_TEMPLATE_NAME": "{reportMedium}_report_jobs",
                  "SEARCH_JOBS_QUEUE_TEMPLATE_NAME": "{socialMedia}_search_jobs",
                  "SEARCH_RESULTS_NOTIFICATIONS_QUEUE_URL": "https://sqs.us-east-1.amazonaws.com/317887603465/search_results_notifications",
                  "SEARCH_RESULTS_TABLE_NAME": "search_results",
                  "SEARCH_RESULT_INDEX_VERSION": "1",
                  "STRIPE_PRODUCT_NORMAL_ID": "price_1JoW0JDuqMWaCw56Dh44xBmR",
                  "STRIPE_PRODUCT_TEST_ID": "price_1JoW0JDuqMWaCw56Dh44xBmR",
                  "SYNC_SEARCH_RESULTS_TO_ES_QUEUE_URL": "https://sqs.us-east-1.amazonaws.com/317887603465/sync_search_results_to_es",
                  "USERS_TABLE_NAME": "users"
                }
              }
            ],
            "file_system_config": [],
            "filename": "/Users/diogovasconcelos/repos/social_watcher_v2/backend/.out/getSearchObjectHandler.zip",
            "function_name": "get_search_object",
            "handler": "index.lambdaHandler",
            "id": "get_search_object",
            "image_config": [],
            "image_uri": "",
            "invoke_arn": "arn:aws:apigateway:us-east-1:lambda:path/2015-03-31/functions/arn:aws:lambda:us-east-1:317887603465:function:get_search_object/invocations",
            "kms_key_arn": "",
            "last_modified": "2021-10-25T16:30:54.903+0000",
            "layers": [],
            "memory_size": 128,
            "package_type": "Zip",
            "publish": false,
            "qualified_arn": "arn:aws:lambda:us-east-1:317887603465:function:get_search_object:$LATEST",
            "reserved_concurrent_executions": -1,
            "role": "arn:aws:iam::317887603465:role/lambda_default",
            "runtime": "nodejs14.x",
            "s3_bucket": null,
            "s3_key": null,
            "s3_object_version": null,
            "signing_job_arn": "",
            "signing_profile_version_arn": "",
            "source_code_hash": "PZVtnvHFg+hpsDDvWYQYa6GDHMZvkA+nGrgw3qYQN+I=",
            "source_code_size": 959076,
            "tags": {
              "project": "social watcher"
            },
            "tags_all": {
              "project": "social watcher"
            },
            "timeout": 3,
            "timeouts": null,
            "tracing_config": [
              {
                "mode": "PassThrough"
              }
            ],
            "version": "$LATEST",
            "vpc_config": []
          },
          "sensitive_attributes": [],
          "private": "eyJlMmJmYjczMC1lY2FhLTExZTYtOGY4OC0zNDM2M2JjN2M0YzAiOnsiY3JlYXRlIjo2MDAwMDAwMDAwMDB9fQ==",
          "dependencies": [
            "aws_cloudwatch_log_group.get_search_object",
            "aws_dynamodb_table.keywords",
            "aws_dynamodb_table.search_results",
            "aws_dynamodb_table.users",
            "aws_elasticsearch_domain.main",
            "aws_iam_role.lambda_default",
            "aws_sqs_queue.search_results_notifications",
            "aws_sqs_queue.sync_search_results_to_es"
          ],
          "create_before_destroy": true
        }
      ]
    },
    {
      "mode": "managed",
      "type": "aws_lambda_function",
      "name": "get_search_objects",
      "provider": "provider[\"registry.terraform.io/hashicorp/aws\"]",
      "instances": [
        {
          "schema_version": 0,
          "attributes": {
            "architectures": [
              "arm64"
            ],
            "arn": "arn:aws:lambda:us-east-1:317887603465:function:get_search_objects",
            "code_signing_config_arn": "",
            "dead_letter_config": [],
            "description": "Gets user's search objects",
            "environment": [
              {
                "variables": {
                  "AWS_NODEJS_CONNECTION_REUSE_ENABLED": "1",
                  "ENV": "dev",
                  "KEYWORDS_TABLE_NAME": "keywords",
                  "MAIN_ELASTIC_SEARCH_URL": "https://search-main-4n3p5dmsencx7oqrf5p23qqocu.us-east-1.es.amazonaws.com",
                  "NODE_OPTIONS": "--enable-source-maps",
                  "NOTIFICATION_JOBS_QUEUE_TEMPLATE_NAME": "{notificationMedium}_notification_jobs",
                  "REPORT_JOBS_QUEUE_TEMPLATE_NAME": "{reportMedium}_report_jobs",
                  "SEARCH_JOBS_QUEUE_TEMPLATE_NAME": "{socialMedia}_search_jobs",
                  "SEARCH_RESULTS_NOTIFICATIONS_QUEUE_URL": "https://sqs.us-east-1.amazonaws.com/317887603465/search_results_notifications",
                  "SEARCH_RESULTS_TABLE_NAME": "search_results",
                  "SEARCH_RESULT_INDEX_VERSION": "1",
                  "STRIPE_PRODUCT_NORMAL_ID": "price_1JoW0JDuqMWaCw56Dh44xBmR",
                  "STRIPE_PRODUCT_TEST_ID": "price_1JoW0JDuqMWaCw56Dh44xBmR",
                  "SYNC_SEARCH_RESULTS_TO_ES_QUEUE_URL": "https://sqs.us-east-1.amazonaws.com/317887603465/sync_search_results_to_es",
                  "USERS_TABLE_NAME": "users"
                }
              }
            ],
            "file_system_config": [],
            "filename": "/Users/diogovasconcelos/repos/social_watcher_v2/backend/.out/getSearchObjectsHandler.zip",
            "function_name": "get_search_objects",
            "handler": "index.lambdaHandler",
            "id": "get_search_objects",
            "image_config": [],
            "image_uri": "",
            "invoke_arn": "arn:aws:apigateway:us-east-1:lambda:path/2015-03-31/functions/arn:aws:lambda:us-east-1:317887603465:function:get_search_objects/invocations",
            "kms_key_arn": "",
            "last_modified": "2021-10-25T16:32:40.802+0000",
            "layers": [],
            "memory_size": 128,
            "package_type": "Zip",
            "publish": false,
            "qualified_arn": "arn:aws:lambda:us-east-1:317887603465:function:get_search_objects:$LATEST",
            "reserved_concurrent_executions": -1,
            "role": "arn:aws:iam::317887603465:role/lambda_default",
            "runtime": "nodejs14.x",
            "s3_bucket": null,
            "s3_key": null,
            "s3_object_version": null,
            "signing_job_arn": "",
            "signing_profile_version_arn": "",
            "source_code_hash": "bqcdLJIE5uCBZ2wU1NmnLPsNJ7vGYlIQgKE/SU3SXDE=",
            "source_code_size": 959071,
            "tags": {
              "project": "social watcher"
            },
            "tags_all": {
              "project": "social watcher"
            },
            "timeout": 3,
            "timeouts": null,
            "tracing_config": [
              {
                "mode": "PassThrough"
              }
            ],
            "version": "$LATEST",
            "vpc_config": []
          },
          "sensitive_attributes": [],
          "private": "eyJlMmJmYjczMC1lY2FhLTExZTYtOGY4OC0zNDM2M2JjN2M0YzAiOnsiY3JlYXRlIjo2MDAwMDAwMDAwMDB9fQ==",
          "dependencies": [
            "aws_cloudwatch_log_group.get_search_objects",
            "aws_dynamodb_table.keywords",
            "aws_dynamodb_table.search_results",
            "aws_dynamodb_table.users",
            "aws_elasticsearch_domain.main",
            "aws_iam_role.lambda_default",
            "aws_sqs_queue.search_results_notifications",
            "aws_sqs_queue.sync_search_results_to_es"
          ],
          "create_before_destroy": true
        }
      ]
    },
    {
      "mode": "managed",
      "type": "aws_lambda_function",
      "name": "get_user",
      "provider": "provider[\"registry.terraform.io/hashicorp/aws\"]",
      "instances": [
        {
          "schema_version": 0,
          "attributes": {
            "architectures": [
              "arm64"
            ],
            "arn": "arn:aws:lambda:us-east-1:317887603465:function:get_user",
            "code_signing_config_arn": "",
            "dead_letter_config": [],
            "description": "Gets user details",
            "environment": [
              {
                "variables": {
                  "AWS_NODEJS_CONNECTION_REUSE_ENABLED": "1",
                  "ENV": "dev",
                  "KEYWORDS_TABLE_NAME": "keywords",
                  "MAIN_ELASTIC_SEARCH_URL": "https://search-main-4n3p5dmsencx7oqrf5p23qqocu.us-east-1.es.amazonaws.com",
                  "NODE_OPTIONS": "--enable-source-maps",
                  "NOTIFICATION_JOBS_QUEUE_TEMPLATE_NAME": "{notificationMedium}_notification_jobs",
                  "REPORT_JOBS_QUEUE_TEMPLATE_NAME": "{reportMedium}_report_jobs",
                  "SEARCH_JOBS_QUEUE_TEMPLATE_NAME": "{socialMedia}_search_jobs",
                  "SEARCH_RESULTS_NOTIFICATIONS_QUEUE_URL": "https://sqs.us-east-1.amazonaws.com/317887603465/search_results_notifications",
                  "SEARCH_RESULTS_TABLE_NAME": "search_results",
                  "SEARCH_RESULT_INDEX_VERSION": "1",
                  "STRIPE_PRODUCT_NORMAL_ID": "price_1JoW0JDuqMWaCw56Dh44xBmR",
                  "STRIPE_PRODUCT_TEST_ID": "price_1JoW0JDuqMWaCw56Dh44xBmR",
                  "SYNC_SEARCH_RESULTS_TO_ES_QUEUE_URL": "https://sqs.us-east-1.amazonaws.com/317887603465/sync_search_results_to_es",
                  "USERS_TABLE_NAME": "users"
                }
              }
            ],
            "file_system_config": [],
            "filename": "/Users/diogovasconcelos/repos/social_watcher_v2/backend/.out/getUserHandler.zip",
            "function_name": "get_user",
            "handler": "index.lambdaHandler",
            "id": "get_user",
            "image_config": [],
            "image_uri": "",
            "invoke_arn": "arn:aws:apigateway:us-east-1:lambda:path/2015-03-31/functions/arn:aws:lambda:us-east-1:317887603465:function:get_user/invocations",
            "kms_key_arn": "",
            "last_modified": "2021-10-25T16:31:19.166+0000",
            "layers": [],
            "memory_size": 128,
            "package_type": "Zip",
            "publish": false,
            "qualified_arn": "arn:aws:lambda:us-east-1:317887603465:function:get_user:$LATEST",
            "reserved_concurrent_executions": -1,
            "role": "arn:aws:iam::317887603465:role/lambda_default",
            "runtime": "nodejs14.x",
            "s3_bucket": null,
            "s3_key": null,
            "s3_object_version": null,
            "signing_job_arn": "",
            "signing_profile_version_arn": "",
            "source_code_hash": "oOz0MT3zsbTgY6c052ZOK6PoTO3Qd/mxYau/5E9gqas=",
            "source_code_size": 958756,
            "tags": {
              "project": "social watcher"
            },
            "tags_all": {
              "project": "social watcher"
            },
            "timeout": 3,
            "timeouts": null,
            "tracing_config": [
              {
                "mode": "PassThrough"
              }
            ],
            "version": "$LATEST",
            "vpc_config": []
          },
          "sensitive_attributes": [],
          "private": "eyJlMmJmYjczMC1lY2FhLTExZTYtOGY4OC0zNDM2M2JjN2M0YzAiOnsiY3JlYXRlIjo2MDAwMDAwMDAwMDB9fQ==",
          "dependencies": [
            "aws_cloudwatch_log_group.get_user",
            "aws_dynamodb_table.keywords",
            "aws_dynamodb_table.search_results",
            "aws_dynamodb_table.users",
            "aws_elasticsearch_domain.main",
            "aws_iam_role.lambda_default",
            "aws_sqs_queue.search_results_notifications",
            "aws_sqs_queue.sync_search_results_to_es"
          ],
          "create_before_destroy": true
        }
      ]
    },
    {
      "mode": "managed",
      "type": "aws_lambda_function",
      "name": "notify_discord",
      "provider": "provider[\"registry.terraform.io/hashicorp/aws\"]",
      "instances": [
        {
          "schema_version": 0,
          "attributes": {
            "architectures": [
              "arm64"
            ],
            "arn": "arn:aws:lambda:us-east-1:317887603465:function:notify_discord",
            "code_signing_config_arn": "",
            "dead_letter_config": [],
            "description": "Notify to Discord the searchResults/Notification jobs",
            "environment": [
              {
                "variables": {
                  "AWS_NODEJS_CONNECTION_REUSE_ENABLED": "1",
                  "ENV": "dev",
                  "KEYWORDS_TABLE_NAME": "keywords",
                  "MAIN_ELASTIC_SEARCH_URL": "https://search-main-4n3p5dmsencx7oqrf5p23qqocu.us-east-1.es.amazonaws.com",
                  "NODE_OPTIONS": "--enable-source-maps",
                  "NOTIFICATION_JOBS_QUEUE_TEMPLATE_NAME": "{notificationMedium}_notification_jobs",
                  "REPORT_JOBS_QUEUE_TEMPLATE_NAME": "{reportMedium}_report_jobs",
                  "SEARCH_JOBS_QUEUE_TEMPLATE_NAME": "{socialMedia}_search_jobs",
                  "SEARCH_RESULTS_NOTIFICATIONS_QUEUE_URL": "https://sqs.us-east-1.amazonaws.com/317887603465/search_results_notifications",
                  "SEARCH_RESULTS_TABLE_NAME": "search_results",
                  "SEARCH_RESULT_INDEX_VERSION": "1",
                  "STRIPE_PRODUCT_NORMAL_ID": "price_1JoW0JDuqMWaCw56Dh44xBmR",
                  "STRIPE_PRODUCT_TEST_ID": "price_1JoW0JDuqMWaCw56Dh44xBmR",
                  "SYNC_SEARCH_RESULTS_TO_ES_QUEUE_URL": "https://sqs.us-east-1.amazonaws.com/317887603465/sync_search_results_to_es",
                  "USERS_TABLE_NAME": "users"
                }
              }
            ],
            "file_system_config": [],
            "filename": "/Users/diogovasconcelos/repos/social_watcher_v2/backend/.out/notifyDiscordHandler.zip",
            "function_name": "notify_discord",
            "handler": "index.lambdaHandler",
            "id": "notify_discord",
            "image_config": [],
            "image_uri": "",
            "invoke_arn": "arn:aws:apigateway:us-east-1:lambda:path/2015-03-31/functions/arn:aws:lambda:us-east-1:317887603465:function:notify_discord/invocations",
            "kms_key_arn": "",
            "last_modified": "2021-10-25T16:29:09.817+0000",
            "layers": [],
            "memory_size": 128,
            "package_type": "Zip",
            "publish": false,
            "qualified_arn": "arn:aws:lambda:us-east-1:317887603465:function:notify_discord:$LATEST",
            "reserved_concurrent_executions": -1,
            "role": "arn:aws:iam::317887603465:role/lambda_default",
            "runtime": "nodejs14.x",
            "s3_bucket": null,
            "s3_key": null,
            "s3_object_version": null,
            "signing_job_arn": "",
            "signing_profile_version_arn": "",
            "source_code_hash": "alCtnc5X2jZV/FBGGvs6IgyphluopxIISlNSo796Sng=",
            "source_code_size": 1118226,
            "tags": {
              "project": "social watcher"
            },
            "tags_all": {
              "project": "social watcher"
            },
            "timeout": 15,
            "timeouts": null,
            "tracing_config": [
              {
                "mode": "PassThrough"
              }
            ],
            "version": "$LATEST",
            "vpc_config": []
          },
          "sensitive_attributes": [],
          "private": "eyJlMmJmYjczMC1lY2FhLTExZTYtOGY4OC0zNDM2M2JjN2M0YzAiOnsiY3JlYXRlIjo2MDAwMDAwMDAwMDB9fQ==",
          "dependencies": [
            "aws_cloudwatch_log_group.notify_discord",
            "aws_dynamodb_table.keywords",
            "aws_dynamodb_table.search_results",
            "aws_dynamodb_table.users",
            "aws_elasticsearch_domain.main",
            "aws_iam_role.lambda_default",
            "aws_sqs_queue.search_results_notifications",
            "aws_sqs_queue.sync_search_results_to_es"
          ]
        }
      ]
    },
    {
      "mode": "managed",
      "type": "aws_lambda_function",
      "name": "notify_slack",
      "provider": "provider[\"registry.terraform.io/hashicorp/aws\"]",
      "instances": [
        {
          "schema_version": 0,
          "attributes": {
            "architectures": [
              "arm64"
            ],
            "arn": "arn:aws:lambda:us-east-1:317887603465:function:notify_slack",
            "code_signing_config_arn": "",
            "dead_letter_config": [],
            "description": "Notify to Slack the searchResults/Notification jobs",
            "environment": [
              {
                "variables": {
                  "AWS_NODEJS_CONNECTION_REUSE_ENABLED": "1",
                  "ENV": "dev",
                  "KEYWORDS_TABLE_NAME": "keywords",
                  "MAIN_ELASTIC_SEARCH_URL": "https://search-main-4n3p5dmsencx7oqrf5p23qqocu.us-east-1.es.amazonaws.com",
                  "NODE_OPTIONS": "--enable-source-maps",
                  "NOTIFICATION_JOBS_QUEUE_TEMPLATE_NAME": "{notificationMedium}_notification_jobs",
                  "REPORT_JOBS_QUEUE_TEMPLATE_NAME": "{reportMedium}_report_jobs",
                  "SEARCH_JOBS_QUEUE_TEMPLATE_NAME": "{socialMedia}_search_jobs",
                  "SEARCH_RESULTS_NOTIFICATIONS_QUEUE_URL": "https://sqs.us-east-1.amazonaws.com/317887603465/search_results_notifications",
                  "SEARCH_RESULTS_TABLE_NAME": "search_results",
                  "SEARCH_RESULT_INDEX_VERSION": "1",
                  "STRIPE_PRODUCT_NORMAL_ID": "price_1JoW0JDuqMWaCw56Dh44xBmR",
                  "STRIPE_PRODUCT_TEST_ID": "price_1JoW0JDuqMWaCw56Dh44xBmR",
                  "SYNC_SEARCH_RESULTS_TO_ES_QUEUE_URL": "https://sqs.us-east-1.amazonaws.com/317887603465/sync_search_results_to_es",
                  "USERS_TABLE_NAME": "users"
                }
              }
            ],
            "file_system_config": [],
            "filename": "/Users/diogovasconcelos/repos/social_watcher_v2/backend/.out/notifySlackHandler.zip",
            "function_name": "notify_slack",
            "handler": "index.lambdaHandler",
            "id": "notify_slack",
            "image_config": [],
            "image_uri": "",
            "invoke_arn": "arn:aws:apigateway:us-east-1:lambda:path/2015-03-31/functions/arn:aws:lambda:us-east-1:317887603465:function:notify_slack/invocations",
            "kms_key_arn": "",
            "last_modified": "2021-10-25T16:29:33.882+0000",
            "layers": [],
            "memory_size": 128,
            "package_type": "Zip",
            "publish": false,
            "qualified_arn": "arn:aws:lambda:us-east-1:317887603465:function:notify_slack:$LATEST",
            "reserved_concurrent_executions": -1,
            "role": "arn:aws:iam::317887603465:role/lambda_default",
            "runtime": "nodejs14.x",
            "s3_bucket": null,
            "s3_key": null,
            "s3_object_version": null,
            "signing_job_arn": "",
            "signing_profile_version_arn": "",
            "source_code_hash": "6+Dpwezs1+9qDCqkLJMkGwSXkuEQ8qmksfKXOO16LdM=",
            "source_code_size": 772483,
            "tags": {
              "project": "social watcher"
            },
            "tags_all": {
              "project": "social watcher"
            },
            "timeout": 15,
            "timeouts": null,
            "tracing_config": [
              {
                "mode": "PassThrough"
              }
            ],
            "version": "$LATEST",
            "vpc_config": []
          },
          "sensitive_attributes": [],
          "private": "eyJlMmJmYjczMC1lY2FhLTExZTYtOGY4OC0zNDM2M2JjN2M0YzAiOnsiY3JlYXRlIjo2MDAwMDAwMDAwMDB9fQ==",
          "dependencies": [
            "aws_cloudwatch_log_group.notify_slack",
            "aws_dynamodb_table.keywords",
            "aws_dynamodb_table.search_results",
            "aws_dynamodb_table.users",
            "aws_elasticsearch_domain.main",
            "aws_iam_role.lambda_default",
            "aws_sqs_queue.search_results_notifications",
            "aws_sqs_queue.sync_search_results_to_es"
          ]
        }
      ]
    },
    {
      "mode": "managed",
      "type": "aws_lambda_function",
      "name": "remove_tag_from_result",
      "provider": "provider[\"registry.terraform.io/hashicorp/aws\"]",
      "instances": [
        {
          "schema_version": 0,
          "attributes": {
            "architectures": [
              "arm64"
            ],
            "arn": "arn:aws:lambda:us-east-1:317887603465:function:remove_tag_from_result",
            "code_signing_config_arn": "",
            "dead_letter_config": [],
            "description": "Remove a user result tag from a search result",
            "environment": [
              {
                "variables": {
                  "AWS_NODEJS_CONNECTION_REUSE_ENABLED": "1",
                  "ENV": "dev",
                  "KEYWORDS_TABLE_NAME": "keywords",
                  "MAIN_ELASTIC_SEARCH_URL": "https://search-main-4n3p5dmsencx7oqrf5p23qqocu.us-east-1.es.amazonaws.com",
                  "NODE_OPTIONS": "--enable-source-maps",
                  "NOTIFICATION_JOBS_QUEUE_TEMPLATE_NAME": "{notificationMedium}_notification_jobs",
                  "REPORT_JOBS_QUEUE_TEMPLATE_NAME": "{reportMedium}_report_jobs",
                  "SEARCH_JOBS_QUEUE_TEMPLATE_NAME": "{socialMedia}_search_jobs",
                  "SEARCH_RESULTS_NOTIFICATIONS_QUEUE_URL": "https://sqs.us-east-1.amazonaws.com/317887603465/search_results_notifications",
                  "SEARCH_RESULTS_TABLE_NAME": "search_results",
                  "SEARCH_RESULT_INDEX_VERSION": "1",
                  "STRIPE_PRODUCT_NORMAL_ID": "price_1JoW0JDuqMWaCw56Dh44xBmR",
                  "STRIPE_PRODUCT_TEST_ID": "price_1JoW0JDuqMWaCw56Dh44xBmR",
                  "SYNC_SEARCH_RESULTS_TO_ES_QUEUE_URL": "https://sqs.us-east-1.amazonaws.com/317887603465/sync_search_results_to_es",
                  "USERS_TABLE_NAME": "users"
                }
              }
            ],
            "file_system_config": [],
            "filename": "/Users/diogovasconcelos/repos/social_watcher_v2/backend/.out/removeTagFromResultHandler.zip",
            "function_name": "remove_tag_from_result",
            "handler": "index.lambdaHandler",
            "id": "remove_tag_from_result",
            "image_config": [],
            "image_uri": "",
            "invoke_arn": "arn:aws:apigateway:us-east-1:lambda:path/2015-03-31/functions/arn:aws:lambda:us-east-1:317887603465:function:remove_tag_from_result/invocations",
            "kms_key_arn": "",
            "last_modified": "2021-10-25T16:31:43.430+0000",
            "layers": [],
            "memory_size": 128,
            "package_type": "Zip",
            "publish": false,
            "qualified_arn": "arn:aws:lambda:us-east-1:317887603465:function:remove_tag_from_result:$LATEST",
            "reserved_concurrent_executions": -1,
            "role": "arn:aws:iam::317887603465:role/lambda_default",
            "runtime": "nodejs14.x",
            "s3_bucket": null,
            "s3_key": null,
            "s3_object_version": null,
            "signing_job_arn": "",
            "signing_profile_version_arn": "",
            "source_code_hash": "+cVuzbdwiRaAGDa3c49PY4gVNsaQOTAlMLvhmJRJzUk=",
            "source_code_size": 967278,
            "tags": {
              "project": "social watcher"
            },
            "tags_all": {
              "project": "social watcher"
            },
            "timeout": 3,
            "timeouts": null,
            "tracing_config": [
              {
                "mode": "PassThrough"
              }
            ],
            "version": "$LATEST",
            "vpc_config": []
          },
          "sensitive_attributes": [],
          "private": "eyJlMmJmYjczMC1lY2FhLTExZTYtOGY4OC0zNDM2M2JjN2M0YzAiOnsiY3JlYXRlIjo2MDAwMDAwMDAwMDB9fQ==",
          "dependencies": [
            "aws_cloudwatch_log_group.remove_tag_from_result",
            "aws_dynamodb_table.keywords",
            "aws_dynamodb_table.search_results",
            "aws_dynamodb_table.users",
            "aws_elasticsearch_domain.main",
            "aws_iam_role.lambda_default",
            "aws_sqs_queue.search_results_notifications",
            "aws_sqs_queue.sync_search_results_to_es"
          ],
          "create_before_destroy": true
        }
      ]
    },
    {
      "mode": "managed",
      "type": "aws_lambda_function",
      "name": "report_email",
      "provider": "provider[\"registry.terraform.io/hashicorp/aws\"]",
      "instances": [
        {
          "schema_version": 0,
          "attributes": {
            "architectures": [
              "arm64"
            ],
            "arn": "arn:aws:lambda:us-east-1:317887603465:function:report_email",
            "code_signing_config_arn": "",
            "dead_letter_config": [],
            "description": "Send reports by Email for report jobs",
            "environment": [
              {
                "variables": {
                  "AWS_NODEJS_CONNECTION_REUSE_ENABLED": "1",
                  "ENV": "dev",
                  "KEYWORDS_TABLE_NAME": "keywords",
                  "MAIN_ELASTIC_SEARCH_URL": "https://search-main-4n3p5dmsencx7oqrf5p23qqocu.us-east-1.es.amazonaws.com",
                  "NODE_OPTIONS": "--enable-source-maps",
                  "NOTIFICATION_JOBS_QUEUE_TEMPLATE_NAME": "{notificationMedium}_notification_jobs",
                  "REPORT_JOBS_QUEUE_TEMPLATE_NAME": "{reportMedium}_report_jobs",
                  "SEARCH_JOBS_QUEUE_TEMPLATE_NAME": "{socialMedia}_search_jobs",
                  "SEARCH_RESULTS_NOTIFICATIONS_QUEUE_URL": "https://sqs.us-east-1.amazonaws.com/317887603465/search_results_notifications",
                  "SEARCH_RESULTS_TABLE_NAME": "search_results",
                  "SEARCH_RESULT_INDEX_VERSION": "1",
                  "STRIPE_PRODUCT_NORMAL_ID": "price_1JoW0JDuqMWaCw56Dh44xBmR",
                  "STRIPE_PRODUCT_TEST_ID": "price_1JoW0JDuqMWaCw56Dh44xBmR",
                  "SYNC_SEARCH_RESULTS_TO_ES_QUEUE_URL": "https://sqs.us-east-1.amazonaws.com/317887603465/sync_search_results_to_es",
                  "USERS_TABLE_NAME": "users"
                }
              }
            ],
            "file_system_config": [],
            "filename": "/Users/diogovasconcelos/repos/social_watcher_v2/backend/.out/reportEmailHandler.zip",
            "function_name": "report_email",
            "handler": "index.lambdaHandler",
            "id": "report_email",
            "image_config": [],
            "image_uri": "",
            "invoke_arn": "arn:aws:apigateway:us-east-1:lambda:path/2015-03-31/functions/arn:aws:lambda:us-east-1:317887603465:function:report_email/invocations",
            "kms_key_arn": "",
            "last_modified": "2021-10-25T16:29:58.283+0000",
            "layers": [],
            "memory_size": 256,
            "package_type": "Zip",
            "publish": false,
            "qualified_arn": "arn:aws:lambda:us-east-1:317887603465:function:report_email:$LATEST",
            "reserved_concurrent_executions": -1,
            "role": "arn:aws:iam::317887603465:role/lambda_default",
            "runtime": "nodejs14.x",
            "s3_bucket": null,
            "s3_key": null,
            "s3_object_version": null,
            "signing_job_arn": "",
            "signing_profile_version_arn": "",
            "source_code_hash": "NbVgn495i4rPYlYAM3zUVq0i5+zlGz52gNf4Qhq1e3Q=",
            "source_code_size": 2640151,
            "tags": {
              "project": "social watcher"
            },
            "tags_all": {
              "project": "social watcher"
            },
            "timeout": 15,
            "timeouts": null,
            "tracing_config": [
              {
                "mode": "PassThrough"
              }
            ],
            "version": "$LATEST",
            "vpc_config": []
          },
          "sensitive_attributes": [],
          "private": "eyJlMmJmYjczMC1lY2FhLTExZTYtOGY4OC0zNDM2M2JjN2M0YzAiOnsiY3JlYXRlIjo2MDAwMDAwMDAwMDB9fQ==",
          "dependencies": [
            "aws_cloudwatch_log_group.report_email",
            "aws_dynamodb_table.keywords",
            "aws_dynamodb_table.search_results",
            "aws_dynamodb_table.users",
            "aws_elasticsearch_domain.main",
            "aws_iam_role.lambda_default",
            "aws_sqs_queue.search_results_notifications",
            "aws_sqs_queue.sync_search_results_to_es"
          ]
        }
      ]
    },
    {
      "mode": "managed",
      "type": "aws_lambda_function",
      "name": "search_endpoint",
      "provider": "provider[\"registry.terraform.io/hashicorp/aws\"]",
      "instances": [
        {
          "schema_version": 0,
          "attributes": {
            "architectures": [
              "arm64"
            ],
            "arn": "arn:aws:lambda:us-east-1:317887603465:function:search_endpoint",
            "code_signing_config_arn": "",
            "dead_letter_config": [],
            "description": "Lambda for the search endpoint",
            "environment": [
              {
                "variables": {
                  "AWS_NODEJS_CONNECTION_REUSE_ENABLED": "1",
                  "ENV": "dev",
                  "KEYWORDS_TABLE_NAME": "keywords",
                  "MAIN_ELASTIC_SEARCH_URL": "https://search-main-4n3p5dmsencx7oqrf5p23qqocu.us-east-1.es.amazonaws.com",
                  "NODE_OPTIONS": "--enable-source-maps",
                  "NOTIFICATION_JOBS_QUEUE_TEMPLATE_NAME": "{notificationMedium}_notification_jobs",
                  "REPORT_JOBS_QUEUE_TEMPLATE_NAME": "{reportMedium}_report_jobs",
                  "SEARCH_JOBS_QUEUE_TEMPLATE_NAME": "{socialMedia}_search_jobs",
                  "SEARCH_RESULTS_NOTIFICATIONS_QUEUE_URL": "https://sqs.us-east-1.amazonaws.com/317887603465/search_results_notifications",
                  "SEARCH_RESULTS_TABLE_NAME": "search_results",
                  "SEARCH_RESULT_INDEX_VERSION": "1",
                  "STRIPE_PRODUCT_NORMAL_ID": "price_1JoW0JDuqMWaCw56Dh44xBmR",
                  "STRIPE_PRODUCT_TEST_ID": "price_1JoW0JDuqMWaCw56Dh44xBmR",
                  "SYNC_SEARCH_RESULTS_TO_ES_QUEUE_URL": "https://sqs.us-east-1.amazonaws.com/317887603465/sync_search_results_to_es",
                  "USERS_TABLE_NAME": "users"
                }
              }
            ],
            "file_system_config": [],
            "filename": "/Users/diogovasconcelos/repos/social_watcher_v2/backend/.out/searchHandler.zip",
            "function_name": "search_endpoint",
            "handler": "index.lambdaHandler",
            "id": "search_endpoint",
            "image_config": [],
            "image_uri": "",
            "invoke_arn": "arn:aws:apigateway:us-east-1:lambda:path/2015-03-31/functions/arn:aws:lambda:us-east-1:317887603465:function:search_endpoint/invocations",
            "kms_key_arn": "",
            "last_modified": "2021-10-25T16:31:51.803+0000",
            "layers": [],
            "memory_size": 128,
            "package_type": "Zip",
            "publish": false,
            "qualified_arn": "arn:aws:lambda:us-east-1:317887603465:function:search_endpoint:$LATEST",
            "reserved_concurrent_executions": -1,
            "role": "arn:aws:iam::317887603465:role/lambda_default",
            "runtime": "nodejs14.x",
            "s3_bucket": null,
            "s3_key": null,
            "s3_object_version": null,
            "signing_job_arn": "",
            "signing_profile_version_arn": "",
            "source_code_hash": "xJNDwpc2w6UrG0iGbVykjcVJTeBcBKJVvPtoi0DZaGs=",
            "source_code_size": 1874990,
            "tags": {
              "project": "social watcher"
            },
            "tags_all": {
              "project": "social watcher"
            },
            "timeout": 5,
            "timeouts": null,
            "tracing_config": [
              {
                "mode": "PassThrough"
              }
            ],
            "version": "$LATEST",
            "vpc_config": []
          },
          "sensitive_attributes": [],
          "private": "eyJlMmJmYjczMC1lY2FhLTExZTYtOGY4OC0zNDM2M2JjN2M0YzAiOnsiY3JlYXRlIjo2MDAwMDAwMDAwMDB9fQ==",
          "dependencies": [
            "aws_cloudwatch_log_group.search_endpoint",
            "aws_dynamodb_table.keywords",
            "aws_dynamodb_table.search_results",
            "aws_dynamodb_table.users",
            "aws_elasticsearch_domain.main",
            "aws_iam_role.lambda_default",
            "aws_sqs_queue.search_results_notifications",
            "aws_sqs_queue.sync_search_results_to_es"
          ],
          "create_before_destroy": true
        }
      ]
    },
    {
      "mode": "managed",
      "type": "aws_lambda_function",
      "name": "search_hackernews",
      "provider": "provider[\"registry.terraform.io/hashicorp/aws\"]",
      "instances": [
        {
          "schema_version": 0,
          "attributes": {
            "architectures": [
              "arm64"
            ],
            "arn": "arn:aws:lambda:us-east-1:317887603465:function:search_hackernews",
            "code_signing_config_arn": "",
            "dead_letter_config": [],
            "description": "Searches hackernews for specifc keyword",
            "environment": [
              {
                "variables": {
                  "AWS_NODEJS_CONNECTION_REUSE_ENABLED": "1",
                  "ENV": "dev",
                  "KEYWORDS_TABLE_NAME": "keywords",
                  "MAIN_ELASTIC_SEARCH_URL": "https://search-main-4n3p5dmsencx7oqrf5p23qqocu.us-east-1.es.amazonaws.com",
                  "NODE_OPTIONS": "--enable-source-maps",
                  "NOTIFICATION_JOBS_QUEUE_TEMPLATE_NAME": "{notificationMedium}_notification_jobs",
                  "REPORT_JOBS_QUEUE_TEMPLATE_NAME": "{reportMedium}_report_jobs",
                  "SEARCH_JOBS_QUEUE_TEMPLATE_NAME": "{socialMedia}_search_jobs",
                  "SEARCH_RESULTS_NOTIFICATIONS_QUEUE_URL": "https://sqs.us-east-1.amazonaws.com/317887603465/search_results_notifications",
                  "SEARCH_RESULTS_TABLE_NAME": "search_results",
                  "SEARCH_RESULT_INDEX_VERSION": "1",
                  "STRIPE_PRODUCT_NORMAL_ID": "price_1JoW0JDuqMWaCw56Dh44xBmR",
                  "STRIPE_PRODUCT_TEST_ID": "price_1JoW0JDuqMWaCw56Dh44xBmR",
                  "SYNC_SEARCH_RESULTS_TO_ES_QUEUE_URL": "https://sqs.us-east-1.amazonaws.com/317887603465/sync_search_results_to_es",
                  "USERS_TABLE_NAME": "users"
                }
              }
            ],
            "file_system_config": [],
            "filename": "/Users/diogovasconcelos/repos/social_watcher_v2/backend/.out/searchHackernewsHandler.zip",
            "function_name": "search_hackernews",
            "handler": "index.lambdaHandler",
            "id": "search_hackernews",
            "image_config": [],
            "image_uri": "",
            "invoke_arn": "arn:aws:apigateway:us-east-1:lambda:path/2015-03-31/functions/arn:aws:lambda:us-east-1:317887603465:function:search_hackernews/invocations",
            "kms_key_arn": "",
            "last_modified": "2021-10-25T16:29:01.645+0000",
            "layers": [],
            "memory_size": 128,
            "package_type": "Zip",
            "publish": false,
            "qualified_arn": "arn:aws:lambda:us-east-1:317887603465:function:search_hackernews:$LATEST",
            "reserved_concurrent_executions": -1,
            "role": "arn:aws:iam::317887603465:role/lambda_default",
            "runtime": "nodejs14.x",
            "s3_bucket": null,
            "s3_key": null,
            "s3_object_version": null,
            "signing_job_arn": "",
            "signing_profile_version_arn": "",
            "source_code_hash": "KpC1DiZrZr2uo9godIlMaFdmD5bhgtlXY35b7e5X8Ko=",
            "source_code_size": 1043397,
            "tags": {
              "project": "social watcher"
            },
            "tags_all": {
              "project": "social watcher"
            },
            "timeout": 15,
            "timeouts": null,
            "tracing_config": [
              {
                "mode": "PassThrough"
              }
            ],
            "version": "$LATEST",
            "vpc_config": []
          },
          "sensitive_attributes": [],
          "private": "eyJlMmJmYjczMC1lY2FhLTExZTYtOGY4OC0zNDM2M2JjN2M0YzAiOnsiY3JlYXRlIjo2MDAwMDAwMDAwMDB9fQ==",
          "dependencies": [
            "aws_cloudwatch_log_group.search_hackernews",
            "aws_dynamodb_table.keywords",
            "aws_dynamodb_table.search_results",
            "aws_dynamodb_table.users",
            "aws_elasticsearch_domain.main",
            "aws_iam_role.lambda_default",
            "aws_sqs_queue.search_results_notifications",
            "aws_sqs_queue.sync_search_results_to_es"
          ]
        }
      ]
    },
    {
      "mode": "managed",
      "type": "aws_lambda_function",
      "name": "search_instagram",
      "provider": "provider[\"registry.terraform.io/hashicorp/aws\"]",
      "instances": [
        {
          "schema_version": 0,
          "attributes": {
            "architectures": [
              "arm64"
            ],
            "arn": "arn:aws:lambda:us-east-1:317887603465:function:search_instagram",
            "code_signing_config_arn": "",
            "dead_letter_config": [],
            "description": "Searches instagram for specifc keyword",
            "environment": [
              {
                "variables": {
                  "AWS_NODEJS_CONNECTION_REUSE_ENABLED": "1",
                  "ENV": "dev",
                  "KEYWORDS_TABLE_NAME": "keywords",
                  "MAIN_ELASTIC_SEARCH_URL": "https://search-main-4n3p5dmsencx7oqrf5p23qqocu.us-east-1.es.amazonaws.com",
                  "NODE_OPTIONS": "--enable-source-maps",
                  "NOTIFICATION_JOBS_QUEUE_TEMPLATE_NAME": "{notificationMedium}_notification_jobs",
                  "REPORT_JOBS_QUEUE_TEMPLATE_NAME": "{reportMedium}_report_jobs",
                  "SEARCH_JOBS_QUEUE_TEMPLATE_NAME": "{socialMedia}_search_jobs",
                  "SEARCH_RESULTS_NOTIFICATIONS_QUEUE_URL": "https://sqs.us-east-1.amazonaws.com/317887603465/search_results_notifications",
                  "SEARCH_RESULTS_TABLE_NAME": "search_results",
                  "SEARCH_RESULT_INDEX_VERSION": "1",
                  "STRIPE_PRODUCT_NORMAL_ID": "price_1JoW0JDuqMWaCw56Dh44xBmR",
                  "STRIPE_PRODUCT_TEST_ID": "price_1JoW0JDuqMWaCw56Dh44xBmR",
                  "SYNC_SEARCH_RESULTS_TO_ES_QUEUE_URL": "https://sqs.us-east-1.amazonaws.com/317887603465/sync_search_results_to_es",
                  "USERS_TABLE_NAME": "users"
                }
              }
            ],
            "file_system_config": [],
            "filename": "/Users/diogovasconcelos/repos/social_watcher_v2/backend/.out/searchInstagramHandler.zip",
            "function_name": "search_instagram",
            "handler": "index.lambdaHandler",
            "id": "search_instagram",
            "image_config": [],
            "image_uri": "",
            "invoke_arn": "arn:aws:apigateway:us-east-1:lambda:path/2015-03-31/functions/arn:aws:lambda:us-east-1:317887603465:function:search_instagram/invocations",
            "kms_key_arn": "",
            "last_modified": "2021-10-25T16:29:25.684+0000",
            "layers": [],
            "memory_size": 128,
            "package_type": "Zip",
            "publish": false,
            "qualified_arn": "arn:aws:lambda:us-east-1:317887603465:function:search_instagram:$LATEST",
            "reserved_concurrent_executions": -1,
            "role": "arn:aws:iam::317887603465:role/lambda_default",
            "runtime": "nodejs14.x",
            "s3_bucket": null,
            "s3_key": null,
            "s3_object_version": null,
            "signing_job_arn": "",
            "signing_profile_version_arn": "",
            "source_code_hash": "wD2xm1JXmk8hKV0iDBtQHFCXWkj9HurwNKADGUhO2FY=",
            "source_code_size": 973074,
            "tags": {
              "project": "social watcher"
            },
            "tags_all": {
              "project": "social watcher"
            },
            "timeout": 15,
            "timeouts": null,
            "tracing_config": [
              {
                "mode": "PassThrough"
              }
            ],
            "version": "$LATEST",
            "vpc_config": []
          },
          "sensitive_attributes": [],
          "private": "eyJlMmJmYjczMC1lY2FhLTExZTYtOGY4OC0zNDM2M2JjN2M0YzAiOnsiY3JlYXRlIjo2MDAwMDAwMDAwMDB9fQ==",
          "dependencies": [
            "aws_cloudwatch_log_group.search_instagram",
            "aws_dynamodb_table.keywords",
            "aws_dynamodb_table.search_results",
            "aws_dynamodb_table.users",
            "aws_elasticsearch_domain.main",
            "aws_iam_role.lambda_default",
            "aws_sqs_queue.search_results_notifications",
            "aws_sqs_queue.sync_search_results_to_es"
          ]
        }
      ]
    },
    {
      "mode": "managed",
      "type": "aws_lambda_function",
      "name": "search_reddit",
      "provider": "provider[\"registry.terraform.io/hashicorp/aws\"]",
      "instances": [
        {
          "schema_version": 0,
          "attributes": {
            "architectures": [
              "arm64"
            ],
            "arn": "arn:aws:lambda:us-east-1:317887603465:function:search_reddit",
            "code_signing_config_arn": "",
            "dead_letter_config": [],
            "description": "Searches reddit for specifc keyword",
            "environment": [
              {
                "variables": {
                  "AWS_NODEJS_CONNECTION_REUSE_ENABLED": "1",
                  "ENV": "dev",
                  "KEYWORDS_TABLE_NAME": "keywords",
                  "MAIN_ELASTIC_SEARCH_URL": "https://search-main-4n3p5dmsencx7oqrf5p23qqocu.us-east-1.es.amazonaws.com",
                  "NODE_OPTIONS": "--enable-source-maps",
                  "NOTIFICATION_JOBS_QUEUE_TEMPLATE_NAME": "{notificationMedium}_notification_jobs",
                  "REPORT_JOBS_QUEUE_TEMPLATE_NAME": "{reportMedium}_report_jobs",
                  "SEARCH_JOBS_QUEUE_TEMPLATE_NAME": "{socialMedia}_search_jobs",
                  "SEARCH_RESULTS_NOTIFICATIONS_QUEUE_URL": "https://sqs.us-east-1.amazonaws.com/317887603465/search_results_notifications",
                  "SEARCH_RESULTS_TABLE_NAME": "search_results",
                  "SEARCH_RESULT_INDEX_VERSION": "1",
                  "STRIPE_PRODUCT_NORMAL_ID": "price_1JoW0JDuqMWaCw56Dh44xBmR",
                  "STRIPE_PRODUCT_TEST_ID": "price_1JoW0JDuqMWaCw56Dh44xBmR",
                  "SYNC_SEARCH_RESULTS_TO_ES_QUEUE_URL": "https://sqs.us-east-1.amazonaws.com/317887603465/sync_search_results_to_es",
                  "USERS_TABLE_NAME": "users"
                }
              }
            ],
            "file_system_config": [],
            "filename": "/Users/diogovasconcelos/repos/social_watcher_v2/backend/.out/searchRedditHandler.zip",
            "function_name": "search_reddit",
            "handler": "index.lambdaHandler",
            "id": "search_reddit",
            "image_config": [],
            "image_uri": "",
            "invoke_arn": "arn:aws:apigateway:us-east-1:lambda:path/2015-03-31/functions/arn:aws:lambda:us-east-1:317887603465:function:search_reddit/invocations",
            "kms_key_arn": "",
            "last_modified": "2021-10-25T16:30:22.613+0000",
            "layers": [],
            "memory_size": 128,
            "package_type": "Zip",
            "publish": false,
            "qualified_arn": "arn:aws:lambda:us-east-1:317887603465:function:search_reddit:$LATEST",
            "reserved_concurrent_executions": -1,
            "role": "arn:aws:iam::317887603465:role/lambda_default",
            "runtime": "nodejs14.x",
            "s3_bucket": null,
            "s3_key": null,
            "s3_object_version": null,
            "signing_job_arn": "",
            "signing_profile_version_arn": "",
            "source_code_hash": "5/SncwLMzZgHz2ezlrTUEUdMW6E3hcYgk40l4gg9B9A=",
            "source_code_size": 1062292,
            "tags": {
              "project": "social watcher"
            },
            "tags_all": {
              "project": "social watcher"
            },
            "timeout": 15,
            "timeouts": null,
            "tracing_config": [
              {
                "mode": "PassThrough"
              }
            ],
            "version": "$LATEST",
            "vpc_config": []
          },
          "sensitive_attributes": [],
          "private": "eyJlMmJmYjczMC1lY2FhLTExZTYtOGY4OC0zNDM2M2JjN2M0YzAiOnsiY3JlYXRlIjo2MDAwMDAwMDAwMDB9fQ==",
          "dependencies": [
            "aws_cloudwatch_log_group.search_reddit",
            "aws_dynamodb_table.keywords",
            "aws_dynamodb_table.search_results",
            "aws_dynamodb_table.users",
            "aws_elasticsearch_domain.main",
            "aws_iam_role.lambda_default",
            "aws_sqs_queue.search_results_notifications",
            "aws_sqs_queue.sync_search_results_to_es"
          ]
        }
      ]
    },
    {
      "mode": "managed",
      "type": "aws_lambda_function",
      "name": "search_results_stream_consumer",
      "provider": "provider[\"registry.terraform.io/hashicorp/aws\"]",
      "instances": [
        {
          "schema_version": 0,
          "attributes": {
            "architectures": [
              "arm64"
            ],
            "arn": "arn:aws:lambda:us-east-1:317887603465:function:search_results_stream_consumer",
            "code_signing_config_arn": "",
            "dead_letter_config": [],
            "description": "Search Results table stream consumer",
            "environment": [
              {
                "variables": {
                  "AWS_NODEJS_CONNECTION_REUSE_ENABLED": "1",
                  "ENV": "dev",
                  "KEYWORDS_TABLE_NAME": "keywords",
                  "MAIN_ELASTIC_SEARCH_URL": "https://search-main-4n3p5dmsencx7oqrf5p23qqocu.us-east-1.es.amazonaws.com",
                  "NODE_OPTIONS": "--enable-source-maps",
                  "NOTIFICATION_JOBS_QUEUE_TEMPLATE_NAME": "{notificationMedium}_notification_jobs",
                  "REPORT_JOBS_QUEUE_TEMPLATE_NAME": "{reportMedium}_report_jobs",
                  "SEARCH_JOBS_QUEUE_TEMPLATE_NAME": "{socialMedia}_search_jobs",
                  "SEARCH_RESULTS_NOTIFICATIONS_QUEUE_URL": "https://sqs.us-east-1.amazonaws.com/317887603465/search_results_notifications",
                  "SEARCH_RESULTS_TABLE_NAME": "search_results",
                  "SEARCH_RESULT_INDEX_VERSION": "1",
                  "STRIPE_PRODUCT_NORMAL_ID": "price_1JoW0JDuqMWaCw56Dh44xBmR",
                  "STRIPE_PRODUCT_TEST_ID": "price_1JoW0JDuqMWaCw56Dh44xBmR",
                  "SYNC_SEARCH_RESULTS_TO_ES_QUEUE_URL": "https://sqs.us-east-1.amazonaws.com/317887603465/sync_search_results_to_es",
                  "USERS_TABLE_NAME": "users"
                }
              }
            ],
            "file_system_config": [],
            "filename": "/Users/diogovasconcelos/repos/social_watcher_v2/backend/.out/searchResultsStreamConsumerHandler.zip",
            "function_name": "search_results_stream_consumer",
            "handler": "index.lambdaHandler",
            "id": "search_results_stream_consumer",
            "image_config": [],
            "image_uri": "",
            "invoke_arn": "arn:aws:apigateway:us-east-1:lambda:path/2015-03-31/functions/arn:aws:lambda:us-east-1:317887603465:function:search_results_stream_consumer/invocations",
            "kms_key_arn": "",
            "last_modified": "2021-10-25T16:32:16.230+0000",
            "layers": [],
            "memory_size": 128,
            "package_type": "Zip",
            "publish": false,
            "qualified_arn": "arn:aws:lambda:us-east-1:317887603465:function:search_results_stream_consumer:$LATEST",
            "reserved_concurrent_executions": -1,
            "role": "arn:aws:iam::317887603465:role/lambda_default",
            "runtime": "nodejs14.x",
            "s3_bucket": null,
            "s3_key": null,
            "s3_object_version": null,
            "signing_job_arn": "",
            "signing_profile_version_arn": "",
            "source_code_hash": "EZLKdEGcvQZ1l75CKWtlQ6Rqh7PAjUx3XC4iEdMo8JQ=",
            "source_code_size": 950921,
            "tags": {
              "project": "social watcher"
            },
            "tags_all": {
              "project": "social watcher"
            },
            "timeout": 3,
            "timeouts": null,
            "tracing_config": [
              {
                "mode": "PassThrough"
              }
            ],
            "version": "$LATEST",
            "vpc_config": []
          },
          "sensitive_attributes": [],
          "private": "eyJlMmJmYjczMC1lY2FhLTExZTYtOGY4OC0zNDM2M2JjN2M0YzAiOnsiY3JlYXRlIjo2MDAwMDAwMDAwMDB9fQ==",
          "dependencies": [
            "aws_cloudwatch_log_group.search_results_stream_consumer",
            "aws_dynamodb_table.keywords",
            "aws_dynamodb_table.search_results",
            "aws_dynamodb_table.users",
            "aws_elasticsearch_domain.main",
            "aws_iam_role.lambda_default",
            "aws_sqs_queue.search_results_notifications",
            "aws_sqs_queue.sync_search_results_to_es"
          ]
        }
      ]
    },
    {
      "mode": "managed",
      "type": "aws_lambda_function",
      "name": "search_twitter",
      "provider": "provider[\"registry.terraform.io/hashicorp/aws\"]",
      "instances": [
        {
          "schema_version": 0,
          "attributes": {
            "architectures": [
              "arm64"
            ],
            "arn": "arn:aws:lambda:us-east-1:317887603465:function:search_twitter",
            "code_signing_config_arn": "",
            "dead_letter_config": [],
            "description": "Searches twitter for specifc keyword",
            "environment": [
              {
                "variables": {
                  "AWS_NODEJS_CONNECTION_REUSE_ENABLED": "1",
                  "ENV": "dev",
                  "KEYWORDS_TABLE_NAME": "keywords",
                  "MAIN_ELASTIC_SEARCH_URL": "https://search-main-4n3p5dmsencx7oqrf5p23qqocu.us-east-1.es.amazonaws.com",
                  "NODE_OPTIONS": "--enable-source-maps",
                  "NOTIFICATION_JOBS_QUEUE_TEMPLATE_NAME": "{notificationMedium}_notification_jobs",
                  "REPORT_JOBS_QUEUE_TEMPLATE_NAME": "{reportMedium}_report_jobs",
                  "SEARCH_JOBS_QUEUE_TEMPLATE_NAME": "{socialMedia}_search_jobs",
                  "SEARCH_RESULTS_NOTIFICATIONS_QUEUE_URL": "https://sqs.us-east-1.amazonaws.com/317887603465/search_results_notifications",
                  "SEARCH_RESULTS_TABLE_NAME": "search_results",
                  "SEARCH_RESULT_INDEX_VERSION": "1",
                  "STRIPE_PRODUCT_NORMAL_ID": "price_1JoW0JDuqMWaCw56Dh44xBmR",
                  "STRIPE_PRODUCT_TEST_ID": "price_1JoW0JDuqMWaCw56Dh44xBmR",
                  "SYNC_SEARCH_RESULTS_TO_ES_QUEUE_URL": "https://sqs.us-east-1.amazonaws.com/317887603465/sync_search_results_to_es",
                  "USERS_TABLE_NAME": "users"
                }
              }
            ],
            "file_system_config": [],
            "filename": "/Users/diogovasconcelos/repos/social_watcher_v2/backend/.out/searchTwitterHandler.zip",
            "function_name": "search_twitter",
            "handler": "index.lambdaHandler",
            "id": "search_twitter",
            "image_config": [],
            "image_uri": "",
            "invoke_arn": "arn:aws:apigateway:us-east-1:lambda:path/2015-03-31/functions/arn:aws:lambda:us-east-1:317887603465:function:search_twitter/invocations",
            "kms_key_arn": "",
            "last_modified": "2021-10-25T16:30:46.817+0000",
            "layers": [],
            "memory_size": 128,
            "package_type": "Zip",
            "publish": false,
            "qualified_arn": "arn:aws:lambda:us-east-1:317887603465:function:search_twitter:$LATEST",
            "reserved_concurrent_executions": -1,
            "role": "arn:aws:iam::317887603465:role/lambda_default",
            "runtime": "nodejs14.x",
            "s3_bucket": null,
            "s3_key": null,
            "s3_object_version": null,
            "signing_job_arn": "",
            "signing_profile_version_arn": "",
            "source_code_hash": "hxP0gwfoXFUO54KNHTF2fdEDZv+VP/lf2bHp6m9TNOE=",
            "source_code_size": 1028488,
            "tags": {
              "project": "social watcher"
            },
            "tags_all": {
              "project": "social watcher"
            },
            "timeout": 15,
            "timeouts": null,
            "tracing_config": [
              {
                "mode": "PassThrough"
              }
            ],
            "version": "$LATEST",
            "vpc_config": []
          },
          "sensitive_attributes": [],
          "private": "eyJlMmJmYjczMC1lY2FhLTExZTYtOGY4OC0zNDM2M2JjN2M0YzAiOnsiY3JlYXRlIjo2MDAwMDAwMDAwMDB9fQ==",
          "dependencies": [
            "aws_cloudwatch_log_group.search_twitter",
            "aws_dynamodb_table.keywords",
            "aws_dynamodb_table.search_results",
            "aws_dynamodb_table.users",
            "aws_elasticsearch_domain.main",
            "aws_iam_role.lambda_default",
            "aws_sqs_queue.search_results_notifications",
            "aws_sqs_queue.sync_search_results_to_es"
          ]
        }
      ]
    },
    {
      "mode": "managed",
      "type": "aws_lambda_function",
      "name": "search_youtube",
      "provider": "provider[\"registry.terraform.io/hashicorp/aws\"]",
      "instances": [
        {
          "schema_version": 0,
          "attributes": {
            "architectures": [
              "arm64"
            ],
            "arn": "arn:aws:lambda:us-east-1:317887603465:function:search_youtube",
            "code_signing_config_arn": "",
            "dead_letter_config": [],
            "description": "Searches youtube for specifc keyword",
            "environment": [
              {
                "variables": {
                  "AWS_NODEJS_CONNECTION_REUSE_ENABLED": "1",
                  "ENV": "dev",
                  "KEYWORDS_TABLE_NAME": "keywords",
                  "MAIN_ELASTIC_SEARCH_URL": "https://search-main-4n3p5dmsencx7oqrf5p23qqocu.us-east-1.es.amazonaws.com",
                  "NODE_OPTIONS": "--enable-source-maps",
                  "NOTIFICATION_JOBS_QUEUE_TEMPLATE_NAME": "{notificationMedium}_notification_jobs",
                  "REPORT_JOBS_QUEUE_TEMPLATE_NAME": "{reportMedium}_report_jobs",
                  "SEARCH_JOBS_QUEUE_TEMPLATE_NAME": "{socialMedia}_search_jobs",
                  "SEARCH_RESULTS_NOTIFICATIONS_QUEUE_URL": "https://sqs.us-east-1.amazonaws.com/317887603465/search_results_notifications",
                  "SEARCH_RESULTS_TABLE_NAME": "search_results",
                  "SEARCH_RESULT_INDEX_VERSION": "1",
                  "STRIPE_PRODUCT_NORMAL_ID": "price_1JoW0JDuqMWaCw56Dh44xBmR",
                  "STRIPE_PRODUCT_TEST_ID": "price_1JoW0JDuqMWaCw56Dh44xBmR",
                  "SYNC_SEARCH_RESULTS_TO_ES_QUEUE_URL": "https://sqs.us-east-1.amazonaws.com/317887603465/sync_search_results_to_es",
                  "USERS_TABLE_NAME": "users"
                }
              }
            ],
            "file_system_config": [],
            "filename": "/Users/diogovasconcelos/repos/social_watcher_v2/backend/.out/searchYoutubeHandler.zip",
            "function_name": "search_youtube",
            "handler": "index.lambdaHandler",
            "id": "search_youtube",
            "image_config": [],
            "image_uri": "",
            "invoke_arn": "arn:aws:apigateway:us-east-1:lambda:path/2015-03-31/functions/arn:aws:lambda:us-east-1:317887603465:function:search_youtube/invocations",
            "kms_key_arn": "",
            "last_modified": "2021-10-25T16:29:17.775+0000",
            "layers": [],
            "memory_size": 128,
            "package_type": "Zip",
            "publish": false,
            "qualified_arn": "arn:aws:lambda:us-east-1:317887603465:function:search_youtube:$LATEST",
            "reserved_concurrent_executions": -1,
            "role": "arn:aws:iam::317887603465:role/lambda_default",
            "runtime": "nodejs14.x",
            "s3_bucket": null,
            "s3_key": null,
            "s3_object_version": null,
            "signing_job_arn": "",
            "signing_profile_version_arn": "",
            "source_code_hash": "moWmK4/xYEvUJRZpgEKPEr8iVu9nKEzCIh1FKdstfVY=",
            "source_code_size": 1030609,
            "tags": {
              "project": "social watcher"
            },
            "tags_all": {
              "project": "social watcher"
            },
            "timeout": 15,
            "timeouts": null,
            "tracing_config": [
              {
                "mode": "PassThrough"
              }
            ],
            "version": "$LATEST",
            "vpc_config": []
          },
          "sensitive_attributes": [],
          "private": "eyJlMmJmYjczMC1lY2FhLTExZTYtOGY4OC0zNDM2M2JjN2M0YzAiOnsiY3JlYXRlIjo2MDAwMDAwMDAwMDB9fQ==",
          "dependencies": [
            "aws_cloudwatch_log_group.search_youtube",
            "aws_dynamodb_table.keywords",
            "aws_dynamodb_table.search_results",
            "aws_dynamodb_table.users",
            "aws_elasticsearch_domain.main",
            "aws_iam_role.lambda_default",
            "aws_sqs_queue.search_results_notifications",
            "aws_sqs_queue.sync_search_results_to_es"
          ]
        }
      ]
    },
    {
      "mode": "managed",
      "type": "aws_lambda_function",
      "name": "stripe_webhook",
      "provider": "provider[\"registry.terraform.io/hashicorp/aws\"]",
      "instances": [
        {
          "schema_version": 0,
          "attributes": {
            "architectures": [
              "arm64"
            ],
            "arn": "arn:aws:lambda:us-east-1:317887603465:function:stripe_webhook",
            "code_signing_config_arn": "",
            "dead_letter_config": [],
            "description": "Lambda for the Stripe Webhook",
            "environment": [
              {
                "variables": {
                  "AWS_NODEJS_CONNECTION_REUSE_ENABLED": "1",
                  "ENV": "dev",
                  "KEYWORDS_TABLE_NAME": "keywords",
                  "MAIN_ELASTIC_SEARCH_URL": "https://search-main-4n3p5dmsencx7oqrf5p23qqocu.us-east-1.es.amazonaws.com",
                  "NODE_OPTIONS": "--enable-source-maps",
                  "NOTIFICATION_JOBS_QUEUE_TEMPLATE_NAME": "{notificationMedium}_notification_jobs",
                  "REPORT_JOBS_QUEUE_TEMPLATE_NAME": "{reportMedium}_report_jobs",
                  "SEARCH_JOBS_QUEUE_TEMPLATE_NAME": "{socialMedia}_search_jobs",
                  "SEARCH_RESULTS_NOTIFICATIONS_QUEUE_URL": "https://sqs.us-east-1.amazonaws.com/317887603465/search_results_notifications",
                  "SEARCH_RESULTS_TABLE_NAME": "search_results",
                  "SEARCH_RESULT_INDEX_VERSION": "1",
                  "STRIPE_PRODUCT_NORMAL_ID": "price_1JoW0JDuqMWaCw56Dh44xBmR",
                  "STRIPE_PRODUCT_TEST_ID": "price_1JoW0JDuqMWaCw56Dh44xBmR",
                  "SYNC_SEARCH_RESULTS_TO_ES_QUEUE_URL": "https://sqs.us-east-1.amazonaws.com/317887603465/sync_search_results_to_es",
                  "USERS_TABLE_NAME": "users"
                }
              }
            ],
            "file_system_config": [],
            "filename": "/Users/diogovasconcelos/repos/social_watcher_v2/backend/.out/stripeWebhookHandler.zip",
            "function_name": "stripe_webhook",
            "handler": "index.lambdaHandler",
            "id": "stripe_webhook",
            "image_config": [],
            "image_uri": "",
            "invoke_arn": "arn:aws:apigateway:us-east-1:lambda:path/2015-03-31/functions/arn:aws:lambda:us-east-1:317887603465:function:stripe_webhook/invocations",
            "kms_key_arn": "",
            "last_modified": "2021-10-25T16:30:06.474+0000",
            "layers": [],
            "memory_size": 128,
            "package_type": "Zip",
            "publish": false,
            "qualified_arn": "arn:aws:lambda:us-east-1:317887603465:function:stripe_webhook:$LATEST",
            "reserved_concurrent_executions": -1,
            "role": "arn:aws:iam::317887603465:role/lambda_default",
            "runtime": "nodejs14.x",
            "s3_bucket": null,
            "s3_key": null,
            "s3_object_version": null,
            "signing_job_arn": "",
            "signing_profile_version_arn": "",
            "source_code_hash": "AzRDsA3uYEQBUGGeASf9ZqhKRtrEUNSBs1E4IRZmw4A=",
            "source_code_size": 1069268,
            "tags": {
              "project": "social watcher"
            },
            "tags_all": {
              "project": "social watcher"
            },
            "timeout": 3,
            "timeouts": null,
            "tracing_config": [
              {
                "mode": "PassThrough"
              }
            ],
            "version": "$LATEST",
            "vpc_config": []
          },
          "sensitive_attributes": [],
          "private": "eyJlMmJmYjczMC1lY2FhLTExZTYtOGY4OC0zNDM2M2JjN2M0YzAiOnsiY3JlYXRlIjo2MDAwMDAwMDAwMDB9fQ==",
          "dependencies": [
            "aws_cloudwatch_log_group.stripe_webhook",
            "aws_dynamodb_table.keywords",
            "aws_dynamodb_table.search_results",
            "aws_dynamodb_table.users",
            "aws_elasticsearch_domain.main",
            "aws_iam_role.lambda_default",
            "aws_sqs_queue.search_results_notifications",
            "aws_sqs_queue.sync_search_results_to_es"
          ],
          "create_before_destroy": true
        }
      ]
    },
    {
      "mode": "managed",
      "type": "aws_lambda_function",
      "name": "sync_search_results_to_es",
      "provider": "provider[\"registry.terraform.io/hashicorp/aws\"]",
      "instances": [
        {
          "schema_version": 0,
          "attributes": {
            "architectures": [
              "arm64"
            ],
            "arn": "arn:aws:lambda:us-east-1:317887603465:function:sync_search_results_to_es",
            "code_signing_config_arn": "",
            "dead_letter_config": [],
            "description": "Syncs/indexes search results to elastic search",
            "environment": [
              {
                "variables": {
                  "AWS_NODEJS_CONNECTION_REUSE_ENABLED": "1",
                  "ENV": "dev",
                  "KEYWORDS_TABLE_NAME": "keywords",
                  "MAIN_ELASTIC_SEARCH_URL": "https://search-main-4n3p5dmsencx7oqrf5p23qqocu.us-east-1.es.amazonaws.com",
                  "NODE_OPTIONS": "--enable-source-maps",
                  "NOTIFICATION_JOBS_QUEUE_TEMPLATE_NAME": "{notificationMedium}_notification_jobs",
                  "REPORT_JOBS_QUEUE_TEMPLATE_NAME": "{reportMedium}_report_jobs",
                  "SEARCH_JOBS_QUEUE_TEMPLATE_NAME": "{socialMedia}_search_jobs",
                  "SEARCH_RESULTS_NOTIFICATIONS_QUEUE_URL": "https://sqs.us-east-1.amazonaws.com/317887603465/search_results_notifications",
                  "SEARCH_RESULTS_TABLE_NAME": "search_results",
                  "SEARCH_RESULT_INDEX_VERSION": "1",
                  "STRIPE_PRODUCT_NORMAL_ID": "price_1JoW0JDuqMWaCw56Dh44xBmR",
                  "STRIPE_PRODUCT_TEST_ID": "price_1JoW0JDuqMWaCw56Dh44xBmR",
                  "SYNC_SEARCH_RESULTS_TO_ES_QUEUE_URL": "https://sqs.us-east-1.amazonaws.com/317887603465/sync_search_results_to_es",
                  "USERS_TABLE_NAME": "users"
                }
              }
            ],
            "file_system_config": [],
            "filename": "/Users/diogovasconcelos/repos/social_watcher_v2/backend/.out/syncSearchResultsToEsHandler.zip",
            "function_name": "sync_search_results_to_es",
            "handler": "index.lambdaHandler",
            "id": "sync_search_results_to_es",
            "image_config": [],
            "image_uri": "",
            "invoke_arn": "arn:aws:apigateway:us-east-1:lambda:path/2015-03-31/functions/arn:aws:lambda:us-east-1:317887603465:function:sync_search_results_to_es/invocations",
            "kms_key_arn": "",
            "last_modified": "2021-10-25T16:32:00.085+0000",
            "layers": [],
            "memory_size": 256,
            "package_type": "Zip",
            "publish": false,
            "qualified_arn": "arn:aws:lambda:us-east-1:317887603465:function:sync_search_results_to_es:$LATEST",
            "reserved_concurrent_executions": -1,
            "role": "arn:aws:iam::317887603465:role/lambda_default",
            "runtime": "nodejs14.x",
            "s3_bucket": null,
            "s3_key": null,
            "s3_object_version": null,
            "signing_job_arn": "",
            "signing_profile_version_arn": "",
            "source_code_hash": "Cr76QJB30gJB7BXA1RI4oh//CfJtzV5OZAN8c0YAgCc=",
            "source_code_size": 1847863,
            "tags": {
              "project": "social watcher"
            },
            "tags_all": {
              "project": "social watcher"
            },
            "timeout": 15,
            "timeouts": null,
            "tracing_config": [
              {
                "mode": "PassThrough"
              }
            ],
            "version": "$LATEST",
            "vpc_config": []
          },
          "sensitive_attributes": [],
          "private": "eyJlMmJmYjczMC1lY2FhLTExZTYtOGY4OC0zNDM2M2JjN2M0YzAiOnsiY3JlYXRlIjo2MDAwMDAwMDAwMDB9fQ==",
          "dependencies": [
            "aws_cloudwatch_log_group.sync_search_results_to_es",
            "aws_dynamodb_table.keywords",
            "aws_dynamodb_table.search_results",
            "aws_dynamodb_table.users",
            "aws_elasticsearch_domain.main",
            "aws_iam_role.lambda_default",
            "aws_sqs_queue.search_results_notifications",
            "aws_sqs_queue.sync_search_results_to_es"
          ]
        }
      ]
    },
    {
      "mode": "managed",
      "type": "aws_lambda_function",
      "name": "update_search_object",
      "provider": "provider[\"registry.terraform.io/hashicorp/aws\"]",
      "instances": [
        {
          "schema_version": 0,
          "attributes": {
            "architectures": [
              "arm64"
            ],
            "arn": "arn:aws:lambda:us-east-1:317887603465:function:update_search_object",
            "code_signing_config_arn": "",
            "dead_letter_config": [],
            "description": "Updates a SearcObject",
            "environment": [
              {
                "variables": {
                  "AWS_NODEJS_CONNECTION_REUSE_ENABLED": "1",
                  "ENV": "dev",
                  "KEYWORDS_TABLE_NAME": "keywords",
                  "MAIN_ELASTIC_SEARCH_URL": "https://search-main-4n3p5dmsencx7oqrf5p23qqocu.us-east-1.es.amazonaws.com",
                  "NODE_OPTIONS": "--enable-source-maps",
                  "NOTIFICATION_JOBS_QUEUE_TEMPLATE_NAME": "{notificationMedium}_notification_jobs",
                  "REPORT_JOBS_QUEUE_TEMPLATE_NAME": "{reportMedium}_report_jobs",
                  "SEARCH_JOBS_QUEUE_TEMPLATE_NAME": "{socialMedia}_search_jobs",
                  "SEARCH_RESULTS_NOTIFICATIONS_QUEUE_URL": "https://sqs.us-east-1.amazonaws.com/317887603465/search_results_notifications",
                  "SEARCH_RESULTS_TABLE_NAME": "search_results",
                  "SEARCH_RESULT_INDEX_VERSION": "1",
                  "STRIPE_PRODUCT_NORMAL_ID": "price_1JoW0JDuqMWaCw56Dh44xBmR",
                  "STRIPE_PRODUCT_TEST_ID": "price_1JoW0JDuqMWaCw56Dh44xBmR",
                  "SYNC_SEARCH_RESULTS_TO_ES_QUEUE_URL": "https://sqs.us-east-1.amazonaws.com/317887603465/sync_search_results_to_es",
                  "USERS_TABLE_NAME": "users"
                }
              }
            ],
            "file_system_config": [],
            "filename": "/Users/diogovasconcelos/repos/social_watcher_v2/backend/.out/updateSearchObjectHandler.zip",
            "function_name": "update_search_object",
            "handler": "index.lambdaHandler",
            "id": "update_search_object",
            "image_config": [],
            "image_uri": "",
            "invoke_arn": "arn:aws:apigateway:us-east-1:lambda:path/2015-03-31/functions/arn:aws:lambda:us-east-1:317887603465:function:update_search_object/invocations",
            "kms_key_arn": "",
            "last_modified": "2021-10-25T16:32:08.156+0000",
            "layers": [],
            "memory_size": 128,
            "package_type": "Zip",
            "publish": false,
            "qualified_arn": "arn:aws:lambda:us-east-1:317887603465:function:update_search_object:$LATEST",
            "reserved_concurrent_executions": -1,
            "role": "arn:aws:iam::317887603465:role/lambda_default",
            "runtime": "nodejs14.x",
            "s3_bucket": null,
            "s3_key": null,
            "s3_object_version": null,
            "signing_job_arn": "",
            "signing_profile_version_arn": "",
            "source_code_hash": "bIh66x6StdPAd7EaW3zPd3EwQ84bM+P1/Iqx85P4KXg=",
            "source_code_size": 962006,
            "tags": {
              "project": "social watcher"
            },
            "tags_all": {
              "project": "social watcher"
            },
            "timeout": 3,
            "timeouts": null,
            "tracing_config": [
              {
                "mode": "PassThrough"
              }
            ],
            "version": "$LATEST",
            "vpc_config": []
          },
          "sensitive_attributes": [],
          "private": "eyJlMmJmYjczMC1lY2FhLTExZTYtOGY4OC0zNDM2M2JjN2M0YzAiOnsiY3JlYXRlIjo2MDAwMDAwMDAwMDB9fQ==",
          "dependencies": [
            "aws_cloudwatch_log_group.update_search_object",
            "aws_dynamodb_table.keywords",
            "aws_dynamodb_table.search_results",
            "aws_dynamodb_table.users",
            "aws_elasticsearch_domain.main",
            "aws_iam_role.lambda_default",
            "aws_sqs_queue.search_results_notifications",
            "aws_sqs_queue.sync_search_results_to_es"
          ],
          "create_before_destroy": true
        }
      ]
    },
    {
      "mode": "managed",
      "type": "aws_lambda_function",
      "name": "users_stream_consumer",
      "provider": "provider[\"registry.terraform.io/hashicorp/aws\"]",
      "instances": [
        {
          "schema_version": 0,
          "attributes": {
            "architectures": [
              "arm64"
            ],
            "arn": "arn:aws:lambda:us-east-1:317887603465:function:users_stream_consumer",
            "code_signing_config_arn": "",
            "dead_letter_config": [],
            "description": "Users table stream consumer",
            "environment": [
              {
                "variables": {
                  "AWS_NODEJS_CONNECTION_REUSE_ENABLED": "1",
                  "ENV": "dev",
                  "KEYWORDS_TABLE_NAME": "keywords",
                  "MAIN_ELASTIC_SEARCH_URL": "https://search-main-4n3p5dmsencx7oqrf5p23qqocu.us-east-1.es.amazonaws.com",
                  "NODE_OPTIONS": "--enable-source-maps",
                  "NOTIFICATION_JOBS_QUEUE_TEMPLATE_NAME": "{notificationMedium}_notification_jobs",
                  "REPORT_JOBS_QUEUE_TEMPLATE_NAME": "{reportMedium}_report_jobs",
                  "SEARCH_JOBS_QUEUE_TEMPLATE_NAME": "{socialMedia}_search_jobs",
                  "SEARCH_RESULTS_NOTIFICATIONS_QUEUE_URL": "https://sqs.us-east-1.amazonaws.com/317887603465/search_results_notifications",
                  "SEARCH_RESULTS_TABLE_NAME": "search_results",
                  "SEARCH_RESULT_INDEX_VERSION": "1",
                  "STRIPE_PRODUCT_NORMAL_ID": "price_1JoW0JDuqMWaCw56Dh44xBmR",
                  "STRIPE_PRODUCT_TEST_ID": "price_1JoW0JDuqMWaCw56Dh44xBmR",
                  "SYNC_SEARCH_RESULTS_TO_ES_QUEUE_URL": "https://sqs.us-east-1.amazonaws.com/317887603465/sync_search_results_to_es",
                  "USERS_TABLE_NAME": "users"
                }
              }
            ],
            "file_system_config": [],
            "filename": "/Users/diogovasconcelos/repos/social_watcher_v2/backend/.out/usersStreamConsumerHandler.zip",
            "function_name": "users_stream_consumer",
            "handler": "index.lambdaHandler",
            "id": "users_stream_consumer",
            "image_config": [],
            "image_uri": "",
            "invoke_arn": "arn:aws:apigateway:us-east-1:lambda:path/2015-03-31/functions/arn:aws:lambda:us-east-1:317887603465:function:users_stream_consumer/invocations",
            "kms_key_arn": "",
            "last_modified": "2021-10-25T16:30:14.637+0000",
            "layers": [],
            "memory_size": 128,
            "package_type": "Zip",
            "publish": false,
            "qualified_arn": "arn:aws:lambda:us-east-1:317887603465:function:users_stream_consumer:$LATEST",
            "reserved_concurrent_executions": 1,
            "role": "arn:aws:iam::317887603465:role/lambda_default",
            "runtime": "nodejs14.x",
            "s3_bucket": null,
            "s3_key": null,
            "s3_object_version": null,
            "signing_job_arn": "",
            "signing_profile_version_arn": "",
            "source_code_hash": "+NhUNClgTF2K60LRre1oYAfmcAlTdyaZG2s3IQtWMUk=",
            "source_code_size": 960911,
            "tags": {
              "project": "social watcher"
            },
            "tags_all": {
              "project": "social watcher"
            },
            "timeout": 3,
            "timeouts": null,
            "tracing_config": [
              {
                "mode": "PassThrough"
              }
            ],
            "version": "$LATEST",
            "vpc_config": []
          },
          "sensitive_attributes": [],
          "private": "eyJlMmJmYjczMC1lY2FhLTExZTYtOGY4OC0zNDM2M2JjN2M0YzAiOnsiY3JlYXRlIjo2MDAwMDAwMDAwMDB9fQ==",
          "dependencies": [
            "aws_cloudwatch_log_group.users_stream_consumer",
            "aws_dynamodb_table.keywords",
            "aws_dynamodb_table.search_results",
            "aws_dynamodb_table.users",
            "aws_elasticsearch_domain.main",
            "aws_iam_role.lambda_default",
            "aws_sqs_queue.search_results_notifications",
            "aws_sqs_queue.sync_search_results_to_es"
          ]
        }
      ]
    },
    {
      "mode": "managed",
      "type": "aws_lambda_permission",
      "name": "allow_dispatch_report_jobs_cron_invokation",
      "provider": "provider[\"registry.terraform.io/hashicorp/aws\"]",
      "instances": [
        {
          "schema_version": 0,
          "attributes": {
            "action": "lambda:InvokeFunction",
            "event_source_token": null,
            "function_name": "dispatch_report_jobs",
            "id": "terraform-20210805192642821800000001",
            "principal": "events.amazonaws.com",
            "qualifier": "",
            "source_account": null,
            "source_arn": "arn:aws:events:us-east-1:317887603465:rule/trigger_cron_report_jobs",
            "statement_id": "terraform-20210805192642821800000001",
            "statement_id_prefix": null
          },
          "sensitive_attributes": [],
          "private": "bnVsbA==",
          "dependencies": [
            "aws_lambda_function.dispatch_report_jobs",
            "aws_sqs_queue.search_results_notifications",
            "aws_dynamodb_table.search_results",
            "aws_cloudwatch_log_group.dispatch_report_jobs",
            "aws_dynamodb_table.keywords",
            "aws_dynamodb_table.users",
            "aws_elasticsearch_domain.main",
            "aws_iam_role.lambda_default",
            "aws_sqs_queue.search_results_notifications_dlq",
            "aws_sqs_queue.sync_search_results_to_es",
            "aws_cloudwatch_event_rule.trigger_cron_report_jobs",
            "aws_sqs_queue.sync_search_results_to_es_dlq"
          ]
        }
      ]
    },
    {
      "mode": "managed",
      "type": "aws_lambda_permission",
      "name": "allow_dispatch_search_jobs_cron_invokation",
      "provider": "provider[\"registry.terraform.io/hashicorp/aws\"]",
      "instances": [
        {
          "schema_version": 0,
          "attributes": {
            "action": "lambda:InvokeFunction",
            "event_source_token": null,
            "function_name": "dispatch_search_jobs",
            "id": "terraform-20210805191920600000000001",
            "principal": "events.amazonaws.com",
            "qualifier": "",
            "source_account": null,
            "source_arn": "arn:aws:events:us-east-1:317887603465:rule/trigger_cron_search_jobs",
            "statement_id": "terraform-20210805191920600000000001",
            "statement_id_prefix": null
          },
          "sensitive_attributes": [],
          "private": "bnVsbA==",
          "dependencies": [
            "aws_lambda_function.dispatch_search_jobs",
            "aws_cloudwatch_event_rule.trigger_cron_search_jobs",
            "aws_dynamodb_table.search_results",
            "aws_elasticsearch_domain.main",
            "aws_iam_role.lambda_default",
            "aws_sqs_queue.search_results_notifications",
            "aws_sqs_queue.search_results_notifications_dlq",
            "aws_sqs_queue.sync_search_results_to_es",
            "aws_sqs_queue.sync_search_results_to_es_dlq",
            "aws_cloudwatch_log_group.dispatch_search_jobs",
            "aws_dynamodb_table.keywords",
            "aws_dynamodb_table.users"
          ]
        }
      ]
    },
    {
      "mode": "managed",
      "type": "aws_lambda_permission",
      "name": "cognito_allow_lambda_invokation",
      "provider": "provider[\"registry.terraform.io/hashicorp/aws\"]",
      "instances": [
        {
          "schema_version": 0,
          "attributes": {
            "action": "lambda:InvokeFunction",
            "event_source_token": null,
            "function_name": "arn:aws:lambda:us-east-1:317887603465:function:cognito_pre_signup",
            "id": "terraform-20210401061942746700000001",
            "principal": "cognito-idp.amazonaws.com",
            "qualifier": "",
            "source_account": null,
            "source_arn": "arn:aws:cognito-idp:us-east-1:317887603465:userpool/us-east-1_BGoxkHJoy",
            "statement_id": "terraform-20210401061942746700000001",
            "statement_id_prefix": null
          },
          "sensitive_attributes": [],
          "private": "bnVsbA==",
          "dependencies": [
            "aws_sqs_queue.sync_search_results_to_es_dlq",
            "aws_cloudwatch_log_group.cognito_pre_signup",
            "aws_cognito_user_pool.main_pool",
            "aws_dynamodb_table.keywords",
            "aws_dynamodb_table.search_results",
            "aws_lambda_function.cognito_pre_signup",
            "aws_sqs_queue.search_results_notifications",
            "aws_dynamodb_table.users",
            "aws_elasticsearch_domain.main",
            "aws_iam_role.lambda_default",
            "aws_sqs_queue.search_results_notifications_dlq",
            "aws_sqs_queue.sync_search_results_to_es"
          ]
        }
      ]
    },
    {
      "mode": "managed",
      "type": "aws_sqs_queue",
      "name": "discord_notification_jobs",
      "provider": "provider[\"registry.terraform.io/hashicorp/aws\"]",
      "instances": [
        {
          "schema_version": 0,
          "attributes": {
            "arn": "arn:aws:sqs:us-east-1:317887603465:discord_notification_jobs",
            "content_based_deduplication": false,
            "deduplication_scope": "",
            "delay_seconds": 0,
            "fifo_queue": false,
            "fifo_throughput_limit": "",
            "id": "https://sqs.us-east-1.amazonaws.com/317887603465/discord_notification_jobs",
            "kms_data_key_reuse_period_seconds": 300,
            "kms_master_key_id": "",
            "max_message_size": 262144,
            "message_retention_seconds": 345600,
            "name": "discord_notification_jobs",
            "name_prefix": "",
            "policy": "",
            "receive_wait_time_seconds": 20,
            "redrive_policy": "{\"deadLetterTargetArn\":\"arn:aws:sqs:us-east-1:317887603465:discord_notification_jobs_dlq\",\"maxReceiveCount\":5}",
            "tags": {
              "project": "social watcher"
            },
            "tags_all": {
              "project": "social watcher"
            },
            "url": "https://sqs.us-east-1.amazonaws.com/317887603465/discord_notification_jobs",
            "visibility_timeout_seconds": 30
          },
          "sensitive_attributes": [],
          "private": "bnVsbA==",
          "dependencies": [
            "aws_sqs_queue.discord_notification_jobs_dlq"
          ]
        }
      ]
    },
    {
      "mode": "managed",
      "type": "aws_sqs_queue",
      "name": "discord_notification_jobs_dlq",
      "provider": "provider[\"registry.terraform.io/hashicorp/aws\"]",
      "instances": [
        {
          "schema_version": 0,
          "attributes": {
            "arn": "arn:aws:sqs:us-east-1:317887603465:discord_notification_jobs_dlq",
            "content_based_deduplication": false,
            "deduplication_scope": "",
            "delay_seconds": 0,
            "fifo_queue": false,
            "fifo_throughput_limit": "",
            "id": "https://sqs.us-east-1.amazonaws.com/317887603465/discord_notification_jobs_dlq",
            "kms_data_key_reuse_period_seconds": 300,
            "kms_master_key_id": "",
            "max_message_size": 262144,
            "message_retention_seconds": 1209600,
            "name": "discord_notification_jobs_dlq",
            "name_prefix": "",
            "policy": "",
            "receive_wait_time_seconds": 20,
            "redrive_policy": "",
            "tags": {
              "QueueType": "dlq",
              "project": "social watcher"
            },
            "tags_all": {
              "QueueType": "dlq",
              "project": "social watcher"
            },
            "url": "https://sqs.us-east-1.amazonaws.com/317887603465/discord_notification_jobs_dlq",
            "visibility_timeout_seconds": 30
          },
          "sensitive_attributes": [],
          "private": "bnVsbA=="
        }
      ]
    },
    {
      "mode": "managed",
      "type": "aws_sqs_queue",
      "name": "email_report_jobs",
      "provider": "provider[\"registry.terraform.io/hashicorp/aws\"]",
      "instances": [
        {
          "schema_version": 0,
          "attributes": {
            "arn": "arn:aws:sqs:us-east-1:317887603465:email_report_jobs",
            "content_based_deduplication": false,
            "deduplication_scope": "",
            "delay_seconds": 0,
            "fifo_queue": false,
            "fifo_throughput_limit": "",
            "id": "https://sqs.us-east-1.amazonaws.com/317887603465/email_report_jobs",
            "kms_data_key_reuse_period_seconds": 300,
            "kms_master_key_id": "",
            "max_message_size": 262144,
            "message_retention_seconds": 345600,
            "name": "email_report_jobs",
            "name_prefix": "",
            "policy": "",
            "receive_wait_time_seconds": 20,
            "redrive_policy": "{\"deadLetterTargetArn\":\"arn:aws:sqs:us-east-1:317887603465:email_report_jobs_dlq\",\"maxReceiveCount\":5}",
            "tags": {
              "project": "social watcher"
            },
            "tags_all": {
              "project": "social watcher"
            },
            "url": "https://sqs.us-east-1.amazonaws.com/317887603465/email_report_jobs",
            "visibility_timeout_seconds": 30
          },
          "sensitive_attributes": [],
          "private": "bnVsbA==",
          "dependencies": [
            "aws_sqs_queue.email_report_jobs_dlq"
          ]
        }
      ]
    },
    {
      "mode": "managed",
      "type": "aws_sqs_queue",
      "name": "email_report_jobs_dlq",
      "provider": "provider[\"registry.terraform.io/hashicorp/aws\"]",
      "instances": [
        {
          "schema_version": 0,
          "attributes": {
            "arn": "arn:aws:sqs:us-east-1:317887603465:email_report_jobs_dlq",
            "content_based_deduplication": false,
            "deduplication_scope": "",
            "delay_seconds": 0,
            "fifo_queue": false,
            "fifo_throughput_limit": "",
            "id": "https://sqs.us-east-1.amazonaws.com/317887603465/email_report_jobs_dlq",
            "kms_data_key_reuse_period_seconds": 300,
            "kms_master_key_id": "",
            "max_message_size": 262144,
            "message_retention_seconds": 1209600,
            "name": "email_report_jobs_dlq",
            "name_prefix": "",
            "policy": "",
            "receive_wait_time_seconds": 20,
            "redrive_policy": "",
            "tags": {
              "QueueType": "dlq",
              "project": "social watcher"
            },
            "tags_all": {
              "QueueType": "dlq",
              "project": "social watcher"
            },
            "url": "https://sqs.us-east-1.amazonaws.com/317887603465/email_report_jobs_dlq",
            "visibility_timeout_seconds": 30
          },
          "sensitive_attributes": [],
          "private": "bnVsbA=="
        }
      ]
    },
    {
      "mode": "managed",
      "type": "aws_sqs_queue",
      "name": "hackernews_search_jobs",
      "provider": "provider[\"registry.terraform.io/hashicorp/aws\"]",
      "instances": [
        {
          "schema_version": 0,
          "attributes": {
            "arn": "arn:aws:sqs:us-east-1:317887603465:hackernews_search_jobs",
            "content_based_deduplication": false,
            "deduplication_scope": "",
            "delay_seconds": 0,
            "fifo_queue": false,
            "fifo_throughput_limit": "",
            "id": "https://sqs.us-east-1.amazonaws.com/317887603465/hackernews_search_jobs",
            "kms_data_key_reuse_period_seconds": 300,
            "kms_master_key_id": "",
            "max_message_size": 262144,
            "message_retention_seconds": 345600,
            "name": "hackernews_search_jobs",
            "name_prefix": "",
            "policy": "",
            "receive_wait_time_seconds": 20,
            "redrive_policy": "{\"deadLetterTargetArn\":\"arn:aws:sqs:us-east-1:317887603465:hackernews_search_jobs_dlq\",\"maxReceiveCount\":5}",
            "tags": {
              "project": "social watcher"
            },
            "tags_all": {
              "project": "social watcher"
            },
            "url": "https://sqs.us-east-1.amazonaws.com/317887603465/hackernews_search_jobs",
            "visibility_timeout_seconds": 30
          },
          "sensitive_attributes": [],
          "private": "bnVsbA==",
          "dependencies": [
            "aws_sqs_queue.hackernews_search_jobs_dlq"
          ]
        }
      ]
    },
    {
      "mode": "managed",
      "type": "aws_sqs_queue",
      "name": "hackernews_search_jobs_dlq",
      "provider": "provider[\"registry.terraform.io/hashicorp/aws\"]",
      "instances": [
        {
          "schema_version": 0,
          "attributes": {
            "arn": "arn:aws:sqs:us-east-1:317887603465:hackernews_search_jobs_dlq",
            "content_based_deduplication": false,
            "deduplication_scope": "",
            "delay_seconds": 0,
            "fifo_queue": false,
            "fifo_throughput_limit": "",
            "id": "https://sqs.us-east-1.amazonaws.com/317887603465/hackernews_search_jobs_dlq",
            "kms_data_key_reuse_period_seconds": 300,
            "kms_master_key_id": "",
            "max_message_size": 262144,
            "message_retention_seconds": 1209600,
            "name": "hackernews_search_jobs_dlq",
            "name_prefix": "",
            "policy": "",
            "receive_wait_time_seconds": 20,
            "redrive_policy": "",
            "tags": {
              "QueueType": "dlq",
              "project": "social watcher"
            },
            "tags_all": {
              "QueueType": "dlq",
              "project": "social watcher"
            },
            "url": "https://sqs.us-east-1.amazonaws.com/317887603465/hackernews_search_jobs_dlq",
            "visibility_timeout_seconds": 30
          },
          "sensitive_attributes": [],
          "private": "bnVsbA=="
        }
      ]
    },
    {
      "mode": "managed",
      "type": "aws_sqs_queue",
      "name": "instagram_search_jobs",
      "provider": "provider[\"registry.terraform.io/hashicorp/aws\"]",
      "instances": [
        {
          "schema_version": 0,
          "attributes": {
            "arn": "arn:aws:sqs:us-east-1:317887603465:instagram_search_jobs",
            "content_based_deduplication": false,
            "deduplication_scope": "",
            "delay_seconds": 0,
            "fifo_queue": false,
            "fifo_throughput_limit": "",
            "id": "https://sqs.us-east-1.amazonaws.com/317887603465/instagram_search_jobs",
            "kms_data_key_reuse_period_seconds": 300,
            "kms_master_key_id": "",
            "max_message_size": 262144,
            "message_retention_seconds": 345600,
            "name": "instagram_search_jobs",
            "name_prefix": "",
            "policy": "",
            "receive_wait_time_seconds": 20,
            "redrive_policy": "{\"deadLetterTargetArn\":\"arn:aws:sqs:us-east-1:317887603465:instagram_search_jobs_dlq\",\"maxReceiveCount\":5}",
            "tags": {
              "project": "social watcher"
            },
            "tags_all": {
              "project": "social watcher"
            },
            "url": "https://sqs.us-east-1.amazonaws.com/317887603465/instagram_search_jobs",
            "visibility_timeout_seconds": 30
          },
          "sensitive_attributes": [],
          "private": "bnVsbA==",
          "dependencies": [
            "aws_sqs_queue.instagram_search_jobs_dlq"
          ]
        }
      ]
    },
    {
      "mode": "managed",
      "type": "aws_sqs_queue",
      "name": "instagram_search_jobs_dlq",
      "provider": "provider[\"registry.terraform.io/hashicorp/aws\"]",
      "instances": [
        {
          "schema_version": 0,
          "attributes": {
            "arn": "arn:aws:sqs:us-east-1:317887603465:instagram_search_jobs_dlq",
            "content_based_deduplication": false,
            "deduplication_scope": "",
            "delay_seconds": 0,
            "fifo_queue": false,
            "fifo_throughput_limit": "",
            "id": "https://sqs.us-east-1.amazonaws.com/317887603465/instagram_search_jobs_dlq",
            "kms_data_key_reuse_period_seconds": 300,
            "kms_master_key_id": "",
            "max_message_size": 262144,
            "message_retention_seconds": 1209600,
            "name": "instagram_search_jobs_dlq",
            "name_prefix": "",
            "policy": "",
            "receive_wait_time_seconds": 20,
            "redrive_policy": "",
            "tags": {
              "QueueType": "dlq",
              "project": "social watcher"
            },
            "tags_all": {
              "QueueType": "dlq",
              "project": "social watcher"
            },
            "url": "https://sqs.us-east-1.amazonaws.com/317887603465/instagram_search_jobs_dlq",
            "visibility_timeout_seconds": 30
          },
          "sensitive_attributes": [],
          "private": "bnVsbA=="
        }
      ]
    },
    {
      "mode": "managed",
      "type": "aws_sqs_queue",
      "name": "reddit_search_jobs",
      "provider": "provider[\"registry.terraform.io/hashicorp/aws\"]",
      "instances": [
        {
          "schema_version": 0,
          "attributes": {
            "arn": "arn:aws:sqs:us-east-1:317887603465:reddit_search_jobs",
            "content_based_deduplication": false,
            "deduplication_scope": "",
            "delay_seconds": 0,
            "fifo_queue": false,
            "fifo_throughput_limit": "",
            "id": "https://sqs.us-east-1.amazonaws.com/317887603465/reddit_search_jobs",
            "kms_data_key_reuse_period_seconds": 300,
            "kms_master_key_id": "",
            "max_message_size": 262144,
            "message_retention_seconds": 345600,
            "name": "reddit_search_jobs",
            "name_prefix": "",
            "policy": "",
            "receive_wait_time_seconds": 20,
            "redrive_policy": "{\"deadLetterTargetArn\":\"arn:aws:sqs:us-east-1:317887603465:reddit_search_jobs_dlq\",\"maxReceiveCount\":5}",
            "tags": {
              "project": "social watcher"
            },
            "tags_all": {
              "project": "social watcher"
            },
            "url": "https://sqs.us-east-1.amazonaws.com/317887603465/reddit_search_jobs",
            "visibility_timeout_seconds": 30
          },
          "sensitive_attributes": [],
          "private": "bnVsbA==",
          "dependencies": [
            "aws_sqs_queue.reddit_search_jobs_dlq"
          ]
        }
      ]
    },
    {
      "mode": "managed",
      "type": "aws_sqs_queue",
      "name": "reddit_search_jobs_dlq",
      "provider": "provider[\"registry.terraform.io/hashicorp/aws\"]",
      "instances": [
        {
          "schema_version": 0,
          "attributes": {
            "arn": "arn:aws:sqs:us-east-1:317887603465:reddit_search_jobs_dlq",
            "content_based_deduplication": false,
            "deduplication_scope": "",
            "delay_seconds": 0,
            "fifo_queue": false,
            "fifo_throughput_limit": "",
            "id": "https://sqs.us-east-1.amazonaws.com/317887603465/reddit_search_jobs_dlq",
            "kms_data_key_reuse_period_seconds": 300,
            "kms_master_key_id": "",
            "max_message_size": 262144,
            "message_retention_seconds": 1209600,
            "name": "reddit_search_jobs_dlq",
            "name_prefix": "",
            "policy": "",
            "receive_wait_time_seconds": 20,
            "redrive_policy": "",
            "tags": {
              "QueueType": "dlq",
              "project": "social watcher"
            },
            "tags_all": {
              "QueueType": "dlq",
              "project": "social watcher"
            },
            "url": "https://sqs.us-east-1.amazonaws.com/317887603465/reddit_search_jobs_dlq",
            "visibility_timeout_seconds": 30
          },
          "sensitive_attributes": [],
          "private": "bnVsbA=="
        }
      ]
    },
    {
      "mode": "managed",
      "type": "aws_sqs_queue",
      "name": "search_results_notifications",
      "provider": "provider[\"registry.terraform.io/hashicorp/aws\"]",
      "instances": [
        {
          "schema_version": 0,
          "attributes": {
            "arn": "arn:aws:sqs:us-east-1:317887603465:search_results_notifications",
            "content_based_deduplication": false,
            "deduplication_scope": "",
            "delay_seconds": 0,
            "fifo_queue": false,
            "fifo_throughput_limit": "",
            "id": "https://sqs.us-east-1.amazonaws.com/317887603465/search_results_notifications",
            "kms_data_key_reuse_period_seconds": 300,
            "kms_master_key_id": "",
            "max_message_size": 262144,
            "message_retention_seconds": 345600,
            "name": "search_results_notifications",
            "name_prefix": "",
            "policy": "",
            "receive_wait_time_seconds": 20,
            "redrive_policy": "{\"deadLetterTargetArn\":\"arn:aws:sqs:us-east-1:317887603465:search_results_notifications_dlq\",\"maxReceiveCount\":5}",
            "tags": {
              "project": "social watcher"
            },
            "tags_all": {
              "project": "social watcher"
            },
            "url": "https://sqs.us-east-1.amazonaws.com/317887603465/search_results_notifications",
            "visibility_timeout_seconds": 30
          },
          "sensitive_attributes": [],
          "private": "bnVsbA==",
          "dependencies": [
            "aws_sqs_queue.search_results_notifications_dlq"
          ],
          "create_before_destroy": true
        }
      ]
    },
    {
      "mode": "managed",
      "type": "aws_sqs_queue",
      "name": "search_results_notifications_dlq",
      "provider": "provider[\"registry.terraform.io/hashicorp/aws\"]",
      "instances": [
        {
          "schema_version": 0,
          "attributes": {
            "arn": "arn:aws:sqs:us-east-1:317887603465:search_results_notifications_dlq",
            "content_based_deduplication": false,
            "deduplication_scope": "",
            "delay_seconds": 0,
            "fifo_queue": false,
            "fifo_throughput_limit": "",
            "id": "https://sqs.us-east-1.amazonaws.com/317887603465/search_results_notifications_dlq",
            "kms_data_key_reuse_period_seconds": 300,
            "kms_master_key_id": "",
            "max_message_size": 262144,
            "message_retention_seconds": 1209600,
            "name": "search_results_notifications_dlq",
            "name_prefix": "",
            "policy": "",
            "receive_wait_time_seconds": 20,
            "redrive_policy": "",
            "tags": {
              "QueueType": "dlq",
              "project": "social watcher"
            },
            "tags_all": {
              "QueueType": "dlq",
              "project": "social watcher"
            },
            "url": "https://sqs.us-east-1.amazonaws.com/317887603465/search_results_notifications_dlq",
            "visibility_timeout_seconds": 30
          },
          "sensitive_attributes": [],
          "private": "bnVsbA==",
          "create_before_destroy": true
        }
      ]
    },
    {
      "mode": "managed",
      "type": "aws_sqs_queue",
      "name": "search_results_stream_consumer_dlq",
      "provider": "provider[\"registry.terraform.io/hashicorp/aws\"]",
      "instances": [
        {
          "schema_version": 0,
          "attributes": {
            "arn": "arn:aws:sqs:us-east-1:317887603465:search_results_stream_consumer_dlq",
            "content_based_deduplication": false,
            "deduplication_scope": "",
            "delay_seconds": 0,
            "fifo_queue": false,
            "fifo_throughput_limit": "",
            "id": "https://sqs.us-east-1.amazonaws.com/317887603465/search_results_stream_consumer_dlq",
            "kms_data_key_reuse_period_seconds": 300,
            "kms_master_key_id": "",
            "max_message_size": 262144,
            "message_retention_seconds": 1209600,
            "name": "search_results_stream_consumer_dlq",
            "name_prefix": "",
            "policy": "",
            "receive_wait_time_seconds": 20,
            "redrive_policy": "",
            "tags": {
              "QueueType": "dlq",
              "project": "social watcher"
            },
            "tags_all": {
              "QueueType": "dlq",
              "project": "social watcher"
            },
            "url": "https://sqs.us-east-1.amazonaws.com/317887603465/search_results_stream_consumer_dlq",
            "visibility_timeout_seconds": 30
          },
          "sensitive_attributes": [],
          "private": "bnVsbA=="
        }
      ]
    },
    {
      "mode": "managed",
      "type": "aws_sqs_queue",
      "name": "slack_notification_jobs",
      "provider": "provider[\"registry.terraform.io/hashicorp/aws\"]",
      "instances": [
        {
          "schema_version": 0,
          "attributes": {
            "arn": "arn:aws:sqs:us-east-1:317887603465:slack_notification_jobs",
            "content_based_deduplication": false,
            "deduplication_scope": "",
            "delay_seconds": 0,
            "fifo_queue": false,
            "fifo_throughput_limit": "",
            "id": "https://sqs.us-east-1.amazonaws.com/317887603465/slack_notification_jobs",
            "kms_data_key_reuse_period_seconds": 300,
            "kms_master_key_id": "",
            "max_message_size": 262144,
            "message_retention_seconds": 345600,
            "name": "slack_notification_jobs",
            "name_prefix": "",
            "policy": "",
            "receive_wait_time_seconds": 20,
            "redrive_policy": "{\"deadLetterTargetArn\":\"arn:aws:sqs:us-east-1:317887603465:slack_notification_jobs_dlq\",\"maxReceiveCount\":5}",
            "tags": {
              "project": "social watcher"
            },
            "tags_all": {
              "project": "social watcher"
            },
            "url": "https://sqs.us-east-1.amazonaws.com/317887603465/slack_notification_jobs",
            "visibility_timeout_seconds": 30
          },
          "sensitive_attributes": [],
          "private": "bnVsbA==",
          "dependencies": [
            "aws_sqs_queue.slack_notification_jobs_dlq"
          ]
        }
      ]
    },
    {
      "mode": "managed",
      "type": "aws_sqs_queue",
      "name": "slack_notification_jobs_dlq",
      "provider": "provider[\"registry.terraform.io/hashicorp/aws\"]",
      "instances": [
        {
          "schema_version": 0,
          "attributes": {
            "arn": "arn:aws:sqs:us-east-1:317887603465:slack_notification_jobs_dlq",
            "content_based_deduplication": false,
            "deduplication_scope": "",
            "delay_seconds": 0,
            "fifo_queue": false,
            "fifo_throughput_limit": "",
            "id": "https://sqs.us-east-1.amazonaws.com/317887603465/slack_notification_jobs_dlq",
            "kms_data_key_reuse_period_seconds": 300,
            "kms_master_key_id": "",
            "max_message_size": 262144,
            "message_retention_seconds": 1209600,
            "name": "slack_notification_jobs_dlq",
            "name_prefix": "",
            "policy": "",
            "receive_wait_time_seconds": 20,
            "redrive_policy": "",
            "tags": {
              "QueueType": "dlq",
              "project": "social watcher"
            },
            "tags_all": {
              "QueueType": "dlq",
              "project": "social watcher"
            },
            "url": "https://sqs.us-east-1.amazonaws.com/317887603465/slack_notification_jobs_dlq",
            "visibility_timeout_seconds": 30
          },
          "sensitive_attributes": [],
          "private": "bnVsbA=="
        }
      ]
    },
    {
      "mode": "managed",
      "type": "aws_sqs_queue",
      "name": "sync_search_results_to_es",
      "provider": "provider[\"registry.terraform.io/hashicorp/aws\"]",
      "instances": [
        {
          "schema_version": 0,
          "attributes": {
            "arn": "arn:aws:sqs:us-east-1:317887603465:sync_search_results_to_es",
            "content_based_deduplication": false,
            "deduplication_scope": "",
            "delay_seconds": 0,
            "fifo_queue": false,
            "fifo_throughput_limit": "",
            "id": "https://sqs.us-east-1.amazonaws.com/317887603465/sync_search_results_to_es",
            "kms_data_key_reuse_period_seconds": 300,
            "kms_master_key_id": "",
            "max_message_size": 262144,
            "message_retention_seconds": 345600,
            "name": "sync_search_results_to_es",
            "name_prefix": "",
            "policy": "",
            "receive_wait_time_seconds": 20,
            "redrive_policy": "{\"deadLetterTargetArn\":\"arn:aws:sqs:us-east-1:317887603465:sync_search_results_to_es_dlq\",\"maxReceiveCount\":5}",
            "tags": {
              "project": "social watcher"
            },
            "tags_all": {
              "project": "social watcher"
            },
            "url": "https://sqs.us-east-1.amazonaws.com/317887603465/sync_search_results_to_es",
            "visibility_timeout_seconds": 30
          },
          "sensitive_attributes": [],
          "private": "bnVsbA==",
          "dependencies": [
            "aws_sqs_queue.sync_search_results_to_es_dlq"
          ],
          "create_before_destroy": true
        }
      ]
    },
    {
      "mode": "managed",
      "type": "aws_sqs_queue",
      "name": "sync_search_results_to_es_dlq",
      "provider": "provider[\"registry.terraform.io/hashicorp/aws\"]",
      "instances": [
        {
          "schema_version": 0,
          "attributes": {
            "arn": "arn:aws:sqs:us-east-1:317887603465:sync_search_results_to_es_dlq",
            "content_based_deduplication": false,
            "deduplication_scope": "",
            "delay_seconds": 0,
            "fifo_queue": false,
            "fifo_throughput_limit": "",
            "id": "https://sqs.us-east-1.amazonaws.com/317887603465/sync_search_results_to_es_dlq",
            "kms_data_key_reuse_period_seconds": 300,
            "kms_master_key_id": "",
            "max_message_size": 262144,
            "message_retention_seconds": 1209600,
            "name": "sync_search_results_to_es_dlq",
            "name_prefix": "",
            "policy": "",
            "receive_wait_time_seconds": 20,
            "redrive_policy": "",
            "tags": {
              "QueueType": "dlq",
              "project": "social watcher"
            },
            "tags_all": {
              "QueueType": "dlq",
              "project": "social watcher"
            },
            "url": "https://sqs.us-east-1.amazonaws.com/317887603465/sync_search_results_to_es_dlq",
            "visibility_timeout_seconds": 30
          },
          "sensitive_attributes": [],
          "private": "bnVsbA==",
          "create_before_destroy": true
        }
      ]
    },
    {
      "mode": "managed",
      "type": "aws_sqs_queue",
      "name": "twitter_search_jobs",
      "provider": "provider[\"registry.terraform.io/hashicorp/aws\"]",
      "instances": [
        {
          "schema_version": 0,
          "attributes": {
            "arn": "arn:aws:sqs:us-east-1:317887603465:twitter_search_jobs",
            "content_based_deduplication": false,
            "deduplication_scope": "",
            "delay_seconds": 0,
            "fifo_queue": false,
            "fifo_throughput_limit": "",
            "id": "https://sqs.us-east-1.amazonaws.com/317887603465/twitter_search_jobs",
            "kms_data_key_reuse_period_seconds": 300,
            "kms_master_key_id": "",
            "max_message_size": 262144,
            "message_retention_seconds": 345600,
            "name": "twitter_search_jobs",
            "name_prefix": "",
            "policy": "",
            "receive_wait_time_seconds": 20,
            "redrive_policy": "{\"deadLetterTargetArn\":\"arn:aws:sqs:us-east-1:317887603465:twitter_search_jobs_dlq\",\"maxReceiveCount\":5}",
            "tags": {
              "project": "social watcher"
            },
            "tags_all": {
              "project": "social watcher"
            },
            "url": "https://sqs.us-east-1.amazonaws.com/317887603465/twitter_search_jobs",
            "visibility_timeout_seconds": 30
          },
          "sensitive_attributes": [],
          "private": "bnVsbA==",
          "dependencies": [
            "aws_sqs_queue.twitter_search_jobs_dlq"
          ]
        }
      ]
    },
    {
      "mode": "managed",
      "type": "aws_sqs_queue",
      "name": "twitter_search_jobs_dlq",
      "provider": "provider[\"registry.terraform.io/hashicorp/aws\"]",
      "instances": [
        {
          "schema_version": 0,
          "attributes": {
            "arn": "arn:aws:sqs:us-east-1:317887603465:twitter_search_jobs_dlq",
            "content_based_deduplication": false,
            "deduplication_scope": "",
            "delay_seconds": 0,
            "fifo_queue": false,
            "fifo_throughput_limit": "",
            "id": "https://sqs.us-east-1.amazonaws.com/317887603465/twitter_search_jobs_dlq",
            "kms_data_key_reuse_period_seconds": 300,
            "kms_master_key_id": "",
            "max_message_size": 262144,
            "message_retention_seconds": 1209600,
            "name": "twitter_search_jobs_dlq",
            "name_prefix": "",
            "policy": "",
            "receive_wait_time_seconds": 20,
            "redrive_policy": "",
            "tags": {
              "QueueType": "dlq",
              "project": "social watcher"
            },
            "tags_all": {
              "QueueType": "dlq",
              "project": "social watcher"
            },
            "url": "https://sqs.us-east-1.amazonaws.com/317887603465/twitter_search_jobs_dlq",
            "visibility_timeout_seconds": 30
          },
          "sensitive_attributes": [],
          "private": "bnVsbA=="
        }
      ]
    },
    {
      "mode": "managed",
      "type": "aws_sqs_queue",
      "name": "users_stream_consumer_dlq",
      "provider": "provider[\"registry.terraform.io/hashicorp/aws\"]",
      "instances": [
        {
          "schema_version": 0,
          "attributes": {
            "arn": "arn:aws:sqs:us-east-1:317887603465:users_stream_consumer_dlq",
            "content_based_deduplication": false,
            "deduplication_scope": "",
            "delay_seconds": 0,
            "fifo_queue": false,
            "fifo_throughput_limit": "",
            "id": "https://sqs.us-east-1.amazonaws.com/317887603465/users_stream_consumer_dlq",
            "kms_data_key_reuse_period_seconds": 300,
            "kms_master_key_id": "",
            "max_message_size": 262144,
            "message_retention_seconds": 1209600,
            "name": "users_stream_consumer_dlq",
            "name_prefix": "",
            "policy": "",
            "receive_wait_time_seconds": 20,
            "redrive_policy": "",
            "tags": {
              "QueueType": "dlq",
              "project": "social watcher"
            },
            "tags_all": {
              "QueueType": "dlq",
              "project": "social watcher"
            },
            "url": "https://sqs.us-east-1.amazonaws.com/317887603465/users_stream_consumer_dlq",
            "visibility_timeout_seconds": 30
          },
          "sensitive_attributes": [],
          "private": "bnVsbA=="
        }
      ]
    },
    {
      "mode": "managed",
      "type": "aws_sqs_queue",
      "name": "youtube_search_jobs",
      "provider": "provider[\"registry.terraform.io/hashicorp/aws\"]",
      "instances": [
        {
          "schema_version": 0,
          "attributes": {
            "arn": "arn:aws:sqs:us-east-1:317887603465:youtube_search_jobs",
            "content_based_deduplication": false,
            "deduplication_scope": "",
            "delay_seconds": 0,
            "fifo_queue": false,
            "fifo_throughput_limit": "",
            "id": "https://sqs.us-east-1.amazonaws.com/317887603465/youtube_search_jobs",
            "kms_data_key_reuse_period_seconds": 300,
            "kms_master_key_id": "",
            "max_message_size": 262144,
            "message_retention_seconds": 345600,
            "name": "youtube_search_jobs",
            "name_prefix": "",
            "policy": "",
            "receive_wait_time_seconds": 20,
            "redrive_policy": "{\"deadLetterTargetArn\":\"arn:aws:sqs:us-east-1:317887603465:youtube_search_jobs_dlq\",\"maxReceiveCount\":5}",
            "tags": {
              "project": "social watcher"
            },
            "tags_all": {
              "project": "social watcher"
            },
            "url": "https://sqs.us-east-1.amazonaws.com/317887603465/youtube_search_jobs",
            "visibility_timeout_seconds": 30
          },
          "sensitive_attributes": [],
          "private": "bnVsbA==",
          "dependencies": [
            "aws_sqs_queue.youtube_search_jobs_dlq"
          ]
        }
      ]
    },
    {
      "mode": "managed",
      "type": "aws_sqs_queue",
      "name": "youtube_search_jobs_dlq",
      "provider": "provider[\"registry.terraform.io/hashicorp/aws\"]",
      "instances": [
        {
          "schema_version": 0,
          "attributes": {
            "arn": "arn:aws:sqs:us-east-1:317887603465:youtube_search_jobs_dlq",
            "content_based_deduplication": false,
            "deduplication_scope": "",
            "delay_seconds": 0,
            "fifo_queue": false,
            "fifo_throughput_limit": "",
            "id": "https://sqs.us-east-1.amazonaws.com/317887603465/youtube_search_jobs_dlq",
            "kms_data_key_reuse_period_seconds": 300,
            "kms_master_key_id": "",
            "max_message_size": 262144,
            "message_retention_seconds": 1209600,
            "name": "youtube_search_jobs_dlq",
            "name_prefix": "",
            "policy": "",
            "receive_wait_time_seconds": 20,
            "redrive_policy": "",
            "tags": {
              "QueueType": "dlq",
              "project": "social watcher"
            },
            "tags_all": {
              "QueueType": "dlq",
              "project": "social watcher"
            },
            "url": "https://sqs.us-east-1.amazonaws.com/317887603465/youtube_search_jobs_dlq",
            "visibility_timeout_seconds": 30
          },
          "sensitive_attributes": [],
          "private": "bnVsbA=="
        }
      ]
    }
  ]
}
