# THIS IS AN AUTOGENERATED FILE. DO NOT EDIT THIS FILE DIRECTLY.
# yarn lockfile v1


"@types/node@^15.3.0":
  version "15.3.0"
  resolved "https://registry.yarnpkg.com/@types/node/-/node-15.3.0.tgz#d6fed7d6bc6854306da3dea1af9f874b00783e26"
  integrity sha512-8/bnjSZD86ZfpBsDlCIkNXIvm+h6wi9g7IqL+kmFkQ+Wvu3JrasgLElfiPgoo8V8vVfnEi0QVS12gbl94h9YsQ==

deepmerge@^4.2.2:
  version "4.2.2"
  resolved "https://registry.yarnpkg.com/deepmerge/-/deepmerge-4.2.2.tgz#44d2ea3679b8f4d4ffba33f03d865fc1e7bf4955"
  integrity sha512-FJ3UgI4gIl+PHZm53knsuSFpE+nESMr7M4v9QcgB7S63Kj/6WqMiFQJpBBYz1Pt+66bZpP3Q7Lye0Oo9MPKEdg==

fp-ts@^2.10.5:
  version "2.10.5"
  resolved "https://registry.yarnpkg.com/fp-ts/-/fp-ts-2.10.5.tgz#7c77868fe8bd9b229743303c1bec505b959f631b"
  integrity sha512-X2KfTIV0cxIk3d7/2Pvp/pxL/xr2MV1WooyEzKtTWYSc1+52VF4YzjBTXqeOlSiZsPCxIBpDGfT9Dyo7WEY0DQ==

io-ts-types@^0.5.16:
  version "0.5.16"
  resolved "https://registry.yarnpkg.com/io-ts-types/-/io-ts-types-0.5.16.tgz#e9eed75371e217c97050cc507915e8eedc250946"
  integrity sha512-h9noYVfY9rlbmKI902SJdnV/06jgiT2chxG6lYDxaYNp88HscPi+SBCtmcU+m0E7WT5QSwt7sIMj93+qu0FEwQ==

io-ts@^2.2.16:
  version "2.2.16"
  resolved "https://registry.yarnpkg.com/io-ts/-/io-ts-2.2.16.tgz#597dffa03db1913fc318c9c6df6931cb4ed808b2"
  integrity sha512-y5TTSa6VP6le0hhmIyN0dqEXkrZeJLeC5KApJq6VLci3UEKF80lZ+KuoUs02RhBxNWlrqSNxzfI7otLX1Euv8Q==

monocle-ts@^2.3.10:
  version "2.3.10"
  resolved "https://registry.yarnpkg.com/monocle-ts/-/monocle-ts-2.3.10.tgz#f5edaacc459103ab6dda07ed0e297f0cd6455ed8"
  integrity sha512-UvzfU1LR0XMfPN0ySPvMhIu54mzfuAzoggtIOc2JlEAfnR6sfv/5zGkxrNtYvLNYzm5bo/qc1v0DlUq4VlzE0g==

newtype-ts@^0.3.4:
  version "0.3.4"
  resolved "https://registry.yarnpkg.com/newtype-ts/-/newtype-ts-0.3.4.tgz#65c74b7d5195edaa9abfcdba6549a33a5c0e298d"
  integrity sha512-lFJnWAt0oXX1j1ErNy9RU5+FPNtVyzugHW2MchaaMiOeeS9LEmqAAOqyHPFQ0Uw895jStSYGSCslrByzYxFJYQ==

ruins-ts@^0.0.3:
  version "0.0.3"
  resolved "https://registry.yarnpkg.com/ruins-ts/-/ruins-ts-0.0.3.tgz#531f7b8edfdf851c5e00eccd9c65c2f388f3ea11"
  integrity sha512-0paiCmy4MwqTPfFHk8bMARQgB02YvtoK+DBtBrgDU5s7dm1OKLKZ6M7ThGRaA6mEu8grhLqJ/ai1ZVeD8vuSCA==

type-fest@^1.1.2:
  version "1.1.2"
  resolved "https://registry.yarnpkg.com/type-fest/-/type-fest-1.1.2.tgz#0de29c10ea673e089eb8d4afb788928a72ed7594"
  integrity sha512-q++CYzCt8xYVqKnPfJi5o3rMx83MxN4h+hqp/4+5+J7MrbmV5qwVk6epQ4tKp7pGIF9TDmbmunHSW8UtacKnBQ==
