{
  "version": 4,
  "terraform_version": "1.0.5",
  "serial": 100,
  "lineage": "e5a46682-ec8c-3807-d002-ab11c21b46f8",
  "outputs": {},
  "resources": [
    {
      "mode": "data",
      "type": "aws_iam_policy_document",
      "name": "fe_page_s3_policy",
      "provider": "provider[\"registry.terraform.io/hashicorp/aws\"]",
      "instances": [
        {
          "schema_version": 0,
          "attributes": {
            "id": "644237223",
            "json": "{\n  \"Version\": \"2012-10-17\",\n  \"Statement\": [\n    {\n      \"Sid\": \"\",\n      \"Effect\": \"Allow\",\n      \"Action\": \"s3:GetObject\",\n      \"Resource\": \"arn:aws:s3:::fe-page/*\",\n      \"Principal\": {\n        \"AWS\": \"arn:aws:iam::cloudfront:user/CloudFront Origin Access Identity ES8QZJ9X9KSZY\"\n      }\n    }\n  ]\n}",
            "override_json": null,
            "override_policy_documents": null,
            "policy_id": null,
            "source_json": null,
            "source_policy_documents": null,
            "statement": [
              {
                "actions": [
                  "s3:GetObject"
                ],
                "condition": [],
                "effect": "Allow",
                "not_actions": [],
                "not_principals": [],
                "not_resources": [],
                "principals": [
                  {
                    "identifiers": [
                      "arn:aws:iam::cloudfront:user/CloudFront Origin Access Identity ES8QZJ9X9KSZY"
                    ],
                    "type": "AWS"
                  }
                ],
                "resources": [
                  "arn:aws:s3:::fe-page/*"
                ],
                "sid": ""
              }
            ],
            "version": "2012-10-17"
          },
          "sensitive_attributes": []
        }
      ]
    },
    {
      "mode": "managed",
      "type": "aws_acm_certificate",
      "name": "main",
      "provider": "provider[\"registry.terraform.io/hashicorp/aws\"]",
      "instances": [
        {
          "schema_version": 0,
          "attributes": {
            "arn": "arn:aws:acm:us-east-1:317887603465:certificate/d9181578-6fe2-436c-9d49-26dc751ffdde",
            "certificate_authority_arn": "",
            "certificate_body": null,
            "certificate_chain": null,
            "domain_name": "thesocialwatcher.com",
            "domain_validation_options": [
              {
                "domain_name": "thesocialwatcher.com",
                "resource_record_name": "_7b438f0212ac41430a0971c7fc0a6c07.thesocialwatcher.com.",
                "resource_record_type": "CNAME",
                "resource_record_value": "_f1aa2f07b334e8bb758121681bee2ba5.mvtxpqxpkb.acm-validations.aws."
              }
            ],
            "id": "arn:aws:acm:us-east-1:317887603465:certificate/d9181578-6fe2-436c-9d49-26dc751ffdde",
            "options": [
              {
                "certificate_transparency_logging_preference": "ENABLED"
              }
            ],
            "private_key": null,
            "status": "ISSUED",
            "subject_alternative_names": [],
            "tags": {
              "project": "social watcher"
            },
            "tags_all": {
              "project": "social watcher"
            },
            "validation_emails": [],
            "validation_method": "DNS"
          },
          "sensitive_attributes": [],
          "private": "bnVsbA==",
          "create_before_destroy": true
        }
      ]
    },
    {
      "mode": "managed",
      "type": "aws_acm_certificate",
      "name": "www",
      "provider": "provider[\"registry.terraform.io/hashicorp/aws\"]",
      "instances": [
        {
          "schema_version": 0,
          "attributes": {
            "arn": "arn:aws:acm:us-east-1:317887603465:certificate/6bb178de-85d6-4b83-ae8c-961f9835234e",
            "certificate_authority_arn": "",
            "certificate_body": null,
            "certificate_chain": null,
            "domain_name": "www.thesocialwatcher.com",
            "domain_validation_options": [
              {
                "domain_name": "www.thesocialwatcher.com",
                "resource_record_name": "_6b9fee129dd81fb6e22f099c2c64ea08.www.thesocialwatcher.com.",
                "resource_record_type": "CNAME",
                "resource_record_value": "_85ec866d989fcfad2694f08f6099601a.qqqfmgwtgn.acm-validations.aws."
              }
            ],
            "id": "arn:aws:acm:us-east-1:317887603465:certificate/6bb178de-85d6-4b83-ae8c-961f9835234e",
            "options": [
              {
                "certificate_transparency_logging_preference": "ENABLED"
              }
            ],
            "private_key": null,
            "status": "ISSUED",
            "subject_alternative_names": [],
            "tags": {
              "project": "social watcher"
            },
            "tags_all": {
              "project": "social watcher"
            },
            "validation_emails": [],
            "validation_method": "DNS"
          },
          "sensitive_attributes": [],
          "private": "bnVsbA==",
          "create_before_destroy": true
        }
      ]
    },
    {
      "mode": "managed",
      "type": "aws_acm_certificate_validation",
      "name": "main",
      "provider": "provider[\"registry.terraform.io/hashicorp/aws\"]",
      "instances": [
        {
          "schema_version": 0,
          "attributes": {
            "certificate_arn": "arn:aws:acm:us-east-1:317887603465:certificate/d9181578-6fe2-436c-9d49-26dc751ffdde",
            "id": "2021-07-28 21:44:10 +0000 UTC",
            "timeouts": null,
            "validation_record_fqdns": [
              "_7b438f0212ac41430a0971c7fc0a6c07.thesocialwatcher.com"
            ]
          },
          "sensitive_attributes": [],
          "private": "eyJlMmJmYjczMC1lY2FhLTExZTYtOGY4OC0zNDM2M2JjN2M0YzAiOnsiY3JlYXRlIjoyNzAwMDAwMDAwMDAwfX0=",
          "dependencies": [
            "aws_acm_certificate.main",
            "aws_route53_record.validation",
            "aws_route53_zone.main"
          ]
        }
      ]
    },
    {
      "mode": "managed",
      "type": "aws_acm_certificate_validation",
      "name": "www",
      "provider": "provider[\"registry.terraform.io/hashicorp/aws\"]",
      "instances": [
        {
          "schema_version": 0,
          "attributes": {
            "certificate_arn": "arn:aws:acm:us-east-1:317887603465:certificate/6bb178de-85d6-4b83-ae8c-961f9835234e",
            "id": "2021-08-02 21:41:36 +0000 UTC",
            "timeouts": null,
            "validation_record_fqdns": [
              "_6b9fee129dd81fb6e22f099c2c64ea08.www.thesocialwatcher.com"
            ]
          },
          "sensitive_attributes": [],
          "private": "eyJlMmJmYjczMC1lY2FhLTExZTYtOGY4OC0zNDM2M2JjN2M0YzAiOnsiY3JlYXRlIjoyNzAwMDAwMDAwMDAwfX0=",
          "dependencies": [
            "aws_acm_certificate.www",
            "aws_route53_record.validation_www",
            "aws_route53_zone.main"
          ]
        }
      ]
    },
    {
      "mode": "managed",
      "type": "aws_cloudfront_distribution",
      "name": "s3_distribution",
      "provider": "provider[\"registry.terraform.io/hashicorp/aws\"]",
      "instances": [
        {
          "schema_version": 1,
          "attributes": {
            "aliases": [
              "thesocialwatcher.com"
            ],
            "arn": "arn:aws:cloudfront::317887603465:distribution/E225JD3PGMEOJK",
            "caller_reference": "terraform-20210515193134396800000001",
            "comment": null,
            "custom_error_response": [
              {
                "error_caching_min_ttl": 0,
                "error_code": 403,
                "response_code": 200,
                "response_page_path": "/index.html"
              }
            ],
            "default_cache_behavior": [
              {
                "allowed_methods": [
                  "GET",
                  "HEAD",
                  "OPTIONS"
                ],
                "cache_policy_id": "",
                "cached_methods": [
                  "GET",
                  "HEAD",
                  "OPTIONS"
                ],
                "compress": true,
                "default_ttl": 3600,
                "field_level_encryption_id": "",
                "forwarded_values": [
                  {
                    "cookies": [
                      {
                        "forward": "none",
                        "whitelisted_names": []
                      }
                    ],
                    "headers": [],
                    "query_string": false,
                    "query_string_cache_keys": []
                  }
                ],
                "function_association": [],
                "lambda_function_association": [],
                "max_ttl": 86400,
                "min_ttl": 0,
                "origin_request_policy_id": "",
                "realtime_log_config_arn": "",
                "smooth_streaming": false,
                "target_origin_id": "fe-page",
                "trusted_key_groups": [],
                "trusted_signers": [],
                "viewer_protocol_policy": "redirect-to-https"
              }
            ],
            "default_root_object": "index.html",
            "domain_name": "d2r5id69pzx1ip.cloudfront.net",
            "enabled": true,
            "etag": "E2DNS9NVBNCKNH",
            "hosted_zone_id": "Z2FDTNDATAQYW2",
            "http_version": "http2",
            "id": "E225JD3PGMEOJK",
            "in_progress_validation_batches": 0,
            "is_ipv6_enabled": false,
            "last_modified_time": "2021-08-22 13:26:27.873 +0000 UTC",
            "logging_config": [
              {
                "bucket": "sw-frontent-logs",
                "include_cookies": false,
                "prefix": "cloudfront"
              }
            ],
            "ordered_cache_behavior": [],
            "origin": [
              {
                "connection_attempts": 3,
                "connection_timeout": 10,
                "custom_header": [],
                "custom_origin_config": [],
                "domain_name": "fe-page.s3.amazonaws.com",
                "origin_id": "fe-page",
                "origin_path": "",
                "origin_shield": [],
                "s3_origin_config": [
                  {
                    "origin_access_identity": "origin-access-identity/cloudfront/ES8QZJ9X9KSZY"
                  }
                ]
              }
            ],
            "origin_group": [],
            "price_class": "PriceClass_200",
            "restrictions": [
              {
                "geo_restriction": [
                  {
                    "locations": [],
                    "restriction_type": "none"
                  }
                ]
              }
            ],
            "retain_on_delete": false,
            "status": "Deployed",
            "tags": {
              "project": "social watcher"
            },
            "tags_all": {
              "project": "social watcher"
            },
            "trusted_key_groups": [
              {
                "enabled": false,
                "items": []
              }
            ],
            "trusted_signers": [
              {
                "enabled": false,
                "items": []
              }
            ],
            "viewer_certificate": [
              {
                "acm_certificate_arn": "arn:aws:acm:us-east-1:317887603465:certificate/d9181578-6fe2-436c-9d49-26dc751ffdde",
                "cloudfront_default_certificate": false,
                "iam_certificate_id": "",
                "minimum_protocol_version": "TLSv1",
                "ssl_support_method": "sni-only"
              }
            ],
            "wait_for_deployment": true,
            "web_acl_id": ""
          },
          "sensitive_attributes": [],
          "private": "eyJzY2hlbWFfdmVyc2lvbiI6IjEifQ==",
          "dependencies": [
            "aws_acm_certificate_validation.main",
            "aws_cloudfront_origin_access_identity.fe_origin",
            "aws_s3_bucket.fe_page",
            "aws_s3_bucket.frontent_logs"
          ]
        }
      ]
    },
    {
      "mode": "managed",
      "type": "aws_cloudfront_distribution",
      "name": "www_redirect",
      "provider": "provider[\"registry.terraform.io/hashicorp/aws\"]",
      "instances": [
        {
          "schema_version": 1,
          "attributes": {
            "aliases": [
              "www.thesocialwatcher.com"
            ],
            "arn": "arn:aws:cloudfront::317887603465:distribution/E1ZCN15YSDFLYR",
            "caller_reference": "terraform-20210802214212087800000002",
            "comment": null,
            "custom_error_response": [],
            "default_cache_behavior": [
              {
                "allowed_methods": [
                  "GET",
                  "HEAD",
                  "OPTIONS"
                ],
                "cache_policy_id": "",
                "cached_methods": [
                  "GET",
                  "HEAD",
                  "OPTIONS"
                ],
                "compress": false,
                "default_ttl": 0,
                "field_level_encryption_id": "",
                "forwarded_values": [
                  {
                    "cookies": [
                      {
                        "forward": "none",
                        "whitelisted_names": []
                      }
                    ],
                    "headers": [],
                    "query_string": false,
                    "query_string_cache_keys": []
                  }
                ],
                "function_association": [
                  {
                    "event_type": "viewer-request",
                    "function_arn": "arn:aws:cloudfront::317887603465:function/redirect_wwww"
                  }
                ],
                "lambda_function_association": [],
                "max_ttl": 0,
                "min_ttl": 0,
                "origin_request_policy_id": "",
                "realtime_log_config_arn": "",
                "smooth_streaming": false,
                "target_origin_id": "fe-page",
                "trusted_key_groups": [],
                "trusted_signers": [],
                "viewer_protocol_policy": "redirect-to-https"
              }
            ],
            "default_root_object": "",
            "domain_name": "d249b1v0gv4hpg.cloudfront.net",
            "enabled": true,
            "etag": "E3PELCTDTMFW59",
            "hosted_zone_id": "Z2FDTNDATAQYW2",
            "http_version": "http2",
            "id": "E1ZCN15YSDFLYR",
            "in_progress_validation_batches": 0,
            "is_ipv6_enabled": false,
            "last_modified_time": "2021-08-03 17:29:39.519 +0000 UTC",
            "logging_config": [
              {
                "bucket": "sw-frontent-logs",
                "include_cookies": false,
                "prefix": "cloudfront-www"
              }
            ],
            "ordered_cache_behavior": [],
            "origin": [
              {
                "connection_attempts": 3,
                "connection_timeout": 10,
                "custom_header": [],
                "custom_origin_config": [],
                "domain_name": "fe-page.s3.amazonaws.com",
                "origin_id": "fe-page",
                "origin_path": "",
                "origin_shield": [],
                "s3_origin_config": []
              }
            ],
            "origin_group": [],
            "price_class": "PriceClass_200",
            "restrictions": [
              {
                "geo_restriction": [
                  {
                    "locations": [],
                    "restriction_type": "none"
                  }
                ]
              }
            ],
            "retain_on_delete": false,
            "status": "Deployed",
            "tags": {
              "project": "social watcher"
            },
            "tags_all": {
              "project": "social watcher"
            },
            "trusted_key_groups": [
              {
                "enabled": false,
                "items": []
              }
            ],
            "trusted_signers": [
              {
                "enabled": false,
                "items": []
              }
            ],
            "viewer_certificate": [
              {
                "acm_certificate_arn": "arn:aws:acm:us-east-1:317887603465:certificate/6bb178de-85d6-4b83-ae8c-961f9835234e",
                "cloudfront_default_certificate": false,
                "iam_certificate_id": "",
                "minimum_protocol_version": "TLSv1",
                "ssl_support_method": "sni-only"
              }
            ],
            "wait_for_deployment": true,
            "web_acl_id": ""
          },
          "sensitive_attributes": [],
          "private": "eyJzY2hlbWFfdmVyc2lvbiI6IjEifQ==",
          "dependencies": [
            "aws_acm_certificate_validation.www",
            "aws_cloudfront_function.redirect_wwww",
            "aws_s3_bucket.fe_page",
            "aws_s3_bucket.frontent_logs"
          ]
        }
      ]
    },
    {
      "mode": "managed",
      "type": "aws_cloudfront_function",
      "name": "redirect_wwww",
      "provider": "provider[\"registry.terraform.io/hashicorp/aws\"]",
      "instances": [
        {
          "schema_version": 0,
          "attributes": {
            "arn": "arn:aws:cloudfront::317887603465:function/redirect_wwww",
            "code": "// eslint-disable-next-line @typescript-eslint/no-unused-vars\nfunction handler(event) {\n  return {\n    statusCode: 301, //https://developer.mozilla.org/en-US/docs/Web/HTTP/Redirections\n    statusDescription: \"Moved Permanently\",\n    headers: {\n      location: { value: `https://thesocialwatcher.com${event.request.uri}` },\n    },\n  };\n}\n",
            "comment": "redirect www to naked (main)",
            "etag": "E3UN6WX5RRO2AG",
            "id": "redirect_wwww",
            "name": "redirect_wwww",
            "publish": true,
            "runtime": "cloudfront-js-1.0",
            "status": "DEPLOYED"
          },
          "sensitive_attributes": [],
          "private": "bnVsbA=="
        }
      ]
    },
    {
      "mode": "managed",
      "type": "aws_cloudfront_origin_access_identity",
      "name": "fe_origin",
      "provider": "provider[\"registry.terraform.io/hashicorp/aws\"]",
      "instances": [
        {
          "schema_version": 0,
          "attributes": {
            "caller_reference": "terraform-20210515183256201200000001",
            "cloudfront_access_identity_path": "origin-access-identity/cloudfront/ES8QZJ9X9KSZY",
            "comment": "Origin Access Identity for Bucket: fe-page",
            "etag": "EL3Y9JOZGBLXB",
            "iam_arn": "arn:aws:iam::cloudfront:user/CloudFront Origin Access Identity ES8QZJ9X9KSZY",
            "id": "ES8QZJ9X9KSZY",
            "s3_canonical_user_id": "942affd8ae547c7e7864ea8cf25de6c4107ea088ebd886a6b82b6c93a811dab55e5f3a1ecffc6adc59ecf459ea4a84fc"
          },
          "sensitive_attributes": [],
          "private": "bnVsbA==",
          "dependencies": [
            "aws_s3_bucket.fe_page"
          ]
        }
      ]
    },
    {
      "mode": "managed",
      "type": "aws_route53_record",
      "name": "fm-mx",
      "provider": "provider[\"registry.terraform.io/hashicorp/aws\"]",
      "instances": [
        {
          "schema_version": 2,
          "attributes": {
            "alias": [],
            "allow_overwrite": null,
            "failover_routing_policy": [],
            "fqdn": "thesocialwatcher.com",
            "geolocation_routing_policy": [],
            "health_check_id": "",
            "id": "Z08416353R04GYXPVORM0_thesocialwatcher.com_MX",
            "latency_routing_policy": [],
            "multivalue_answer_routing_policy": null,
            "name": "thesocialwatcher.com",
            "records": [
              "10 in1-smtp.messagingengine.com.",
              "20 in2-smtp.messagingengine.com."
            ],
            "set_identifier": "",
            "ttl": 3600,
            "type": "MX",
            "weighted_routing_policy": [],
            "zone_id": "Z08416353R04GYXPVORM0"
          },
          "sensitive_attributes": [],
          "private": "eyJzY2hlbWFfdmVyc2lvbiI6IjIifQ==",
          "dependencies": [
            "aws_route53_zone.main"
          ]
        }
      ]
    },
    {
      "mode": "managed",
      "type": "aws_route53_record",
      "name": "fm1_domainkey_cname",
      "provider": "provider[\"registry.terraform.io/hashicorp/aws\"]",
      "instances": [
        {
          "schema_version": 2,
          "attributes": {
            "alias": [],
            "allow_overwrite": null,
            "failover_routing_policy": [],
            "fqdn": "fm1._domainkey.thesocialwatcher.com",
            "geolocation_routing_policy": [],
            "health_check_id": "",
            "id": "Z08416353R04GYXPVORM0_fm1._domainkey_CNAME",
            "latency_routing_policy": [],
            "multivalue_answer_routing_policy": null,
            "name": "fm1._domainkey",
            "records": [
              "fm1.thesocialwatcher.com.dkim.fmhosted.com"
            ],
            "set_identifier": "",
            "ttl": 3600,
            "type": "CNAME",
            "weighted_routing_policy": [],
            "zone_id": "Z08416353R04GYXPVORM0"
          },
          "sensitive_attributes": [],
          "private": "eyJzY2hlbWFfdmVyc2lvbiI6IjIifQ==",
          "dependencies": [
            "aws_route53_zone.main"
          ]
        }
      ]
    },
    {
      "mode": "managed",
      "type": "aws_route53_record",
      "name": "fm2_domainkey_cname",
      "provider": "provider[\"registry.terraform.io/hashicorp/aws\"]",
      "instances": [
        {
          "schema_version": 2,
          "attributes": {
            "alias": [],
            "allow_overwrite": null,
            "failover_routing_policy": [],
            "fqdn": "fm2._domainkey.thesocialwatcher.com",
            "geolocation_routing_policy": [],
            "health_check_id": "",
            "id": "Z08416353R04GYXPVORM0_fm2._domainkey_CNAME",
            "latency_routing_policy": [],
            "multivalue_answer_routing_policy": null,
            "name": "fm2._domainkey",
            "records": [
              "fm2.thesocialwatcher.com.dkim.fmhosted.com"
            ],
            "set_identifier": "",
            "ttl": 3600,
            "type": "CNAME",
            "weighted_routing_policy": [],
            "zone_id": "Z08416353R04GYXPVORM0"
          },
          "sensitive_attributes": [],
          "private": "eyJzY2hlbWFfdmVyc2lvbiI6IjIifQ==",
          "dependencies": [
            "aws_route53_zone.main"
          ]
        }
      ]
    },
    {
      "mode": "managed",
      "type": "aws_route53_record",
      "name": "fm3_domainkey_cname",
      "provider": "provider[\"registry.terraform.io/hashicorp/aws\"]",
      "instances": [
        {
          "schema_version": 2,
          "attributes": {
            "alias": [],
            "allow_overwrite": null,
            "failover_routing_policy": [],
            "fqdn": "fm3._domainkey.thesocialwatcher.com",
            "geolocation_routing_policy": [],
            "health_check_id": "",
            "id": "Z08416353R04GYXPVORM0_fm3._domainkey_CNAME",
            "latency_routing_policy": [],
            "multivalue_answer_routing_policy": null,
            "name": "fm3._domainkey",
            "records": [
              "fm3.thesocialwatcher.com.dkim.fmhosted.com"
            ],
            "set_identifier": "",
            "ttl": 3600,
            "type": "CNAME",
            "weighted_routing_policy": [],
            "zone_id": "Z08416353R04GYXPVORM0"
          },
          "sensitive_attributes": [],
          "private": "eyJzY2hlbWFfdmVyc2lvbiI6IjIifQ==",
          "dependencies": [
            "aws_route53_zone.main"
          ]
        }
      ]
    },
    {
      "mode": "managed",
      "type": "aws_route53_record",
      "name": "fm_spf",
      "provider": "provider[\"registry.terraform.io/hashicorp/aws\"]",
      "instances": [
        {
          "schema_version": 2,
          "attributes": {
            "alias": [],
            "allow_overwrite": null,
            "failover_routing_policy": [],
            "fqdn": "thesocialwatcher.com",
            "geolocation_routing_policy": [],
            "health_check_id": "",
            "id": "Z08416353R04GYXPVORM0_thesocialwatcher.com_TXT",
            "latency_routing_policy": [],
            "multivalue_answer_routing_policy": null,
            "name": "thesocialwatcher.com",
            "records": [
              "v=spf1 include:spf.messagingengine.com ?all"
            ],
            "set_identifier": "",
            "ttl": 3600,
            "type": "TXT",
            "weighted_routing_policy": [],
            "zone_id": "Z08416353R04GYXPVORM0"
          },
          "sensitive_attributes": [],
          "private": "eyJzY2hlbWFfdmVyc2lvbiI6IjIifQ==",
          "dependencies": [
            "aws_route53_zone.main"
          ]
        }
      ]
    },
    {
      "mode": "managed",
      "type": "aws_route53_record",
      "name": "main-a",
      "provider": "provider[\"registry.terraform.io/hashicorp/aws\"]",
      "instances": [
        {
          "schema_version": 2,
          "attributes": {
            "alias": [
              {
                "evaluate_target_health": false,
                "name": "d2r5id69pzx1ip.cloudfront.net",
                "zone_id": "Z2FDTNDATAQYW2"
              }
            ],
            "allow_overwrite": true,
            "failover_routing_policy": [],
            "fqdn": "thesocialwatcher.com",
            "geolocation_routing_policy": [],
            "health_check_id": "",
            "id": "Z08416353R04GYXPVORM0_thesocialwatcher.com_A",
            "latency_routing_policy": [],
            "multivalue_answer_routing_policy": null,
            "name": "thesocialwatcher.com",
            "records": [],
            "set_identifier": "",
            "ttl": 0,
            "type": "A",
            "weighted_routing_policy": [],
            "zone_id": "Z08416353R04GYXPVORM0"
          },
          "sensitive_attributes": [],
          "private": "eyJzY2hlbWFfdmVyc2lvbiI6IjIifQ==",
          "dependencies": [
            "aws_acm_certificate.main",
            "aws_acm_certificate_validation.main",
            "aws_cloudfront_distribution.s3_distribution",
            "aws_cloudfront_origin_access_identity.fe_origin",
            "aws_route53_record.validation",
            "aws_route53_zone.main",
            "aws_s3_bucket.fe_page",
            "aws_s3_bucket.frontent_logs"
          ]
        }
      ]
    },
    {
      "mode": "managed",
      "type": "aws_route53_record",
      "name": "main-ns",
      "provider": "provider[\"registry.terraform.io/hashicorp/aws\"]",
      "instances": [
        {
          "schema_version": 2,
          "attributes": {
            "alias": [],
            "allow_overwrite": true,
            "failover_routing_policy": [],
            "fqdn": "thesocialwatcher.com",
            "geolocation_routing_policy": [],
            "health_check_id": "",
            "id": "Z08416353R04GYXPVORM0_thesocialwatcher.com_NS",
            "latency_routing_policy": [],
            "multivalue_answer_routing_policy": null,
            "name": "thesocialwatcher.com",
            "records": [
              "ns-1224.awsdns-25.org",
              "ns-176.awsdns-22.com",
              "ns-1879.awsdns-42.co.uk",
              "ns-524.awsdns-01.net"
            ],
            "set_identifier": "",
            "ttl": 1800,
            "type": "NS",
            "weighted_routing_policy": [],
            "zone_id": "Z08416353R04GYXPVORM0"
          },
          "sensitive_attributes": [],
          "private": "eyJzY2hlbWFfdmVyc2lvbiI6IjIifQ==",
          "dependencies": [
            "aws_route53_zone.main"
          ]
        }
      ]
    },
    {
      "mode": "managed",
      "type": "aws_route53_record",
      "name": "main_amazonses_verification_record",
      "provider": "provider[\"registry.terraform.io/hashicorp/aws\"]",
      "instances": [
        {
          "schema_version": 2,
          "attributes": {
            "alias": [],
            "allow_overwrite": null,
            "failover_routing_policy": [],
            "fqdn": "_amazonses.thesocialwatcher.com",
            "geolocation_routing_policy": [],
            "health_check_id": "",
            "id": "Z08416353R04GYXPVORM0__amazonses.thesocialwatcher.com_TXT",
            "latency_routing_policy": [],
            "multivalue_answer_routing_policy": null,
            "name": "_amazonses.thesocialwatcher.com",
            "records": [
              "iaRNYw3SKCIbbhaUR9OR1NwuWdqRawazvdSnoohDnhA="
            ],
            "set_identifier": "",
            "ttl": 600,
            "type": "TXT",
            "weighted_routing_policy": [],
            "zone_id": "Z08416353R04GYXPVORM0"
          },
          "sensitive_attributes": [],
          "private": "eyJzY2hlbWFfdmVyc2lvbiI6IjIifQ==",
          "dependencies": [
            "aws_route53_zone.main",
            "aws_ses_domain_identity.main"
          ]
        }
      ]
    },
    {
      "mode": "managed",
      "type": "aws_route53_record",
      "name": "validation",
      "provider": "provider[\"registry.terraform.io/hashicorp/aws\"]",
      "instances": [
        {
          "index_key": "thesocialwatcher.com",
          "schema_version": 2,
          "attributes": {
            "alias": [],
            "allow_overwrite": true,
            "failover_routing_policy": [],
            "fqdn": "_7b438f0212ac41430a0971c7fc0a6c07.thesocialwatcher.com",
            "geolocation_routing_policy": [],
            "health_check_id": "",
            "id": "Z08416353R04GYXPVORM0__7b438f0212ac41430a0971c7fc0a6c07.thesocialwatcher.com._CNAME",
            "latency_routing_policy": [],
            "multivalue_answer_routing_policy": null,
            "name": "_7b438f0212ac41430a0971c7fc0a6c07.thesocialwatcher.com",
            "records": [
              "_f1aa2f07b334e8bb758121681bee2ba5.mvtxpqxpkb.acm-validations.aws."
            ],
            "set_identifier": "",
            "ttl": 60,
            "type": "CNAME",
            "weighted_routing_policy": [],
            "zone_id": "Z08416353R04GYXPVORM0"
          },
          "sensitive_attributes": [],
          "private": "eyJzY2hlbWFfdmVyc2lvbiI6IjIifQ==",
          "dependencies": [
            "aws_acm_certificate.main",
            "aws_route53_zone.main"
          ]
        }
      ]
    },
    {
      "mode": "managed",
      "type": "aws_route53_record",
      "name": "validation_www",
      "provider": "provider[\"registry.terraform.io/hashicorp/aws\"]",
      "instances": [
        {
          "index_key": "www.thesocialwatcher.com",
          "schema_version": 2,
          "attributes": {
            "alias": [],
            "allow_overwrite": true,
            "failover_routing_policy": [],
            "fqdn": "_6b9fee129dd81fb6e22f099c2c64ea08.www.thesocialwatcher.com",
            "geolocation_routing_policy": [],
            "health_check_id": "",
            "id": "Z08416353R04GYXPVORM0__6b9fee129dd81fb6e22f099c2c64ea08.www.thesocialwatcher.com._CNAME",
            "latency_routing_policy": [],
            "multivalue_answer_routing_policy": null,
            "name": "_6b9fee129dd81fb6e22f099c2c64ea08.www.thesocialwatcher.com",
            "records": [
              "_85ec866d989fcfad2694f08f6099601a.qqqfmgwtgn.acm-validations.aws."
            ],
            "set_identifier": "",
            "ttl": 60,
            "type": "CNAME",
            "weighted_routing_policy": [],
            "zone_id": "Z08416353R04GYXPVORM0"
          },
          "sensitive_attributes": [],
          "private": "eyJzY2hlbWFfdmVyc2lvbiI6IjIifQ==",
          "dependencies": [
            "aws_acm_certificate.www",
            "aws_route53_zone.main"
          ]
        }
      ]
    },
    {
      "mode": "managed",
      "type": "aws_route53_record",
      "name": "www-a",
      "provider": "provider[\"registry.terraform.io/hashicorp/aws\"]",
      "instances": [
        {
          "schema_version": 2,
          "attributes": {
            "alias": [
              {
                "evaluate_target_health": false,
                "name": "d2r5id69pzx1ip.cloudfront.net",
                "zone_id": "Z2FDTNDATAQYW2"
              }
            ],
            "allow_overwrite": true,
            "failover_routing_policy": [],
            "fqdn": "www.thesocialwatcher.com",
            "geolocation_routing_policy": [],
            "health_check_id": "",
            "id": "Z08416353R04GYXPVORM0_www.thesocialwatcher.com_A",
            "latency_routing_policy": [],
            "multivalue_answer_routing_policy": null,
            "name": "www.thesocialwatcher.com",
            "records": [],
            "set_identifier": "",
            "ttl": 0,
            "type": "A",
            "weighted_routing_policy": [],
            "zone_id": "Z08416353R04GYXPVORM0"
          },
          "sensitive_attributes": [],
          "private": "eyJzY2hlbWFfdmVyc2lvbiI6IjIifQ==",
          "dependencies": [
            "aws_acm_certificate.main",
            "aws_acm_certificate_validation.main",
            "aws_cloudfront_distribution.s3_distribution",
            "aws_cloudfront_origin_access_identity.fe_origin",
            "aws_route53_record.validation",
            "aws_route53_zone.main",
            "aws_s3_bucket.fe_page",
            "aws_s3_bucket.frontent_logs"
          ]
        }
      ]
    },
    {
      "mode": "managed",
      "type": "aws_route53_zone",
      "name": "main",
      "provider": "provider[\"registry.terraform.io/hashicorp/aws\"]",
      "instances": [
        {
          "schema_version": 0,
          "attributes": {
            "comment": "Managed by Terraform",
            "delegation_set_id": "",
            "force_destroy": false,
            "id": "Z08416353R04GYXPVORM0",
            "name": "thesocialwatcher.com",
            "name_servers": [
              "ns-1224.awsdns-25.org",
              "ns-176.awsdns-22.com",
              "ns-1879.awsdns-42.co.uk",
              "ns-524.awsdns-01.net"
            ],
            "tags": {
              "project": "social watcher"
            },
            "tags_all": {
              "project": "social watcher"
            },
            "vpc": [],
            "zone_id": "Z08416353R04GYXPVORM0"
          },
          "sensitive_attributes": [],
          "private": "bnVsbA=="
        }
      ]
    },
    {
      "mode": "managed",
      "type": "aws_s3_bucket",
      "name": "fe_page",
      "provider": "provider[\"registry.terraform.io/hashicorp/aws\"]",
      "instances": [
        {
          "schema_version": 0,
          "attributes": {
            "acceleration_status": "",
            "acl": "private",
            "arn": "arn:aws:s3:::fe-page",
            "bucket": "fe-page",
            "bucket_domain_name": "fe-page.s3.amazonaws.com",
            "bucket_prefix": null,
            "bucket_regional_domain_name": "fe-page.s3.amazonaws.com",
            "cors_rule": [],
            "force_destroy": false,
            "grant": [],
            "hosted_zone_id": "Z3AQBSTGFYJSTF",
            "id": "fe-page",
            "lifecycle_rule": [],
            "logging": [],
            "object_lock_configuration": [],
            "policy": null,
            "region": "us-east-1",
            "replication_configuration": [],
            "request_payer": "BucketOwner",
            "server_side_encryption_configuration": [],
            "tags": {
              "project": "social watcher"
            },
            "tags_all": {
              "project": "social watcher"
            },
            "versioning": [
              {
                "enabled": false,
                "mfa_delete": false
              }
            ],
            "website": [],
            "website_domain": null,
            "website_endpoint": null
          },
          "sensitive_attributes": [],
          "private": "bnVsbA=="
        }
      ]
    },
    {
      "mode": "managed",
      "type": "aws_s3_bucket",
      "name": "frontent_logs",
      "provider": "provider[\"registry.terraform.io/hashicorp/aws\"]",
      "instances": [
        {
          "schema_version": 0,
          "attributes": {
            "acceleration_status": "",
            "acl": "private",
            "arn": "arn:aws:s3:::sw-frontent-logs",
            "bucket": "sw-frontent-logs",
            "bucket_domain_name": "sw-frontent-logs.s3.amazonaws.com",
            "bucket_prefix": null,
            "bucket_regional_domain_name": "sw-frontent-logs.s3.amazonaws.com",
            "cors_rule": [],
            "force_destroy": false,
            "grant": [],
            "hosted_zone_id": "Z3AQBSTGFYJSTF",
            "id": "sw-frontent-logs",
            "lifecycle_rule": [],
            "logging": [],
            "object_lock_configuration": [],
            "policy": null,
            "region": "us-east-1",
            "replication_configuration": [],
            "request_payer": "BucketOwner",
            "server_side_encryption_configuration": [],
            "tags": {
              "project": "social watcher"
            },
            "tags_all": {
              "project": "social watcher"
            },
            "versioning": [
              {
                "enabled": false,
                "mfa_delete": false
              }
            ],
            "website": [],
            "website_domain": null,
            "website_endpoint": null
          },
          "sensitive_attributes": [],
          "private": "bnVsbA=="
        }
      ]
    },
    {
      "mode": "managed",
      "type": "aws_s3_bucket_policy",
      "name": "fe_page",
      "provider": "provider[\"registry.terraform.io/hashicorp/aws\"]",
      "instances": [
        {
          "schema_version": 0,
          "attributes": {
            "bucket": "fe-page",
            "id": "fe-page",
            "policy": "{\"Version\":\"2012-10-17\",\"Statement\":[{\"Sid\":\"\",\"Effect\":\"Allow\",\"Principal\":{\"AWS\":\"arn:aws:iam::cloudfront:user/CloudFront Origin Access Identity ES8QZJ9X9KSZY\"},\"Action\":\"s3:GetObject\",\"Resource\":\"arn:aws:s3:::fe-page/*\"}]}"
          },
          "sensitive_attributes": [],
          "private": "bnVsbA==",
          "dependencies": [
            "aws_cloudfront_origin_access_identity.fe_origin",
            "aws_s3_bucket.fe_page",
            "data.aws_iam_policy_document.fe_page_s3_policy"
          ]
        }
      ]
    },
    {
      "mode": "managed",
      "type": "aws_ses_domain_identity",
      "name": "main",
      "provider": "provider[\"registry.terraform.io/hashicorp/aws\"]",
      "instances": [
        {
          "schema_version": 0,
          "attributes": {
            "arn": "arn:aws:ses:us-east-1:317887603465:identity/thesocialwatcher.com",
            "domain": "thesocialwatcher.com",
            "id": "thesocialwatcher.com",
            "verification_token": "iaRNYw3SKCIbbhaUR9OR1NwuWdqRawazvdSnoohDnhA="
          },
          "sensitive_attributes": [],
          "private": "bnVsbA=="
        }
      ]
    },
    {
      "mode": "managed",
      "type": "aws_ses_domain_identity_verification",
      "name": "main_verification",
      "provider": "provider[\"registry.terraform.io/hashicorp/aws\"]",
      "instances": [
        {
          "schema_version": 0,
          "attributes": {
            "arn": "arn:aws:ses:us-east-1:317887603465:identity/thesocialwatcher.com",
            "domain": "thesocialwatcher.com",
            "id": "thesocialwatcher.com",
            "timeouts": null
          },
          "sensitive_attributes": [],
          "private": "eyJlMmJmYjczMC1lY2FhLTExZTYtOGY4OC0zNDM2M2JjN2M0YzAiOnsiY3JlYXRlIjoyNzAwMDAwMDAwMDAwfX0=",
          "dependencies": [
            "aws_route53_record.main_amazonses_verification_record",
            "aws_route53_zone.main",
            "aws_ses_domain_identity.main"
          ]
        }
      ]
    }
  ]
}
